// !$*UTF8*$!
{
	archiveVersion = 1;
	classes = {
	};
	objectVersion = 46;
	objects = {

/* Begin PBXBuildFile section */
		8C023B4E1631A98D00744302 /* UIWebView+Activity.m in Sources */ = {isa = PBXBuildFile; fileRef = 8C023B4D1631A98D00744302 /* UIWebView+Activity.m */; };
		8C1CCF4B16E4BD17009B25A0 /* NSString+Numeric.m in Sources */ = {isa = PBXBuildFile; fileRef = 8C1CCF4A16E4BD17009B25A0 /* NSString+Numeric.m */; };
		8C2C55A2146750E70065A877 /* UIKit.framework in Frameworks */ = {isa = PBXBuildFile; fileRef = 8C2C55A1146750E70065A877 /* UIKit.framework */; };
		8C2C55A4146750E70065A877 /* Foundation.framework in Frameworks */ = {isa = PBXBuildFile; fileRef = 8C2C55A3146750E70065A877 /* Foundation.framework */; };
		8C2C55A6146750E70065A877 /* CoreGraphics.framework in Frameworks */ = {isa = PBXBuildFile; fileRef = 8C2C55A5146750E70065A877 /* CoreGraphics.framework */; };
		8C2C55AC146750E70065A877 /* InfoPlist.strings in Resources */ = {isa = PBXBuildFile; fileRef = 8C2C55AA146750E70065A877 /* InfoPlist.strings */; };
		8C2C55AE146750E70065A877 /* main.m in Sources */ = {isa = PBXBuildFile; fileRef = 8C2C55AD146750E70065A877 /* main.m */; };
		8C2C55B2146750E70065A877 /* AppDelegate.m in Sources */ = {isa = PBXBuildFile; fileRef = 8C2C55B1146750E70065A877 /* AppDelegate.m */; };
		8C4D3D0A1467549D0093F771 /* ViewController.m in Sources */ = {isa = PBXBuildFile; fileRef = 8C4D3D091467549D0093F771 /* ViewController.m */; };
		8C4D3D14146756170093F771 /* ViewController_iPad.xib in Resources */ = {isa = PBXBuildFile; fileRef = 8C4D3D0C146756170093F771 /* ViewController_iPad.xib */; };
		8C4D3D15146756170093F771 /* ViewController_iPhone.xib in Resources */ = {isa = PBXBuildFile; fileRef = 8C4D3D0E146756170093F771 /* ViewController_iPhone.xib */; };
		8C4D3D16146756170093F771 /* Window_iPad.xib in Resources */ = {isa = PBXBuildFile; fileRef = 8C4D3D10146756170093F771 /* Window_iPad.xib */; };
		8C4D3D17146756170093F771 /* Window_iPhone.xib in Resources */ = {isa = PBXBuildFile; fileRef = 8C4D3D12146756170093F771 /* Window_iPhone.xib */; };
		8C53A2C81525CA34009C71A7 /* NSFileManager+UserDirectories.m in Sources */ = {isa = PBXBuildFile; fileRef = 8C53A2C71525CA34009C71A7 /* NSFileManager+UserDirectories.m */; };
		8C7126CB1467517100C03BD2 /* KSCheckView.m in Sources */ = {isa = PBXBuildFile; fileRef = 8C7126CA1467517100C03BD2 /* KSCheckView.m */; };
		8C7126D9146751A300C03BD2 /* KSEditEnder.m in Sources */ = {isa = PBXBuildFile; fileRef = 8C7126D1146751A300C03BD2 /* KSEditEnder.m */; };
		8C7126DB146751A300C03BD2 /* KSSheetView.m in Sources */ = {isa = PBXBuildFile; fileRef = 8C7126D7146751A300C03BD2 /* KSSheetView.m */; };
		8C8577B2181AD15F0028290A /* NSArray+Varargs.m in Sources */ = {isa = PBXBuildFile; fileRef = 8C8577B1181AD15F0028290A /* NSArray+Varargs.m */; };
		8CA7D63D146D828C0042648E /* MKMapView+Zoom.m in Sources */ = {isa = PBXBuildFile; fileRef = 8CA7D63C146D828C0042648E /* MKMapView+Zoom.m */; };
		8CA7D641146D84810042648E /* VC_MKMapView_Zoom.m in Sources */ = {isa = PBXBuildFile; fileRef = 8CA7D640146D84810042648E /* VC_MKMapView_Zoom.m */; };
		8CA7D643146D84B60042648E /* MapKit.framework in Frameworks */ = {isa = PBXBuildFile; fileRef = 8CA7D642146D84B60042648E /* MapKit.framework */; };
		8CA7D645146D84E60042648E /* CoreLocation.framework in Frameworks */ = {isa = PBXBuildFile; fileRef = 8CA7D644146D84E60042648E /* CoreLocation.framework */; };
		8CA7D649146D98E50042648E /* KSBasicMapAnnotation.m in Sources */ = {isa = PBXBuildFile; fileRef = 8CA7D648146D98E50042648E /* KSBasicMapAnnotation.m */; };
		8CABAF95146AC9DC0056D831 /* VC_NSString_DateConversion.m in Sources */ = {isa = PBXBuildFile; fileRef = 8CABAF91146AC9DC0056D831 /* VC_NSString_DateConversion.m */; };
		8CABAF96146AC9DC0056D831 /* VC_UIBarButtonItem_CustomImage.m in Sources */ = {isa = PBXBuildFile; fileRef = 8CABAF94146AC9DC0056D831 /* VC_UIBarButtonItem_CustomImage.m */; };
		8CABAF9D146AD2440056D831 /* NSString+DateConversion.m in Sources */ = {isa = PBXBuildFile; fileRef = 8CABAF99146AD2440056D831 /* NSString+DateConversion.m */; };
		8CABAF9E146AD2440056D831 /* UIBarButtonItem+CustomImage.m in Sources */ = {isa = PBXBuildFile; fileRef = 8CABAF9C146AD2440056D831 /* UIBarButtonItem+CustomImage.m */; };
		8CABAFB0146AD26D0056D831 /* VC_KSCheckView.m in Sources */ = {isa = PBXBuildFile; fileRef = 8CABAFA5146AD26D0056D831 /* VC_KSCheckView.m */; };
		8CABAFB1146AD26D0056D831 /* VC_KSEditEnder.m in Sources */ = {isa = PBXBuildFile; fileRef = 8CABAFA8146AD26D0056D831 /* VC_KSEditEnder.m */; };
		8CABAFB3146AD26D0056D831 /* VC_KSSheetView.m in Sources */ = {isa = PBXBuildFile; fileRef = 8CABAFAE146AD26D0056D831 /* VC_KSSheetView.m */; };
		8CABAFB8146AD3120056D831 /* ItemBackgroundImage.png in Resources */ = {isa = PBXBuildFile; fileRef = 8CABAFB4146AD3120056D831 /* ItemBackgroundImage.png */; };
		8CABAFB9146AD3120056D831 /* ItemBackgroundImage@2x.png in Resources */ = {isa = PBXBuildFile; fileRef = 8CABAFB5146AD3120056D831 /* ItemBackgroundImage@2x.png */; };
		8CABAFBA146AD3120056D831 /* ItemImage.png in Resources */ = {isa = PBXBuildFile; fileRef = 8CABAFB6146AD3120056D831 /* ItemImage.png */; };
		8CABAFBB146AD3120056D831 /* ItemImage@2x.png in Resources */ = {isa = PBXBuildFile; fileRef = 8CABAFB7146AD3120056D831 /* ItemImage@2x.png */; };
		8CB228181591455400965996 /* UIColor+Darkening.m in Sources */ = {isa = PBXBuildFile; fileRef = 8CB228171591455400965996 /* UIColor+Darkening.m */; };
		8CCC9725151FE1870085C7EE /* NSString+Random.m in Sources */ = {isa = PBXBuildFile; fileRef = 8CCC9724151FE1870085C7EE /* NSString+Random.m */; };
		8CCC972A151FE1ED0085C7EE /* VC_NSString_Random.m in Sources */ = {isa = PBXBuildFile; fileRef = 8CCC9729151FE1ED0085C7EE /* VC_NSString_Random.m */; };
		8CD055AC14730BA9001A3EF5 /* NSString+Digest.m in Sources */ = {isa = PBXBuildFile; fileRef = 8CD055AB14730BA9001A3EF5 /* NSString+Digest.m */; };
		8CD055B114730C12001A3EF5 /* VC_NSString_Digest.m in Sources */ = {isa = PBXBuildFile; fileRef = 8CD055B014730C12001A3EF5 /* VC_NSString_Digest.m */; };
		8CE7FDB0158DDE6500844C59 /* NSArray+Occurrences.m in Sources */ = {isa = PBXBuildFile; fileRef = 8CE7FDAF158DDE6500844C59 /* NSArray+Occurrences.m */; };
		8CEA567314C7735000453958 /* NSTimer+Pause.m in Sources */ = {isa = PBXBuildFile; fileRef = 8CEA567214C7735000453958 /* NSTimer+Pause.m */; };
		8CEA567714C7796600453958 /* VC_NSTimer_Pause.m in Sources */ = {isa = PBXBuildFile; fileRef = 8CEA567614C7796600453958 /* VC_NSTimer_Pause.m */; };
		8CEF14751599011D00F007AC /* UIScrollView+Shortcuts.m in Sources */ = {isa = PBXBuildFile; fileRef = 8CEF14741599011D00F007AC /* UIScrollView+Shortcuts.m */; };
		8CFBD72314C27E940041D042 /* UIAcceleration+DeviceAngle.m in Sources */ = {isa = PBXBuildFile; fileRef = 8CFBD72214C27E940041D042 /* UIAcceleration+DeviceAngle.m */; };
		8CFBD72714C280210041D042 /* VC_UIAcceleration_DeviceAngle.m in Sources */ = {isa = PBXBuildFile; fileRef = 8CFBD72614C280210041D042 /* VC_UIAcceleration_DeviceAngle.m */; };
		8CFBD72F14C2884C0041D042 /* NSMutableArray+Shuffling.m in Sources */ = {isa = PBXBuildFile; fileRef = 8CFBD72E14C2884C0041D042 /* NSMutableArray+Shuffling.m */; };
		8CFBD73614C288750041D042 /* VC_NSMutableArray_Shuffling.m in Sources */ = {isa = PBXBuildFile; fileRef = 8CFBD73514C288750041D042 /* VC_NSMutableArray_Shuffling.m */; };
/* End PBXBuildFile section */

/* Begin PBXFileReference section */
		8C023B4C1631A98D00744302 /* UIWebView+Activity.h */ = {isa = PBXFileReference; fileEncoding = 4; lastKnownFileType = sourcecode.c.h; path = "UIWebView+Activity.h"; sourceTree = "<group>"; };
		8C023B4D1631A98D00744302 /* UIWebView+Activity.m */ = {isa = PBXFileReference; fileEncoding = 4; lastKnownFileType = sourcecode.c.objc; path = "UIWebView+Activity.m"; sourceTree = "<group>"; };
		8C1CCF4916E4BD17009B25A0 /* NSString+Numeric.h */ = {isa = PBXFileReference; fileEncoding = 4; lastKnownFileType = sourcecode.c.h; path = "NSString+Numeric.h"; sourceTree = "<group>"; };
		8C1CCF4A16E4BD17009B25A0 /* NSString+Numeric.m */ = {isa = PBXFileReference; fileEncoding = 4; lastKnownFileType = sourcecode.c.objc; path = "NSString+Numeric.m"; sourceTree = "<group>"; };
		8C2C559D146750E70065A877 /* ComponentsDemo.app */ = {isa = PBXFileReference; explicitFileType = wrapper.application; includeInIndex = 0; path = ComponentsDemo.app; sourceTree = BUILT_PRODUCTS_DIR; };
		8C2C55A1146750E70065A877 /* UIKit.framework */ = {isa = PBXFileReference; lastKnownFileType = wrapper.framework; name = UIKit.framework; path = System/Library/Frameworks/UIKit.framework; sourceTree = SDKROOT; };
		8C2C55A3146750E70065A877 /* Foundation.framework */ = {isa = PBXFileReference; lastKnownFileType = wrapper.framework; name = Foundation.framework; path = System/Library/Frameworks/Foundation.framework; sourceTree = SDKROOT; };
		8C2C55A5146750E70065A877 /* CoreGraphics.framework */ = {isa = PBXFileReference; lastKnownFileType = wrapper.framework; name = CoreGraphics.framework; path = System/Library/Frameworks/CoreGraphics.framework; sourceTree = SDKROOT; };
		8C2C55A9146750E70065A877 /* ComponentsDemo-Info.plist */ = {isa = PBXFileReference; lastKnownFileType = text.plist.xml; path = "ComponentsDemo-Info.plist"; sourceTree = "<group>"; };
		8C2C55AB146750E70065A877 /* en */ = {isa = PBXFileReference; lastKnownFileType = text.plist.strings; name = en; path = en.lproj/InfoPlist.strings; sourceTree = "<group>"; };
		8C2C55AD146750E70065A877 /* main.m */ = {isa = PBXFileReference; lastKnownFileType = sourcecode.c.objc; path = main.m; sourceTree = "<group>"; };
		8C2C55AF146750E70065A877 /* ComponentsDemo-Prefix.pch */ = {isa = PBXFileReference; lastKnownFileType = sourcecode.c.h; path = "ComponentsDemo-Prefix.pch"; sourceTree = "<group>"; };
		8C2C55B0146750E70065A877 /* AppDelegate.h */ = {isa = PBXFileReference; lastKnownFileType = sourcecode.c.h; path = AppDelegate.h; sourceTree = "<group>"; };
		8C2C55B1146750E70065A877 /* AppDelegate.m */ = {isa = PBXFileReference; lastKnownFileType = sourcecode.c.objc; path = AppDelegate.m; sourceTree = "<group>"; };
		8C4D3D081467549D0093F771 /* ViewController.h */ = {isa = PBXFileReference; fileEncoding = 4; lastKnownFileType = sourcecode.c.h; path = ViewController.h; sourceTree = "<group>"; };
		8C4D3D091467549D0093F771 /* ViewController.m */ = {isa = PBXFileReference; fileEncoding = 4; lastKnownFileType = sourcecode.c.objc; path = ViewController.m; sourceTree = "<group>"; };
		8C4D3D0D146756170093F771 /* en */ = {isa = PBXFileReference; lastKnownFileType = file.xib; name = en; path = en.lproj/ViewController_iPad.xib; sourceTree = "<group>"; };
		8C4D3D0F146756170093F771 /* en */ = {isa = PBXFileReference; lastKnownFileType = file.xib; name = en; path = en.lproj/ViewController_iPhone.xib; sourceTree = "<group>"; };
		8C4D3D11146756170093F771 /* en */ = {isa = PBXFileReference; lastKnownFileType = file.xib; name = en; path = en.lproj/Window_iPad.xib; sourceTree = "<group>"; };
		8C4D3D13146756170093F771 /* en */ = {isa = PBXFileReference; lastKnownFileType = file.xib; name = en; path = en.lproj/Window_iPhone.xib; sourceTree = "<group>"; };
		8C53A2C61525CA34009C71A7 /* NSFileManager+UserDirectories.h */ = {isa = PBXFileReference; fileEncoding = 4; lastKnownFileType = sourcecode.c.h; path = "NSFileManager+UserDirectories.h"; sourceTree = "<group>"; };
		8C53A2C71525CA34009C71A7 /* NSFileManager+UserDirectories.m */ = {isa = PBXFileReference; fileEncoding = 4; lastKnownFileType = sourcecode.c.objc; path = "NSFileManager+UserDirectories.m"; sourceTree = "<group>"; };
		8C7126C91467517100C03BD2 /* KSCheckView.h */ = {isa = PBXFileReference; fileEncoding = 4; lastKnownFileType = sourcecode.c.h; path = KSCheckView.h; sourceTree = "<group>"; };
		8C7126CA1467517100C03BD2 /* KSCheckView.m */ = {isa = PBXFileReference; fileEncoding = 4; lastKnownFileType = sourcecode.c.objc; path = KSCheckView.m; sourceTree = "<group>"; };
		8C7126D0146751A300C03BD2 /* KSEditEnder.h */ = {isa = PBXFileReference; fileEncoding = 4; lastKnownFileType = sourcecode.c.h; path = KSEditEnder.h; sourceTree = "<group>"; };
		8C7126D1146751A300C03BD2 /* KSEditEnder.m */ = {isa = PBXFileReference; fileEncoding = 4; lastKnownFileType = sourcecode.c.objc; path = KSEditEnder.m; sourceTree = "<group>"; };
		8C7126D6146751A300C03BD2 /* KSSheetView.h */ = {isa = PBXFileReference; fileEncoding = 4; lastKnownFileType = sourcecode.c.h; path = KSSheetView.h; sourceTree = "<group>"; };
		8C7126D7146751A300C03BD2 /* KSSheetView.m */ = {isa = PBXFileReference; fileEncoding = 4; lastKnownFileType = sourcecode.c.objc; path = KSSheetView.m; sourceTree = "<group>"; };
		8C8577B0181AD15F0028290A /* NSArray+Varargs.h */ = {isa = PBXFileReference; fileEncoding = 4; lastKnownFileType = sourcecode.c.h; path = "NSArray+Varargs.h"; sourceTree = "<group>"; };
		8C8577B1181AD15F0028290A /* NSArray+Varargs.m */ = {isa = PBXFileReference; fileEncoding = 4; lastKnownFileType = sourcecode.c.objc; path = "NSArray+Varargs.m"; sourceTree = "<group>"; };
		8CA7D63B146D828C0042648E /* MKMapView+Zoom.h */ = {isa = PBXFileReference; fileEncoding = 4; lastKnownFileType = sourcecode.c.h; path = "MKMapView+Zoom.h"; sourceTree = "<group>"; };
		8CA7D63C146D828C0042648E /* MKMapView+Zoom.m */ = {isa = PBXFileReference; fileEncoding = 4; lastKnownFileType = sourcecode.c.objc; path = "MKMapView+Zoom.m"; sourceTree = "<group>"; };
		8CA7D63F146D84810042648E /* VC_MKMapView_Zoom.h */ = {isa = PBXFileReference; fileEncoding = 4; lastKnownFileType = sourcecode.c.h; path = VC_MKMapView_Zoom.h; sourceTree = "<group>"; };
		8CA7D640146D84810042648E /* VC_MKMapView_Zoom.m */ = {isa = PBXFileReference; fileEncoding = 4; lastKnownFileType = sourcecode.c.objc; path = VC_MKMapView_Zoom.m; sourceTree = "<group>"; };
		8CA7D642146D84B60042648E /* MapKit.framework */ = {isa = PBXFileReference; lastKnownFileType = wrapper.framework; name = MapKit.framework; path = System/Library/Frameworks/MapKit.framework; sourceTree = SDKROOT; };
		8CA7D644146D84E60042648E /* CoreLocation.framework */ = {isa = PBXFileReference; lastKnownFileType = wrapper.framework; name = CoreLocation.framework; path = System/Library/Frameworks/CoreLocation.framework; sourceTree = SDKROOT; };
		8CA7D647146D98E50042648E /* KSBasicMapAnnotation.h */ = {isa = PBXFileReference; fileEncoding = 4; lastKnownFileType = sourcecode.c.h; path = KSBasicMapAnnotation.h; sourceTree = "<group>"; };
		8CA7D648146D98E50042648E /* KSBasicMapAnnotation.m */ = {isa = PBXFileReference; fileEncoding = 4; lastKnownFileType = sourcecode.c.objc; path = KSBasicMapAnnotation.m; sourceTree = "<group>"; };
		8CABAF90146AC9DC0056D831 /* VC_NSString_DateConversion.h */ = {isa = PBXFileReference; fileEncoding = 4; lastKnownFileType = sourcecode.c.h; path = VC_NSString_DateConversion.h; sourceTree = "<group>"; };
		8CABAF91146AC9DC0056D831 /* VC_NSString_DateConversion.m */ = {isa = PBXFileReference; fileEncoding = 4; lastKnownFileType = sourcecode.c.objc; path = VC_NSString_DateConversion.m; sourceTree = "<group>"; };
		8CABAF93146AC9DC0056D831 /* VC_UIBarButtonItem_CustomImage.h */ = {isa = PBXFileReference; fileEncoding = 4; lastKnownFileType = sourcecode.c.h; path = VC_UIBarButtonItem_CustomImage.h; sourceTree = "<group>"; };
		8CABAF94146AC9DC0056D831 /* VC_UIBarButtonItem_CustomImage.m */ = {isa = PBXFileReference; fileEncoding = 4; lastKnownFileType = sourcecode.c.objc; path = VC_UIBarButtonItem_CustomImage.m; sourceTree = "<group>"; };
		8CABAF98146AD2440056D831 /* NSString+DateConversion.h */ = {isa = PBXFileReference; fileEncoding = 4; lastKnownFileType = sourcecode.c.h; path = "NSString+DateConversion.h"; sourceTree = "<group>"; };
		8CABAF99146AD2440056D831 /* NSString+DateConversion.m */ = {isa = PBXFileReference; fileEncoding = 4; lastKnownFileType = sourcecode.c.objc; path = "NSString+DateConversion.m"; sourceTree = "<group>"; };
		8CABAF9B146AD2440056D831 /* UIBarButtonItem+CustomImage.h */ = {isa = PBXFileReference; fileEncoding = 4; lastKnownFileType = sourcecode.c.h; path = "UIBarButtonItem+CustomImage.h"; sourceTree = "<group>"; };
		8CABAF9C146AD2440056D831 /* UIBarButtonItem+CustomImage.m */ = {isa = PBXFileReference; fileEncoding = 4; lastKnownFileType = sourcecode.c.objc; path = "UIBarButtonItem+CustomImage.m"; sourceTree = "<group>"; };
		8CABAFA4146AD26D0056D831 /* VC_KSCheckView.h */ = {isa = PBXFileReference; fileEncoding = 4; lastKnownFileType = sourcecode.c.h; path = VC_KSCheckView.h; sourceTree = "<group>"; };
		8CABAFA5146AD26D0056D831 /* VC_KSCheckView.m */ = {isa = PBXFileReference; fileEncoding = 4; lastKnownFileType = sourcecode.c.objc; path = VC_KSCheckView.m; sourceTree = "<group>"; };
		8CABAFA7146AD26D0056D831 /* VC_KSEditEnder.h */ = {isa = PBXFileReference; fileEncoding = 4; lastKnownFileType = sourcecode.c.h; path = VC_KSEditEnder.h; sourceTree = "<group>"; };
		8CABAFA8146AD26D0056D831 /* VC_KSEditEnder.m */ = {isa = PBXFileReference; fileEncoding = 4; lastKnownFileType = sourcecode.c.objc; path = VC_KSEditEnder.m; sourceTree = "<group>"; };
		8CABAFAD146AD26D0056D831 /* VC_KSSheetView.h */ = {isa = PBXFileReference; fileEncoding = 4; lastKnownFileType = sourcecode.c.h; path = VC_KSSheetView.h; sourceTree = "<group>"; };
		8CABAFAE146AD26D0056D831 /* VC_KSSheetView.m */ = {isa = PBXFileReference; fileEncoding = 4; lastKnownFileType = sourcecode.c.objc; path = VC_KSSheetView.m; sourceTree = "<group>"; };
		8CABAFB4146AD3120056D831 /* ItemBackgroundImage.png */ = {isa = PBXFileReference; lastKnownFileType = image.png; path = ItemBackgroundImage.png; sourceTree = "<group>"; };
		8CABAFB5146AD3120056D831 /* ItemBackgroundImage@2x.png */ = {isa = PBXFileReference; lastKnownFileType = image.png; path = "ItemBackgroundImage@2x.png"; sourceTree = "<group>"; };
		8CABAFB6146AD3120056D831 /* ItemImage.png */ = {isa = PBXFileReference; lastKnownFileType = image.png; path = ItemImage.png; sourceTree = "<group>"; };
		8CABAFB7146AD3120056D831 /* ItemImage@2x.png */ = {isa = PBXFileReference; lastKnownFileType = image.png; path = "ItemImage@2x.png"; sourceTree = "<group>"; };
		8CB228161591455400965996 /* UIColor+Darkening.h */ = {isa = PBXFileReference; fileEncoding = 4; lastKnownFileType = sourcecode.c.h; path = "UIColor+Darkening.h"; sourceTree = "<group>"; };
		8CB228171591455400965996 /* UIColor+Darkening.m */ = {isa = PBXFileReference; fileEncoding = 4; lastKnownFileType = sourcecode.c.objc; path = "UIColor+Darkening.m"; sourceTree = "<group>"; };
		8CC7F7401633411300A6511F /* ARCHelper.h */ = {isa = PBXFileReference; fileEncoding = 4; lastKnownFileType = sourcecode.c.h; name = ARCHelper.h; path = ../../ARCHelper.h; sourceTree = "<group>"; };
		8CCC9723151FE1870085C7EE /* NSString+Random.h */ = {isa = PBXFileReference; fileEncoding = 4; lastKnownFileType = sourcecode.c.h; path = "NSString+Random.h"; sourceTree = "<group>"; };
		8CCC9724151FE1870085C7EE /* NSString+Random.m */ = {isa = PBXFileReference; fileEncoding = 4; lastKnownFileType = sourcecode.c.objc; path = "NSString+Random.m"; sourceTree = "<group>"; };
		8CCC9728151FE1ED0085C7EE /* VC_NSString_Random.h */ = {isa = PBXFileReference; fileEncoding = 4; lastKnownFileType = sourcecode.c.h; path = VC_NSString_Random.h; sourceTree = "<group>"; };
		8CCC9729151FE1ED0085C7EE /* VC_NSString_Random.m */ = {isa = PBXFileReference; fileEncoding = 4; lastKnownFileType = sourcecode.c.objc; path = VC_NSString_Random.m; sourceTree = "<group>"; };
		8CD055AA14730BA9001A3EF5 /* NSString+Digest.h */ = {isa = PBXFileReference; fileEncoding = 4; lastKnownFileType = sourcecode.c.h; path = "NSString+Digest.h"; sourceTree = "<group>"; };
		8CD055AB14730BA9001A3EF5 /* NSString+Digest.m */ = {isa = PBXFileReference; fileEncoding = 4; lastKnownFileType = sourcecode.c.objc; path = "NSString+Digest.m"; sourceTree = "<group>"; };
		8CD055AF14730C12001A3EF5 /* VC_NSString_Digest.h */ = {isa = PBXFileReference; fileEncoding = 4; lastKnownFileType = sourcecode.c.h; path = VC_NSString_Digest.h; sourceTree = "<group>"; };
		8CD055B014730C12001A3EF5 /* VC_NSString_Digest.m */ = {isa = PBXFileReference; fileEncoding = 4; lastKnownFileType = sourcecode.c.objc; path = VC_NSString_Digest.m; sourceTree = "<group>"; };
		8CE7FDAE158DDE6500844C59 /* NSArray+Occurrences.h */ = {isa = PBXFileReference; fileEncoding = 4; lastKnownFileType = sourcecode.c.h; path = "NSArray+Occurrences.h"; sourceTree = "<group>"; };
		8CE7FDAF158DDE6500844C59 /* NSArray+Occurrences.m */ = {isa = PBXFileReference; fileEncoding = 4; lastKnownFileType = sourcecode.c.objc; path = "NSArray+Occurrences.m"; sourceTree = "<group>"; };
		8CEA567114C7735000453958 /* NSTimer+Pause.h */ = {isa = PBXFileReference; fileEncoding = 4; lastKnownFileType = sourcecode.c.h; path = "NSTimer+Pause.h"; sourceTree = "<group>"; };
		8CEA567214C7735000453958 /* NSTimer+Pause.m */ = {isa = PBXFileReference; fileEncoding = 4; lastKnownFileType = sourcecode.c.objc; path = "NSTimer+Pause.m"; sourceTree = "<group>"; };
		8CEA567514C7796600453958 /* VC_NSTimer_Pause.h */ = {isa = PBXFileReference; fileEncoding = 4; lastKnownFileType = sourcecode.c.h; path = VC_NSTimer_Pause.h; sourceTree = "<group>"; };
		8CEA567614C7796600453958 /* VC_NSTimer_Pause.m */ = {isa = PBXFileReference; fileEncoding = 4; lastKnownFileType = sourcecode.c.objc; path = VC_NSTimer_Pause.m; sourceTree = "<group>"; };
		8CEF14731599011D00F007AC /* UIScrollView+Shortcuts.h */ = {isa = PBXFileReference; fileEncoding = 4; lastKnownFileType = sourcecode.c.h; path = "UIScrollView+Shortcuts.h"; sourceTree = "<group>"; };
		8CEF14741599011D00F007AC /* UIScrollView+Shortcuts.m */ = {isa = PBXFileReference; fileEncoding = 4; lastKnownFileType = sourcecode.c.objc; path = "UIScrollView+Shortcuts.m"; sourceTree = "<group>"; };
		8CFBD72114C27E940041D042 /* UIAcceleration+DeviceAngle.h */ = {isa = PBXFileReference; fileEncoding = 4; lastKnownFileType = sourcecode.c.h; path = "UIAcceleration+DeviceAngle.h"; sourceTree = "<group>"; };
		8CFBD72214C27E940041D042 /* UIAcceleration+DeviceAngle.m */ = {isa = PBXFileReference; fileEncoding = 4; lastKnownFileType = sourcecode.c.objc; path = "UIAcceleration+DeviceAngle.m"; sourceTree = "<group>"; };
		8CFBD72514C280210041D042 /* VC_UIAcceleration_DeviceAngle.h */ = {isa = PBXFileReference; fileEncoding = 4; lastKnownFileType = sourcecode.c.h; path = VC_UIAcceleration_DeviceAngle.h; sourceTree = "<group>"; };
		8CFBD72614C280210041D042 /* VC_UIAcceleration_DeviceAngle.m */ = {isa = PBXFileReference; fileEncoding = 4; lastKnownFileType = sourcecode.c.objc; path = VC_UIAcceleration_DeviceAngle.m; sourceTree = "<group>"; };
		8CFBD72D14C2884C0041D042 /* NSMutableArray+Shuffling.h */ = {isa = PBXFileReference; fileEncoding = 4; lastKnownFileType = sourcecode.c.h; path = "NSMutableArray+Shuffling.h"; sourceTree = "<group>"; };
		8CFBD72E14C2884C0041D042 /* NSMutableArray+Shuffling.m */ = {isa = PBXFileReference; fileEncoding = 4; lastKnownFileType = sourcecode.c.objc; path = "NSMutableArray+Shuffling.m"; sourceTree = "<group>"; };
		8CFBD73414C288750041D042 /* VC_NSMutableArray_Shuffling.h */ = {isa = PBXFileReference; fileEncoding = 4; lastKnownFileType = sourcecode.c.h; path = VC_NSMutableArray_Shuffling.h; sourceTree = "<group>"; };
		8CFBD73514C288750041D042 /* VC_NSMutableArray_Shuffling.m */ = {isa = PBXFileReference; fileEncoding = 4; lastKnownFileType = sourcecode.c.objc; path = VC_NSMutableArray_Shuffling.m; sourceTree = "<group>"; };
/* End PBXFileReference section */

/* Begin PBXFrameworksBuildPhase section */
		8C2C559A146750E70065A877 /* Frameworks */ = {
			isa = PBXFrameworksBuildPhase;
			buildActionMask = 2147483647;
			files = (
				8C2C55A2146750E70065A877 /* UIKit.framework in Frameworks */,
				8C2C55A4146750E70065A877 /* Foundation.framework in Frameworks */,
				8C2C55A6146750E70065A877 /* CoreGraphics.framework in Frameworks */,
				8CA7D645146D84E60042648E /* CoreLocation.framework in Frameworks */,
				8CA7D643146D84B60042648E /* MapKit.framework in Frameworks */,
			);
			runOnlyForDeploymentPostprocessing = 0;
		};
/* End PBXFrameworksBuildPhase section */

/* Begin PBXGroup section */
		8C023B4A1631A97B00744302 /* UIWebView+Activity */ = {
			isa = PBXGroup;
			children = (
				8C023B4C1631A98D00744302 /* UIWebView+Activity.h */,
				8C023B4D1631A98D00744302 /* UIWebView+Activity.m */,
			);
			path = "UIWebView+Activity";
			sourceTree = "<group>";
		};
		8C1CCF4816E4BD17009B25A0 /* NSString+Numeric */ = {
			isa = PBXGroup;
			children = (
				8C1CCF4916E4BD17009B25A0 /* NSString+Numeric.h */,
				8C1CCF4A16E4BD17009B25A0 /* NSString+Numeric.m */,
			);
			path = "NSString+Numeric";
			sourceTree = "<group>";
		};
		8C2C5592146750E70065A877 = {
			isa = PBXGroup;
			children = (
				8C2C55A7146750E70065A877 /* ComponentsDemo */,
				8C2C55A0146750E70065A877 /* Frameworks */,
				8C2C559E146750E70065A877 /* Products */,
			);
			sourceTree = "<group>";
		};
		8C2C559E146750E70065A877 /* Products */ = {
			isa = PBXGroup;
			children = (
				8C2C559D146750E70065A877 /* ComponentsDemo.app */,
			);
			name = Products;
			sourceTree = "<group>";
		};
		8C2C55A0146750E70065A877 /* Frameworks */ = {
			isa = PBXGroup;
			children = (
				8C2C55A1146750E70065A877 /* UIKit.framework */,
				8C2C55A3146750E70065A877 /* Foundation.framework */,
				8C2C55A5146750E70065A877 /* CoreGraphics.framework */,
				8CA7D644146D84E60042648E /* CoreLocation.framework */,
				8CA7D642146D84B60042648E /* MapKit.framework */,
			);
			name = Frameworks;
			sourceTree = "<group>";
		};
		8C2C55A7146750E70065A877 /* ComponentsDemo */ = {
			isa = PBXGroup;
			children = (
				8C2C55B81467510A0065A877 /* Classes */,
				8CABAF7E146AC8C60056D831 /* Categories */,
				8C4D3D06146754690093F771 /* Tests */,
				8C2C55B0146750E70065A877 /* AppDelegate.h */,
				8C2C55B1146750E70065A877 /* AppDelegate.m */,
				8CC7F7401633411300A6511F /* ARCHelper.h */,
				8C4D3D081467549D0093F771 /* ViewController.h */,
				8C4D3D091467549D0093F771 /* ViewController.m */,
				8C4D3D0E146756170093F771 /* ViewController_iPhone.xib */,
				8C4D3D0C146756170093F771 /* ViewController_iPad.xib */,
				8C4D3D12146756170093F771 /* Window_iPhone.xib */,
				8C4D3D10146756170093F771 /* Window_iPad.xib */,
				8C2C55A8146750E70065A877 /* Supporting Files */,
			);
			path = ComponentsDemo;
			sourceTree = "<group>";
		};
		8C2C55A8146750E70065A877 /* Supporting Files */ = {
			isa = PBXGroup;
			children = (
				8C2C55A9146750E70065A877 /* ComponentsDemo-Info.plist */,
				8C2C55AA146750E70065A877 /* InfoPlist.strings */,
				8C2C55AD146750E70065A877 /* main.m */,
				8C2C55AF146750E70065A877 /* ComponentsDemo-Prefix.pch */,
			);
			name = "Supporting Files";
			sourceTree = "<group>";
		};
		8C2C55B81467510A0065A877 /* Classes */ = {
			isa = PBXGroup;
			children = (
				8CA7D646146D98C70042648E /* KSBasicMapAnnotation */,
				8C2C55B91467510A0065A877 /* KSCheckView */,
				8C7126CF146751A300C03BD2 /* KSEditEnder */,
				8C7126D5146751A300C03BD2 /* KSSheetView */,
			);
			name = Classes;
			path = ../../Classes;
			sourceTree = "<group>";
		};
		8C2C55B91467510A0065A877 /* KSCheckView */ = {
			isa = PBXGroup;
			children = (
				8C7126C91467517100C03BD2 /* KSCheckView.h */,
				8C7126CA1467517100C03BD2 /* KSCheckView.m */,
			);
			path = KSCheckView;
			sourceTree = "<group>";
		};
		8C4D3D06146754690093F771 /* Tests */ = {
			isa = PBXGroup;
			children = (
				8CABAF9F146AD26D0056D831 /* Classes */,
				8CABAF8E146AC9DC0056D831 /* Categories */,
			);
			path = Tests;
			sourceTree = "<group>";
		};
		8C53A2C41525CA1E009C71A7 /* NSFileManager+UserDirectories */ = {
			isa = PBXGroup;
			children = (
				8C53A2C61525CA34009C71A7 /* NSFileManager+UserDirectories.h */,
				8C53A2C71525CA34009C71A7 /* NSFileManager+UserDirectories.m */,
			);
			path = "NSFileManager+UserDirectories";
			sourceTree = "<group>";
		};
		8C7126CF146751A300C03BD2 /* KSEditEnder */ = {
			isa = PBXGroup;
			children = (
				8C7126D0146751A300C03BD2 /* KSEditEnder.h */,
				8C7126D1146751A300C03BD2 /* KSEditEnder.m */,
			);
			path = KSEditEnder;
			sourceTree = "<group>";
		};
		8C7126D5146751A300C03BD2 /* KSSheetView */ = {
			isa = PBXGroup;
			children = (
				8C7126D6146751A300C03BD2 /* KSSheetView.h */,
				8C7126D7146751A300C03BD2 /* KSSheetView.m */,
			);
			path = KSSheetView;
			sourceTree = "<group>";
		};
		8C8577AF181AD15F0028290A /* NSArray+Varargs */ = {
			isa = PBXGroup;
			children = (
				8C8577B0181AD15F0028290A /* NSArray+Varargs.h */,
				8C8577B1181AD15F0028290A /* NSArray+Varargs.m */,
			);
			path = "NSArray+Varargs";
			sourceTree = "<group>";
		};
		8CA7D639146D82200042648E /* MKMapView+Zoom */ = {
			isa = PBXGroup;
			children = (
				8CA7D63B146D828C0042648E /* MKMapView+Zoom.h */,
				8CA7D63C146D828C0042648E /* MKMapView+Zoom.m */,
			);
			path = "MKMapView+Zoom";
			sourceTree = "<group>";
		};
		8CA7D63E146D83DB0042648E /* MKMapView+Zoom */ = {
			isa = PBXGroup;
			children = (
				8CA7D63F146D84810042648E /* VC_MKMapView_Zoom.h */,
				8CA7D640146D84810042648E /* VC_MKMapView_Zoom.m */,
			);
			path = "MKMapView+Zoom";
			sourceTree = "<group>";
		};
		8CA7D646146D98C70042648E /* KSBasicMapAnnotation */ = {
			isa = PBXGroup;
			children = (
				8CA7D647146D98E50042648E /* KSBasicMapAnnotation.h */,
				8CA7D648146D98E50042648E /* KSBasicMapAnnotation.m */,
			);
			path = KSBasicMapAnnotation;
			sourceTree = "<group>";
		};
		8CABAF7E146AC8C60056D831 /* Categories */ = {
			isa = PBXGroup;
			children = (
				8CA7D639146D82200042648E /* MKMapView+Zoom */,
				8CE7FDAD158DDE6500844C59 /* NSArray+Occurrences */,
				8C8577AF181AD15F0028290A /* NSArray+Varargs */,
				8C53A2C41525CA1E009C71A7 /* NSFileManager+UserDirectories */,
				8CFBD72C14C2884B0041D042 /* NSMutableArray+Shuffling */,
				8CABAF97146AD2440056D831 /* NSString+DateConversion */,
				8CD055A914730BA9001A3EF5 /* NSString+Digest */,
				8C1CCF4816E4BD17009B25A0 /* NSString+Numeric */,
				8CCC9722151FE1870085C7EE /* NSString+Random */,
				8CEA566F14C7724900453958 /* NSTimer+Pause */,
				8CFBD71F14C27E7F0041D042 /* UIAcceleration+DeviceAngle */,
				8CABAF9A146AD2440056D831 /* UIBarButtonItem+CustomImage */,
				8CB228151591455400965996 /* UIColor+Darkening */,
				8CEF14721599011D00F007AC /* UIScrollView+Shortcuts */,
				8C023B4A1631A97B00744302 /* UIWebView+Activity */,
			);
			name = Categories;
			path = ../../Categories;
			sourceTree = "<group>";
		};
		8CABAF8E146AC9DC0056D831 /* Categories */ = {
			isa = PBXGroup;
			children = (
				8CA7D63E146D83DB0042648E /* MKMapView+Zoom */,
				8CFBD73014C2885C0041D042 /* NSMutableArray+Shuffling */,
				8CABAF8F146AC9DC0056D831 /* NSString+DateConversion */,
				8CD055AE14730BFA001A3EF5 /* NSString+Digest */,
				8CCC9727151FE1C20085C7EE /* NSString+Random */,
				8CEA567414C7795700453958 /* NSTimer+Pause */,
				8CFBD72414C27FEC0041D042 /* UIAcceleration+DeviceAngle */,
				8CABAF92146AC9DC0056D831 /* UIBarButtonItem+CustomImage */,
			);
			path = Categories;
			sourceTree = "<group>";
		};
		8CABAF8F146AC9DC0056D831 /* NSString+DateConversion */ = {
			isa = PBXGroup;
			children = (
				8CABAF90146AC9DC0056D831 /* VC_NSString_DateConversion.h */,
				8CABAF91146AC9DC0056D831 /* VC_NSString_DateConversion.m */,
			);
			path = "NSString+DateConversion";
			sourceTree = "<group>";
		};
		8CABAF92146AC9DC0056D831 /* UIBarButtonItem+CustomImage */ = {
			isa = PBXGroup;
			children = (
				8CABAF93146AC9DC0056D831 /* VC_UIBarButtonItem_CustomImage.h */,
				8CABAF94146AC9DC0056D831 /* VC_UIBarButtonItem_CustomImage.m */,
				8CABAFB4146AD3120056D831 /* ItemBackgroundImage.png */,
				8CABAFB5146AD3120056D831 /* ItemBackgroundImage@2x.png */,
				8CABAFB6146AD3120056D831 /* ItemImage.png */,
				8CABAFB7146AD3120056D831 /* ItemImage@2x.png */,
			);
			path = "UIBarButtonItem+CustomImage";
			sourceTree = "<group>";
		};
		8CABAF97146AD2440056D831 /* NSString+DateConversion */ = {
			isa = PBXGroup;
			children = (
				8CABAF98146AD2440056D831 /* NSString+DateConversion.h */,
				8CABAF99146AD2440056D831 /* NSString+DateConversion.m */,
			);
			path = "NSString+DateConversion";
			sourceTree = "<group>";
		};
		8CABAF9A146AD2440056D831 /* UIBarButtonItem+CustomImage */ = {
			isa = PBXGroup;
			children = (
				8CABAF9B146AD2440056D831 /* UIBarButtonItem+CustomImage.h */,
				8CABAF9C146AD2440056D831 /* UIBarButtonItem+CustomImage.m */,
			);
			path = "UIBarButtonItem+CustomImage";
			sourceTree = "<group>";
		};
		8CABAF9F146AD26D0056D831 /* Classes */ = {
			isa = PBXGroup;
			children = (
				8CABAFA3146AD26D0056D831 /* KSCheckView */,
				8CABAFA6146AD26D0056D831 /* KSEditEnder */,
				8CABAFAC146AD26D0056D831 /* KSSheetView */,
			);
			path = Classes;
			sourceTree = "<group>";
		};
		8CABAFA3146AD26D0056D831 /* KSCheckView */ = {
			isa = PBXGroup;
			children = (
				8CABAFA4146AD26D0056D831 /* VC_KSCheckView.h */,
				8CABAFA5146AD26D0056D831 /* VC_KSCheckView.m */,
			);
			path = KSCheckView;
			sourceTree = "<group>";
		};
		8CABAFA6146AD26D0056D831 /* KSEditEnder */ = {
			isa = PBXGroup;
			children = (
				8CABAFA7146AD26D0056D831 /* VC_KSEditEnder.h */,
				8CABAFA8146AD26D0056D831 /* VC_KSEditEnder.m */,
			);
			path = KSEditEnder;
			sourceTree = "<group>";
		};
		8CABAFAC146AD26D0056D831 /* KSSheetView */ = {
			isa = PBXGroup;
			children = (
				8CABAFAD146AD26D0056D831 /* VC_KSSheetView.h */,
				8CABAFAE146AD26D0056D831 /* VC_KSSheetView.m */,
			);
			path = KSSheetView;
			sourceTree = "<group>";
		};
		8CB228151591455400965996 /* UIColor+Darkening */ = {
			isa = PBXGroup;
			children = (
				8CB228161591455400965996 /* UIColor+Darkening.h */,
				8CB228171591455400965996 /* UIColor+Darkening.m */,
			);
			path = "UIColor+Darkening";
			sourceTree = "<group>";
		};
		8CCC9722151FE1870085C7EE /* NSString+Random */ = {
			isa = PBXGroup;
			children = (
				8CCC9723151FE1870085C7EE /* NSString+Random.h */,
				8CCC9724151FE1870085C7EE /* NSString+Random.m */,
			);
			path = "NSString+Random";
			sourceTree = "<group>";
		};
		8CCC9727151FE1C20085C7EE /* NSString+Random */ = {
			isa = PBXGroup;
			children = (
				8CCC9728151FE1ED0085C7EE /* VC_NSString_Random.h */,
				8CCC9729151FE1ED0085C7EE /* VC_NSString_Random.m */,
			);
			path = "NSString+Random";
			sourceTree = "<group>";
		};
		8CD055A914730BA9001A3EF5 /* NSString+Digest */ = {
			isa = PBXGroup;
			children = (
				8CD055AA14730BA9001A3EF5 /* NSString+Digest.h */,
				8CD055AB14730BA9001A3EF5 /* NSString+Digest.m */,
			);
			path = "NSString+Digest";
			sourceTree = "<group>";
		};
		8CD055AE14730BFA001A3EF5 /* NSString+Digest */ = {
			isa = PBXGroup;
			children = (
				8CD055AF14730C12001A3EF5 /* VC_NSString_Digest.h */,
				8CD055B014730C12001A3EF5 /* VC_NSString_Digest.m */,
			);
			path = "NSString+Digest";
			sourceTree = "<group>";
		};
		8CE7FDAD158DDE6500844C59 /* NSArray+Occurrences */ = {
			isa = PBXGroup;
			children = (
				8CE7FDAE158DDE6500844C59 /* NSArray+Occurrences.h */,
				8CE7FDAF158DDE6500844C59 /* NSArray+Occurrences.m */,
			);
			path = "NSArray+Occurrences";
			sourceTree = "<group>";
		};
		8CEA566F14C7724900453958 /* NSTimer+Pause */ = {
			isa = PBXGroup;
			children = (
				8CEA567114C7735000453958 /* NSTimer+Pause.h */,
				8CEA567214C7735000453958 /* NSTimer+Pause.m */,
			);
			path = "NSTimer+Pause";
			sourceTree = "<group>";
		};
		8CEA567414C7795700453958 /* NSTimer+Pause */ = {
			isa = PBXGroup;
			children = (
				8CEA567514C7796600453958 /* VC_NSTimer_Pause.h */,
				8CEA567614C7796600453958 /* VC_NSTimer_Pause.m */,
			);
			path = "NSTimer+Pause";
			sourceTree = "<group>";
		};
		8CEF14721599011D00F007AC /* UIScrollView+Shortcuts */ = {
			isa = PBXGroup;
			children = (
				8CEF14731599011D00F007AC /* UIScrollView+Shortcuts.h */,
				8CEF14741599011D00F007AC /* UIScrollView+Shortcuts.m */,
			);
			path = "UIScrollView+Shortcuts";
			sourceTree = "<group>";
		};
		8CFBD71F14C27E7F0041D042 /* UIAcceleration+DeviceAngle */ = {
			isa = PBXGroup;
			children = (
				8CFBD72114C27E940041D042 /* UIAcceleration+DeviceAngle.h */,
				8CFBD72214C27E940041D042 /* UIAcceleration+DeviceAngle.m */,
			);
			path = "UIAcceleration+DeviceAngle";
			sourceTree = "<group>";
		};
		8CFBD72414C27FEC0041D042 /* UIAcceleration+DeviceAngle */ = {
			isa = PBXGroup;
			children = (
				8CFBD72514C280210041D042 /* VC_UIAcceleration_DeviceAngle.h */,
				8CFBD72614C280210041D042 /* VC_UIAcceleration_DeviceAngle.m */,
			);
			path = "UIAcceleration+DeviceAngle";
			sourceTree = "<group>";
		};
		8CFBD72C14C2884B0041D042 /* NSMutableArray+Shuffling */ = {
			isa = PBXGroup;
			children = (
				8CFBD72D14C2884C0041D042 /* NSMutableArray+Shuffling.h */,
				8CFBD72E14C2884C0041D042 /* NSMutableArray+Shuffling.m */,
			);
			path = "NSMutableArray+Shuffling";
			sourceTree = "<group>";
		};
		8CFBD73014C2885C0041D042 /* NSMutableArray+Shuffling */ = {
			isa = PBXGroup;
			children = (
				8CFBD73414C288750041D042 /* VC_NSMutableArray_Shuffling.h */,
				8CFBD73514C288750041D042 /* VC_NSMutableArray_Shuffling.m */,
			);
			path = "NSMutableArray+Shuffling";
			sourceTree = "<group>";
		};
/* End PBXGroup section */

/* Begin PBXNativeTarget section */
		8C2C559C146750E70065A877 /* ComponentsDemo */ = {
			isa = PBXNativeTarget;
			buildConfigurationList = 8C2C55B5146750E70065A877 /* Build configuration list for PBXNativeTarget "ComponentsDemo" */;
			buildPhases = (
				8C2C5599146750E70065A877 /* Sources */,
				8C2C559A146750E70065A877 /* Frameworks */,
				8C2C559B146750E70065A877 /* Resources */,
			);
			buildRules = (
			);
			dependencies = (
			);
			name = ComponentsDemo;
			productName = ComponentsDemo;
			productReference = 8C2C559D146750E70065A877 /* ComponentsDemo.app */;
			productType = "com.apple.product-type.application";
		};
/* End PBXNativeTarget section */

/* Begin PBXProject section */
		8C2C5594146750E70065A877 /* Project object */ = {
			isa = PBXProject;
			attributes = {
				LastUpgradeCheck = 0420;
				ORGANIZATIONNAME = algoritmico;
			};
			buildConfigurationList = 8C2C5597146750E70065A877 /* Build configuration list for PBXProject "ComponentsDemo" */;
			compatibilityVersion = "Xcode 3.2";
			developmentRegion = English;
			hasScannedForEncodings = 0;
			knownRegions = (
				en,
			);
			mainGroup = 8C2C5592146750E70065A877;
			productRefGroup = 8C2C559E146750E70065A877 /* Products */;
			projectDirPath = "";
			projectRoot = "";
			targets = (
				8C2C559C146750E70065A877 /* ComponentsDemo */,
			);
		};
/* End PBXProject section */

/* Begin PBXResourcesBuildPhase section */
		8C2C559B146750E70065A877 /* Resources */ = {
			isa = PBXResourcesBuildPhase;
			buildActionMask = 2147483647;
			files = (
				8C2C55AC146750E70065A877 /* InfoPlist.strings in Resources */,
				8C4D3D14146756170093F771 /* ViewController_iPad.xib in Resources */,
				8C4D3D15146756170093F771 /* ViewController_iPhone.xib in Resources */,
				8C4D3D16146756170093F771 /* Window_iPad.xib in Resources */,
				8C4D3D17146756170093F771 /* Window_iPhone.xib in Resources */,
				8CABAFB8146AD3120056D831 /* ItemBackgroundImage.png in Resources */,
				8CABAFB9146AD3120056D831 /* ItemBackgroundImage@2x.png in Resources */,
				8CABAFBA146AD3120056D831 /* ItemImage.png in Resources */,
				8CABAFBB146AD3120056D831 /* ItemImage@2x.png in Resources */,
			);
			runOnlyForDeploymentPostprocessing = 0;
		};
/* End PBXResourcesBuildPhase section */

/* Begin PBXSourcesBuildPhase section */
		8C2C5599146750E70065A877 /* Sources */ = {
			isa = PBXSourcesBuildPhase;
			buildActionMask = 2147483647;
			files = (
				8C2C55AE146750E70065A877 /* main.m in Sources */,
				8C2C55B2146750E70065A877 /* AppDelegate.m in Sources */,
				8C7126CB1467517100C03BD2 /* KSCheckView.m in Sources */,
				8C7126D9146751A300C03BD2 /* KSEditEnder.m in Sources */,
				8C7126DB146751A300C03BD2 /* KSSheetView.m in Sources */,
				8C4D3D0A1467549D0093F771 /* ViewController.m in Sources */,
				8CABAF95146AC9DC0056D831 /* VC_NSString_DateConversion.m in Sources */,
				8CABAF96146AC9DC0056D831 /* VC_UIBarButtonItem_CustomImage.m in Sources */,
				8CABAF9D146AD2440056D831 /* NSString+DateConversion.m in Sources */,
				8CABAF9E146AD2440056D831 /* UIBarButtonItem+CustomImage.m in Sources */,
				8CABAFB0146AD26D0056D831 /* VC_KSCheckView.m in Sources */,
				8CABAFB1146AD26D0056D831 /* VC_KSEditEnder.m in Sources */,
				8CABAFB3146AD26D0056D831 /* VC_KSSheetView.m in Sources */,
				8CA7D63D146D828C0042648E /* MKMapView+Zoom.m in Sources */,
				8CA7D641146D84810042648E /* VC_MKMapView_Zoom.m in Sources */,
				8CA7D649146D98E50042648E /* KSBasicMapAnnotation.m in Sources */,
				8CD055AC14730BA9001A3EF5 /* NSString+Digest.m in Sources */,
				8CD055B114730C12001A3EF5 /* VC_NSString_Digest.m in Sources */,
				8CFBD72314C27E940041D042 /* UIAcceleration+DeviceAngle.m in Sources */,
				8CFBD72714C280210041D042 /* VC_UIAcceleration_DeviceAngle.m in Sources */,
				8CFBD72F14C2884C0041D042 /* NSMutableArray+Shuffling.m in Sources */,
				8CFBD73614C288750041D042 /* VC_NSMutableArray_Shuffling.m in Sources */,
				8CEA567314C7735000453958 /* NSTimer+Pause.m in Sources */,
				8CEA567714C7796600453958 /* VC_NSTimer_Pause.m in Sources */,
				8CCC9725151FE1870085C7EE /* NSString+Random.m in Sources */,
				8CCC972A151FE1ED0085C7EE /* VC_NSString_Random.m in Sources */,
				8C53A2C81525CA34009C71A7 /* NSFileManager+UserDirectories.m in Sources */,
				8CE7FDB0158DDE6500844C59 /* NSArray+Occurrences.m in Sources */,
				8CB228181591455400965996 /* UIColor+Darkening.m in Sources */,
				8CEF14751599011D00F007AC /* UIScrollView+Shortcuts.m in Sources */,
				8C023B4E1631A98D00744302 /* UIWebView+Activity.m in Sources */,
				8C8577B2181AD15F0028290A /* NSArray+Varargs.m in Sources */,
				8C1CCF4B16E4BD17009B25A0 /* NSString+Numeric.m in Sources */,
			);
			runOnlyForDeploymentPostprocessing = 0;
		};
/* End PBXSourcesBuildPhase section */

/* Begin PBXVariantGroup section */
		8C2C55AA146750E70065A877 /* InfoPlist.strings */ = {
			isa = PBXVariantGroup;
			children = (
				8C2C55AB146750E70065A877 /* en */,
			);
			name = InfoPlist.strings;
			sourceTree = "<group>";
		};
		8C4D3D0C146756170093F771 /* ViewController_iPad.xib */ = {
			isa = PBXVariantGroup;
			children = (
				8C4D3D0D146756170093F771 /* en */,
			);
			name = ViewController_iPad.xib;
			sourceTree = "<group>";
		};
		8C4D3D0E146756170093F771 /* ViewController_iPhone.xib */ = {
			isa = PBXVariantGroup;
			children = (
				8C4D3D0F146756170093F771 /* en */,
			);
			name = ViewController_iPhone.xib;
			sourceTree = "<group>";
		};
		8C4D3D10146756170093F771 /* Window_iPad.xib */ = {
			isa = PBXVariantGroup;
			children = (
				8C4D3D11146756170093F771 /* en */,
			);
			name = Window_iPad.xib;
			sourceTree = "<group>";
		};
		8C4D3D12146756170093F771 /* Window_iPhone.xib */ = {
			isa = PBXVariantGroup;
			children = (
				8C4D3D13146756170093F771 /* en */,
			);
			name = Window_iPhone.xib;
			sourceTree = "<group>";
		};
/* End PBXVariantGroup section */

/* Begin XCBuildConfiguration section */
		8C2C55B3146750E70065A877 /* Debug */ = {
			isa = XCBuildConfiguration;
			buildSettings = {
				ALWAYS_SEARCH_USER_PATHS = NO;
				ARCHS = "$(ARCHS_STANDARD_32_BIT)";
				CLANG_ENABLE_OBJC_ARC = YES;
				CODE_SIGN_IDENTITY = "iPhone Developer";
				COPY_PHASE_STRIP = NO;
				GCC_C_LANGUAGE_STANDARD = gnu99;
				GCC_DYNAMIC_NO_PIC = NO;
				GCC_OPTIMIZATION_LEVEL = 0;
				GCC_PREPROCESSOR_DEFINITIONS = (
					"DEBUG=1",
					"$(inherited)",
				);
				GCC_SYMBOLS_PRIVATE_EXTERN = NO;
				GCC_VERSION = com.apple.compilers.llvm.clang.1_0;
				GCC_WARN_ABOUT_MISSING_PROTOTYPES = YES;
				GCC_WARN_ABOUT_RETURN_TYPE = YES;
				GCC_WARN_UNUSED_VARIABLE = YES;
				IPHONEOS_DEPLOYMENT_TARGET = 4.3;
				PROVISIONING_PROFILE = "";
				SDKROOT = iphoneos;
				TARGETED_DEVICE_FAMILY = "1,2";
			};
			name = Debug;
		};
		8C2C55B4146750E70065A877 /* Release */ = {
			isa = XCBuildConfiguration;
			buildSettings = {
				ALWAYS_SEARCH_USER_PATHS = NO;
				ARCHS = "$(ARCHS_STANDARD_32_BIT)";
				CLANG_ENABLE_OBJC_ARC = YES;
				CODE_SIGN_IDENTITY = "iPhone Developer";
				COPY_PHASE_STRIP = YES;
				GCC_C_LANGUAGE_STANDARD = gnu99;
				GCC_VERSION = com.apple.compilers.llvm.clang.1_0;
				GCC_WARN_ABOUT_MISSING_PROTOTYPES = YES;
				GCC_WARN_ABOUT_RETURN_TYPE = YES;
				GCC_WARN_UNUSED_VARIABLE = YES;
				IPHONEOS_DEPLOYMENT_TARGET = 4.3;
				OTHER_CFLAGS = "-DNS_BLOCK_ASSERTIONS=1";
				PROVISIONING_PROFILE = "";
				SDKROOT = iphoneos;
				TARGETED_DEVICE_FAMILY = "1,2";
				VALIDATE_PRODUCT = YES;
			};
			name = Release;
		};
		8C2C55B6146750E70065A877 /* Debug */ = {
			isa = XCBuildConfiguration;
			buildSettings = {
				GCC_PRECOMPILE_PREFIX_HEADER = YES;
				GCC_PREFIX_HEADER = "ComponentsDemo/ComponentsDemo-Prefix.pch";
				INFOPLIST_FILE = "ComponentsDemo/ComponentsDemo-Info.plist";
				PRODUCT_NAME = "$(TARGET_NAME)";
				WRAPPER_EXTENSION = app;
			};
			name = Debug;
		};
		8C2C55B7146750E70065A877 /* Release */ = {
			isa = XCBuildConfiguration;
			buildSettings = {
				GCC_PRECOMPILE_PREFIX_HEADER = YES;
				GCC_PREFIX_HEADER = "ComponentsDemo/ComponentsDemo-Prefix.pch";
				INFOPLIST_FILE = "ComponentsDemo/ComponentsDemo-Info.plist";
				PRODUCT_NAME = "$(TARGET_NAME)";
				WRAPPER_EXTENSION = app;
			};
			name = Release;
		};
/* End XCBuildConfiguration section */

/* Begin XCConfigurationList section */
		8C2C5597146750E70065A877 /* Build configuration list for PBXProject "ComponentsDemo" */ = {
			isa = XCConfigurationList;
			buildConfigurations = (
				8C2C55B3146750E70065A877 /* Debug */,
				8C2C55B4146750E70065A877 /* Release */,
			);
			defaultConfigurationIsVisible = 0;
			defaultConfigurationName = Release;
		};
		8C2C55B5146750E70065A877 /* Build configuration list for PBXNativeTarget "ComponentsDemo" */ = {
			isa = XCConfigurationList;
			buildConfigurations = (
				8C2C55B6146750E70065A877 /* Debug */,
				8C2C55B7146750E70065A877 /* Release */,
			);
			defaultConfigurationIsVisible = 0;
			defaultConfigurationName = Release;
		};
/* End XCConfigurationList section */
	};
	rootObject = 8C2C5594146750E70065A877 /* Project object */;
}
