// !$*UTF8*$!
{
	archiveVersion = 1;
	classes = {
	};
	objectVersion = 46;
	objects = {

/* Begin PBXBuildFile section */
		8C2C55A2146750E70065A877 /* UIKit.framework in Frameworks */ = {isa = PBXBuildFile; fileRef = 8C2C55A1146750E70065A877 /* UIKit.framework */; };
		8C2C55A4146750E70065A877 /* Foundation.framework in Frameworks */ = {isa = PBXBuildFile; fileRef = 8C2C55A3146750E70065A877 /* Foundation.framework */; };
		8C2C55A6146750E70065A877 /* CoreGraphics.framework in Frameworks */ = {isa = PBXBuildFile; fileRef = 8C2C55A5146750E70065A877 /* CoreGraphics.framework */; };
		8C2C55AC146750E70065A877 /* InfoPlist.strings in Resources */ = {isa = PBXBuildFile; fileRef = 8C2C55AA146750E70065A877 /* InfoPlist.strings */; };
		8C2C55AE146750E70065A877 /* main.m in Sources */ = {isa = PBXBuildFile; fileRef = 8C2C55AD146750E70065A877 /* main.m */; };
		8C2C55B2146750E70065A877 /* AppDelegate.m in Sources */ = {isa = PBXBuildFile; fileRef = 8C2C55B1146750E70065A877 /* AppDelegate.m */; };
		8C4D3D0A1467549D0093F771 /* ViewController.m in Sources */ = {isa = PBXBuildFile; fileRef = 8C4D3D091467549D0093F771 /* ViewController.m */; };
		8C4D3D14146756170093F771 /* ViewController_iPad.xib in Resources */ = {isa = PBXBuildFile; fileRef = 8C4D3D0C146756170093F771 /* ViewController_iPad.xib */; };
		8C4D3D15146756170093F771 /* ViewController_iPhone.xib in Resources */ = {isa = PBXBuildFile; fileRef = 8C4D3D0E146756170093F771 /* ViewController_iPhone.xib */; };
		8C4D3D16146756170093F771 /* Window_iPad.xib in Resources */ = {isa = PBXBuildFile; fileRef = 8C4D3D10146756170093F771 /* Window_iPad.xib */; };
		8C4D3D17146756170093F771 /* Window_iPhone.xib in Resources */ = {isa = PBXBuildFile; fileRef = 8C4D3D12146756170093F771 /* Window_iPhone.xib */; };
		8C4D3D19146756A90093F771 /* CFNetwork.framework in Frameworks */ = {isa = PBXBuildFile; fileRef = 8C4D3D18146756A80093F771 /* CFNetwork.framework */; };
		8C4D3D1B146756B00093F771 /* SystemConfiguration.framework in Frameworks */ = {isa = PBXBuildFile; fileRef = 8C4D3D1A146756B00093F771 /* SystemConfiguration.framework */; };
		8C4D3D1D146756CD0093F771 /* libz.dylib in Frameworks */ = {isa = PBXBuildFile; fileRef = 8C4D3D1C146756CD0093F771 /* libz.dylib */; };
		8C4D3D1F146756E00093F771 /* MobileCoreServices.framework in Frameworks */ = {isa = PBXBuildFile; fileRef = 8C4D3D1E146756E00093F771 /* MobileCoreServices.framework */; };
		8C4D3D271467591A0093F771 /* VC_KSAdvancedPicker.m in Sources */ = {isa = PBXBuildFile; fileRef = 8C4D3D221467591A0093F771 /* VC_KSAdvancedPicker.m */; };
		8C4D3D2A14675BF40093F771 /* VC_KSEditEnder.m in Sources */ = {isa = PBXBuildFile; fileRef = 8C4D3D2914675BF40093F771 /* VC_KSEditEnder.m */; };
		8C4D3D2D14675C520093F771 /* VC_KSProgressDownloader.m in Sources */ = {isa = PBXBuildFile; fileRef = 8C4D3D2C14675C520093F771 /* VC_KSProgressDownloader.m */; };
		8C4D3D3014675D930093F771 /* VC_KSSheetView.m in Sources */ = {isa = PBXBuildFile; fileRef = 8C4D3D2F14675D930093F771 /* VC_KSSheetView.m */; };
		8C4D3D3314675EEC0093F771 /* VC_KSCheckView.m in Sources */ = {isa = PBXBuildFile; fileRef = 8C4D3D3214675EEC0093F771 /* VC_KSCheckView.m */; };
		8C7126CB1467517100C03BD2 /* KSCheckView.m in Sources */ = {isa = PBXBuildFile; fileRef = 8C7126CA1467517100C03BD2 /* KSCheckView.m */; };
		8C7126D8146751A300C03BD2 /* KSAdvancedPicker.m in Sources */ = {isa = PBXBuildFile; fileRef = 8C7126CE146751A300C03BD2 /* KSAdvancedPicker.m */; };
		8C7126D9146751A300C03BD2 /* KSEditEnder.m in Sources */ = {isa = PBXBuildFile; fileRef = 8C7126D1146751A300C03BD2 /* KSEditEnder.m */; };
		8C7126DA146751A300C03BD2 /* KSProgressDownloader.m in Sources */ = {isa = PBXBuildFile; fileRef = 8C7126D4146751A300C03BD2 /* KSProgressDownloader.m */; };
		8C7126DB146751A300C03BD2 /* KSSheetView.m in Sources */ = {isa = PBXBuildFile; fileRef = 8C7126D7146751A300C03BD2 /* KSSheetView.m */; };
		8C7126FF146751DC00C03BD2 /* ASIAuthenticationDialog.m in Sources */ = {isa = PBXBuildFile; fileRef = 8C7126E3146751DC00C03BD2 /* ASIAuthenticationDialog.m */; };
		8C712700146751DC00C03BD2 /* ASIDataCompressor.m in Sources */ = {isa = PBXBuildFile; fileRef = 8C7126E6146751DC00C03BD2 /* ASIDataCompressor.m */; };
		8C712701146751DC00C03BD2 /* ASIDataDecompressor.m in Sources */ = {isa = PBXBuildFile; fileRef = 8C7126E8146751DC00C03BD2 /* ASIDataDecompressor.m */; };
		8C712702146751DC00C03BD2 /* ASIDownloadCache.m in Sources */ = {isa = PBXBuildFile; fileRef = 8C7126EA146751DC00C03BD2 /* ASIDownloadCache.m */; };
		8C712703146751DC00C03BD2 /* ASIFormDataRequest.m in Sources */ = {isa = PBXBuildFile; fileRef = 8C7126EC146751DC00C03BD2 /* ASIFormDataRequest.m */; };
		8C712704146751DC00C03BD2 /* ASIHTTPRequest.m in Sources */ = {isa = PBXBuildFile; fileRef = 8C7126EE146751DC00C03BD2 /* ASIHTTPRequest.m */; };
		8C712705146751DC00C03BD2 /* ASIInputStream.m in Sources */ = {isa = PBXBuildFile; fileRef = 8C7126F2146751DC00C03BD2 /* ASIInputStream.m */; };
		8C712706146751DC00C03BD2 /* ASINetworkQueue.m in Sources */ = {isa = PBXBuildFile; fileRef = 8C7126F4146751DC00C03BD2 /* ASINetworkQueue.m */; };
		8C712707146751DC00C03BD2 /* LICENSE in Resources */ = {isa = PBXBuildFile; fileRef = 8C7126F8146751DC00C03BD2 /* LICENSE */; };
		8C712708146751DC00C03BD2 /* Reachability.m in Sources */ = {isa = PBXBuildFile; fileRef = 8C7126FE146751DC00C03BD2 /* Reachability.m */; };
/* End PBXBuildFile section */

/* Begin PBXFileReference section */
		8C2C559D146750E70065A877 /* ComponentsDemo.app */ = {isa = PBXFileReference; explicitFileType = wrapper.application; includeInIndex = 0; path = ComponentsDemo.app; sourceTree = BUILT_PRODUCTS_DIR; };
		8C2C55A1146750E70065A877 /* UIKit.framework */ = {isa = PBXFileReference; lastKnownFileType = wrapper.framework; name = UIKit.framework; path = System/Library/Frameworks/UIKit.framework; sourceTree = SDKROOT; };
		8C2C55A3146750E70065A877 /* Foundation.framework */ = {isa = PBXFileReference; lastKnownFileType = wrapper.framework; name = Foundation.framework; path = System/Library/Frameworks/Foundation.framework; sourceTree = SDKROOT; };
		8C2C55A5146750E70065A877 /* CoreGraphics.framework */ = {isa = PBXFileReference; lastKnownFileType = wrapper.framework; name = CoreGraphics.framework; path = System/Library/Frameworks/CoreGraphics.framework; sourceTree = SDKROOT; };
		8C2C55A9146750E70065A877 /* ComponentsDemo-Info.plist */ = {isa = PBXFileReference; lastKnownFileType = text.plist.xml; path = "ComponentsDemo-Info.plist"; sourceTree = "<group>"; };
		8C2C55AB146750E70065A877 /* en */ = {isa = PBXFileReference; lastKnownFileType = text.plist.strings; name = en; path = en.lproj/InfoPlist.strings; sourceTree = "<group>"; };
		8C2C55AD146750E70065A877 /* main.m */ = {isa = PBXFileReference; lastKnownFileType = sourcecode.c.objc; path = main.m; sourceTree = "<group>"; };
		8C2C55AF146750E70065A877 /* ComponentsDemo-Prefix.pch */ = {isa = PBXFileReference; lastKnownFileType = sourcecode.c.h; path = "ComponentsDemo-Prefix.pch"; sourceTree = "<group>"; };
		8C2C55B0146750E70065A877 /* AppDelegate.h */ = {isa = PBXFileReference; lastKnownFileType = sourcecode.c.h; path = AppDelegate.h; sourceTree = "<group>"; };
		8C2C55B1146750E70065A877 /* AppDelegate.m */ = {isa = PBXFileReference; lastKnownFileType = sourcecode.c.objc; path = AppDelegate.m; sourceTree = "<group>"; };
		8C4D3D081467549D0093F771 /* ViewController.h */ = {isa = PBXFileReference; fileEncoding = 4; lastKnownFileType = sourcecode.c.h; path = ViewController.h; sourceTree = "<group>"; };
		8C4D3D091467549D0093F771 /* ViewController.m */ = {isa = PBXFileReference; fileEncoding = 4; lastKnownFileType = sourcecode.c.objc; path = ViewController.m; sourceTree = "<group>"; };
		8C4D3D0D146756170093F771 /* en */ = {isa = PBXFileReference; lastKnownFileType = file.xib; name = en; path = en.lproj/ViewController_iPad.xib; sourceTree = "<group>"; };
		8C4D3D0F146756170093F771 /* en */ = {isa = PBXFileReference; lastKnownFileType = file.xib; name = en; path = en.lproj/ViewController_iPhone.xib; sourceTree = "<group>"; };
		8C4D3D11146756170093F771 /* en */ = {isa = PBXFileReference; lastKnownFileType = file.xib; name = en; path = en.lproj/Window_iPad.xib; sourceTree = "<group>"; };
		8C4D3D13146756170093F771 /* en */ = {isa = PBXFileReference; lastKnownFileType = file.xib; name = en; path = en.lproj/Window_iPhone.xib; sourceTree = "<group>"; };
		8C4D3D18146756A80093F771 /* CFNetwork.framework */ = {isa = PBXFileReference; lastKnownFileType = wrapper.framework; name = CFNetwork.framework; path = System/Library/Frameworks/CFNetwork.framework; sourceTree = SDKROOT; };
		8C4D3D1A146756B00093F771 /* SystemConfiguration.framework */ = {isa = PBXFileReference; lastKnownFileType = wrapper.framework; name = SystemConfiguration.framework; path = System/Library/Frameworks/SystemConfiguration.framework; sourceTree = SDKROOT; };
		8C4D3D1C146756CD0093F771 /* libz.dylib */ = {isa = PBXFileReference; lastKnownFileType = "compiled.mach-o.dylib"; name = libz.dylib; path = usr/lib/libz.dylib; sourceTree = SDKROOT; };
		8C4D3D1E146756E00093F771 /* MobileCoreServices.framework */ = {isa = PBXFileReference; lastKnownFileType = wrapper.framework; name = MobileCoreServices.framework; path = System/Library/Frameworks/MobileCoreServices.framework; sourceTree = SDKROOT; };
		8C4D3D211467591A0093F771 /* VC_KSAdvancedPicker.h */ = {isa = PBXFileReference; fileEncoding = 4; lastKnownFileType = sourcecode.c.h; path = VC_KSAdvancedPicker.h; sourceTree = "<group>"; };
		8C4D3D221467591A0093F771 /* VC_KSAdvancedPicker.m */ = {isa = PBXFileReference; fileEncoding = 4; lastKnownFileType = sourcecode.c.objc; path = VC_KSAdvancedPicker.m; sourceTree = "<group>"; };
		8C4D3D2814675BF40093F771 /* VC_KSEditEnder.h */ = {isa = PBXFileReference; fileEncoding = 4; lastKnownFileType = sourcecode.c.h; path = VC_KSEditEnder.h; sourceTree = "<group>"; };
		8C4D3D2914675BF40093F771 /* VC_KSEditEnder.m */ = {isa = PBXFileReference; fileEncoding = 4; lastKnownFileType = sourcecode.c.objc; path = VC_KSEditEnder.m; sourceTree = "<group>"; };
		8C4D3D2B14675C520093F771 /* VC_KSProgressDownloader.h */ = {isa = PBXFileReference; fileEncoding = 4; lastKnownFileType = sourcecode.c.h; path = VC_KSProgressDownloader.h; sourceTree = "<group>"; };
		8C4D3D2C14675C520093F771 /* VC_KSProgressDownloader.m */ = {isa = PBXFileReference; fileEncoding = 4; lastKnownFileType = sourcecode.c.objc; path = VC_KSProgressDownloader.m; sourceTree = "<group>"; };
		8C4D3D2E14675D930093F771 /* VC_KSSheetView.h */ = {isa = PBXFileReference; fileEncoding = 4; lastKnownFileType = sourcecode.c.h; path = VC_KSSheetView.h; sourceTree = "<group>"; };
		8C4D3D2F14675D930093F771 /* VC_KSSheetView.m */ = {isa = PBXFileReference; fileEncoding = 4; lastKnownFileType = sourcecode.c.objc; path = VC_KSSheetView.m; sourceTree = "<group>"; };
		8C4D3D3114675EEC0093F771 /* VC_KSCheckView.h */ = {isa = PBXFileReference; fileEncoding = 4; lastKnownFileType = sourcecode.c.h; path = VC_KSCheckView.h; sourceTree = "<group>"; };
		8C4D3D3214675EEC0093F771 /* VC_KSCheckView.m */ = {isa = PBXFileReference; fileEncoding = 4; lastKnownFileType = sourcecode.c.objc; path = VC_KSCheckView.m; sourceTree = "<group>"; };
		8C7126C91467517100C03BD2 /* KSCheckView.h */ = {isa = PBXFileReference; fileEncoding = 4; lastKnownFileType = sourcecode.c.h; path = KSCheckView.h; sourceTree = "<group>"; };
		8C7126CA1467517100C03BD2 /* KSCheckView.m */ = {isa = PBXFileReference; fileEncoding = 4; lastKnownFileType = sourcecode.c.objc; path = KSCheckView.m; sourceTree = "<group>"; };
		8C7126CD146751A300C03BD2 /* KSAdvancedPicker.h */ = {isa = PBXFileReference; fileEncoding = 4; lastKnownFileType = sourcecode.c.h; path = KSAdvancedPicker.h; sourceTree = "<group>"; };
		8C7126CE146751A300C03BD2 /* KSAdvancedPicker.m */ = {isa = PBXFileReference; fileEncoding = 4; lastKnownFileType = sourcecode.c.objc; path = KSAdvancedPicker.m; sourceTree = "<group>"; };
		8C7126D0146751A300C03BD2 /* KSEditEnder.h */ = {isa = PBXFileReference; fileEncoding = 4; lastKnownFileType = sourcecode.c.h; path = KSEditEnder.h; sourceTree = "<group>"; };
		8C7126D1146751A300C03BD2 /* KSEditEnder.m */ = {isa = PBXFileReference; fileEncoding = 4; lastKnownFileType = sourcecode.c.objc; path = KSEditEnder.m; sourceTree = "<group>"; };
		8C7126D3146751A300C03BD2 /* KSProgressDownloader.h */ = {isa = PBXFileReference; fileEncoding = 4; lastKnownFileType = sourcecode.c.h; path = KSProgressDownloader.h; sourceTree = "<group>"; };
		8C7126D4146751A300C03BD2 /* KSProgressDownloader.m */ = {isa = PBXFileReference; fileEncoding = 4; lastKnownFileType = sourcecode.c.objc; path = KSProgressDownloader.m; sourceTree = "<group>"; };
		8C7126D6146751A300C03BD2 /* KSSheetView.h */ = {isa = PBXFileReference; fileEncoding = 4; lastKnownFileType = sourcecode.c.h; path = KSSheetView.h; sourceTree = "<group>"; };
		8C7126D7146751A300C03BD2 /* KSSheetView.m */ = {isa = PBXFileReference; fileEncoding = 4; lastKnownFileType = sourcecode.c.objc; path = KSSheetView.m; sourceTree = "<group>"; };
		8C7126E2146751DC00C03BD2 /* ASIAuthenticationDialog.h */ = {isa = PBXFileReference; fileEncoding = 4; lastKnownFileType = sourcecode.c.h; path = ASIAuthenticationDialog.h; sourceTree = "<group>"; };
		8C7126E3146751DC00C03BD2 /* ASIAuthenticationDialog.m */ = {isa = PBXFileReference; fileEncoding = 4; lastKnownFileType = sourcecode.c.objc; path = ASIAuthenticationDialog.m; sourceTree = "<group>"; };
		8C7126E4146751DC00C03BD2 /* ASICacheDelegate.h */ = {isa = PBXFileReference; fileEncoding = 4; lastKnownFileType = sourcecode.c.h; path = ASICacheDelegate.h; sourceTree = "<group>"; };
		8C7126E5146751DC00C03BD2 /* ASIDataCompressor.h */ = {isa = PBXFileReference; fileEncoding = 4; lastKnownFileType = sourcecode.c.h; path = ASIDataCompressor.h; sourceTree = "<group>"; };
		8C7126E6146751DC00C03BD2 /* ASIDataCompressor.m */ = {isa = PBXFileReference; fileEncoding = 4; lastKnownFileType = sourcecode.c.objc; path = ASIDataCompressor.m; sourceTree = "<group>"; };
		8C7126E7146751DC00C03BD2 /* ASIDataDecompressor.h */ = {isa = PBXFileReference; fileEncoding = 4; lastKnownFileType = sourcecode.c.h; path = ASIDataDecompressor.h; sourceTree = "<group>"; };
		8C7126E8146751DC00C03BD2 /* ASIDataDecompressor.m */ = {isa = PBXFileReference; fileEncoding = 4; lastKnownFileType = sourcecode.c.objc; path = ASIDataDecompressor.m; sourceTree = "<group>"; };
		8C7126E9146751DC00C03BD2 /* ASIDownloadCache.h */ = {isa = PBXFileReference; fileEncoding = 4; lastKnownFileType = sourcecode.c.h; path = ASIDownloadCache.h; sourceTree = "<group>"; };
		8C7126EA146751DC00C03BD2 /* ASIDownloadCache.m */ = {isa = PBXFileReference; fileEncoding = 4; lastKnownFileType = sourcecode.c.objc; path = ASIDownloadCache.m; sourceTree = "<group>"; };
		8C7126EB146751DC00C03BD2 /* ASIFormDataRequest.h */ = {isa = PBXFileReference; fileEncoding = 4; lastKnownFileType = sourcecode.c.h; path = ASIFormDataRequest.h; sourceTree = "<group>"; };
		8C7126EC146751DC00C03BD2 /* ASIFormDataRequest.m */ = {isa = PBXFileReference; fileEncoding = 4; lastKnownFileType = sourcecode.c.objc; path = ASIFormDataRequest.m; sourceTree = "<group>"; };
		8C7126ED146751DC00C03BD2 /* ASIHTTPRequest.h */ = {isa = PBXFileReference; fileEncoding = 4; lastKnownFileType = sourcecode.c.h; path = ASIHTTPRequest.h; sourceTree = "<group>"; };
		8C7126EE146751DC00C03BD2 /* ASIHTTPRequest.m */ = {isa = PBXFileReference; fileEncoding = 4; lastKnownFileType = sourcecode.c.objc; path = ASIHTTPRequest.m; sourceTree = "<group>"; };
		8C7126EF146751DC00C03BD2 /* ASIHTTPRequestConfig.h */ = {isa = PBXFileReference; fileEncoding = 4; lastKnownFileType = sourcecode.c.h; path = ASIHTTPRequestConfig.h; sourceTree = "<group>"; };
		8C7126F0146751DC00C03BD2 /* ASIHTTPRequestDelegate.h */ = {isa = PBXFileReference; fileEncoding = 4; lastKnownFileType = sourcecode.c.h; path = ASIHTTPRequestDelegate.h; sourceTree = "<group>"; };
		8C7126F1146751DC00C03BD2 /* ASIInputStream.h */ = {isa = PBXFileReference; fileEncoding = 4; lastKnownFileType = sourcecode.c.h; path = ASIInputStream.h; sourceTree = "<group>"; };
		8C7126F2146751DC00C03BD2 /* ASIInputStream.m */ = {isa = PBXFileReference; fileEncoding = 4; lastKnownFileType = sourcecode.c.objc; path = ASIInputStream.m; sourceTree = "<group>"; };
		8C7126F3146751DC00C03BD2 /* ASINetworkQueue.h */ = {isa = PBXFileReference; fileEncoding = 4; lastKnownFileType = sourcecode.c.h; path = ASINetworkQueue.h; sourceTree = "<group>"; };
		8C7126F4146751DC00C03BD2 /* ASINetworkQueue.m */ = {isa = PBXFileReference; fileEncoding = 4; lastKnownFileType = sourcecode.c.objc; path = ASINetworkQueue.m; sourceTree = "<group>"; };
		8C7126F5146751DC00C03BD2 /* ASIProgressDelegate.h */ = {isa = PBXFileReference; fileEncoding = 4; lastKnownFileType = sourcecode.c.h; path = ASIProgressDelegate.h; sourceTree = "<group>"; };
		8C7126F8146751DC00C03BD2 /* LICENSE */ = {isa = PBXFileReference; fileEncoding = 4; lastKnownFileType = text; path = LICENSE; sourceTree = "<group>"; };
		8C7126FD146751DC00C03BD2 /* Reachability.h */ = {isa = PBXFileReference; fileEncoding = 4; lastKnownFileType = sourcecode.c.h; path = Reachability.h; sourceTree = "<group>"; };
		8C7126FE146751DC00C03BD2 /* Reachability.m */ = {isa = PBXFileReference; fileEncoding = 4; lastKnownFileType = sourcecode.c.objc; path = Reachability.m; sourceTree = "<group>"; };
/* End PBXFileReference section */

/* Begin PBXFrameworksBuildPhase section */
		8C2C559A146750E70065A877 /* Frameworks */ = {
			isa = PBXFrameworksBuildPhase;
			buildActionMask = 2147483647;
			files = (
				8C2C55A2146750E70065A877 /* UIKit.framework in Frameworks */,
				8C2C55A4146750E70065A877 /* Foundation.framework in Frameworks */,
				8C2C55A6146750E70065A877 /* CoreGraphics.framework in Frameworks */,
				8C4D3D1B146756B00093F771 /* SystemConfiguration.framework in Frameworks */,
				8C4D3D19146756A90093F771 /* CFNetwork.framework in Frameworks */,
				8C4D3D1F146756E00093F771 /* MobileCoreServices.framework in Frameworks */,
				8C4D3D1D146756CD0093F771 /* libz.dylib in Frameworks */,
			);
			runOnlyForDeploymentPostprocessing = 0;
		};
/* End PBXFrameworksBuildPhase section */

/* Begin PBXGroup section */
		8C2C5592146750E70065A877 = {
			isa = PBXGroup;
			children = (
				8C2C55A7146750E70065A877 /* ComponentsDemo */,
				8C2C55A0146750E70065A877 /* Frameworks */,
				8C2C559E146750E70065A877 /* Products */,
			);
			sourceTree = "<group>";
		};
		8C2C559E146750E70065A877 /* Products */ = {
			isa = PBXGroup;
			children = (
				8C2C559D146750E70065A877 /* ComponentsDemo.app */,
			);
			name = Products;
			sourceTree = "<group>";
		};
		8C2C55A0146750E70065A877 /* Frameworks */ = {
			isa = PBXGroup;
			children = (
				8C2C55A1146750E70065A877 /* UIKit.framework */,
				8C2C55A3146750E70065A877 /* Foundation.framework */,
				8C2C55A5146750E70065A877 /* CoreGraphics.framework */,
				8C4D3D1A146756B00093F771 /* SystemConfiguration.framework */,
				8C4D3D18146756A80093F771 /* CFNetwork.framework */,
				8C4D3D1E146756E00093F771 /* MobileCoreServices.framework */,
				8C4D3D1C146756CD0093F771 /* libz.dylib */,
			);
			name = Frameworks;
			sourceTree = "<group>";
		};
		8C2C55A7146750E70065A877 /* ComponentsDemo */ = {
			isa = PBXGroup;
			children = (
				8C2C55B81467510A0065A877 /* Classes */,
				8C4D3D06146754690093F771 /* Tests */,
				8C7126E0146751DC00C03BD2 /* External */,
				8C2C55B0146750E70065A877 /* AppDelegate.h */,
				8C2C55B1146750E70065A877 /* AppDelegate.m */,
				8C4D3D081467549D0093F771 /* ViewController.h */,
				8C4D3D091467549D0093F771 /* ViewController.m */,
				8C4D3D0E146756170093F771 /* ViewController_iPhone.xib */,
				8C4D3D0C146756170093F771 /* ViewController_iPad.xib */,
				8C4D3D12146756170093F771 /* Window_iPhone.xib */,
				8C4D3D10146756170093F771 /* Window_iPad.xib */,
				8C2C55A8146750E70065A877 /* Supporting Files */,
			);
			path = ComponentsDemo;
			sourceTree = "<group>";
		};
		8C2C55A8146750E70065A877 /* Supporting Files */ = {
			isa = PBXGroup;
			children = (
				8C2C55A9146750E70065A877 /* ComponentsDemo-Info.plist */,
				8C2C55AA146750E70065A877 /* InfoPlist.strings */,
				8C2C55AD146750E70065A877 /* main.m */,
				8C2C55AF146750E70065A877 /* ComponentsDemo-Prefix.pch */,
			);
			name = "Supporting Files";
			sourceTree = "<group>";
		};
		8C2C55B81467510A0065A877 /* Classes */ = {
			isa = PBXGroup;
			children = (
				8C7126CC146751A300C03BD2 /* KSAdvancedPicker */,
				8C2C55B91467510A0065A877 /* KSCheckView */,
				8C7126CF146751A300C03BD2 /* KSEditEnder */,
				8C7126D2146751A300C03BD2 /* KSProgressDownloader */,
				8C7126D5146751A300C03BD2 /* KSSheetView */,
			);
			name = Classes;
			path = ../../Classes;
			sourceTree = "<group>";
		};
		8C2C55B91467510A0065A877 /* KSCheckView */ = {
			isa = PBXGroup;
			children = (
				8C7126C91467517100C03BD2 /* KSCheckView.h */,
				8C7126CA1467517100C03BD2 /* KSCheckView.m */,
			);
			path = KSCheckView;
			sourceTree = "<group>";
		};
		8C4D3D06146754690093F771 /* Tests */ = {
			isa = PBXGroup;
			children = (
				8C4D3D201467591A0093F771 /* KSAdvancedPicker */,
				8C4D3D231467591A0093F771 /* KSCheckView */,
				8C4D3D241467591A0093F771 /* KSEditEnder */,
				8C4D3D251467591A0093F771 /* KSProgressDownloader */,
				8C4D3D261467591A0093F771 /* KSSheetView */,
			);
			path = Tests;
			sourceTree = "<group>";
		};
		8C4D3D201467591A0093F771 /* KSAdvancedPicker */ = {
			isa = PBXGroup;
			children = (
				8C4D3D211467591A0093F771 /* VC_KSAdvancedPicker.h */,
				8C4D3D221467591A0093F771 /* VC_KSAdvancedPicker.m */,
			);
			path = KSAdvancedPicker;
			sourceTree = "<group>";
		};
		8C4D3D231467591A0093F771 /* KSCheckView */ = {
			isa = PBXGroup;
			children = (
				8C4D3D3114675EEC0093F771 /* VC_KSCheckView.h */,
				8C4D3D3214675EEC0093F771 /* VC_KSCheckView.m */,
			);
			path = KSCheckView;
			sourceTree = "<group>";
		};
		8C4D3D241467591A0093F771 /* KSEditEnder */ = {
			isa = PBXGroup;
			children = (
				8C4D3D2814675BF40093F771 /* VC_KSEditEnder.h */,
				8C4D3D2914675BF40093F771 /* VC_KSEditEnder.m */,
			);
			path = KSEditEnder;
			sourceTree = "<group>";
		};
		8C4D3D251467591A0093F771 /* KSProgressDownloader */ = {
			isa = PBXGroup;
			children = (
				8C4D3D2B14675C520093F771 /* VC_KSProgressDownloader.h */,
				8C4D3D2C14675C520093F771 /* VC_KSProgressDownloader.m */,
			);
			path = KSProgressDownloader;
			sourceTree = "<group>";
		};
		8C4D3D261467591A0093F771 /* KSSheetView */ = {
			isa = PBXGroup;
			children = (
				8C4D3D2E14675D930093F771 /* VC_KSSheetView.h */,
				8C4D3D2F14675D930093F771 /* VC_KSSheetView.m */,
			);
			path = KSSheetView;
			sourceTree = "<group>";
		};
		8C7126CC146751A300C03BD2 /* KSAdvancedPicker */ = {
			isa = PBXGroup;
			children = (
				8C7126CD146751A300C03BD2 /* KSAdvancedPicker.h */,
				8C7126CE146751A300C03BD2 /* KSAdvancedPicker.m */,
			);
			path = KSAdvancedPicker;
			sourceTree = "<group>";
		};
		8C7126CF146751A300C03BD2 /* KSEditEnder */ = {
			isa = PBXGroup;
			children = (
				8C7126D0146751A300C03BD2 /* KSEditEnder.h */,
				8C7126D1146751A300C03BD2 /* KSEditEnder.m */,
			);
			path = KSEditEnder;
			sourceTree = "<group>";
		};
		8C7126D2146751A300C03BD2 /* KSProgressDownloader */ = {
			isa = PBXGroup;
			children = (
				8C7126D3146751A300C03BD2 /* KSProgressDownloader.h */,
				8C7126D4146751A300C03BD2 /* KSProgressDownloader.m */,
			);
			path = KSProgressDownloader;
			sourceTree = "<group>";
		};
		8C7126D5146751A300C03BD2 /* KSSheetView */ = {
			isa = PBXGroup;
			children = (
				8C7126D6146751A300C03BD2 /* KSSheetView.h */,
				8C7126D7146751A300C03BD2 /* KSSheetView.m */,
			);
			path = KSSheetView;
			sourceTree = "<group>";
		};
		8C7126E0146751DC00C03BD2 /* External */ = {
			isa = PBXGroup;
			children = (
				8C7126E1146751DC00C03BD2 /* asi-http-request */,
				8C7126FB146751DC00C03BD2 /* GHUnit */,
				8C7126FC146751DC00C03BD2 /* Reachability */,
			);
			name = External;
			path = ../../External;
			sourceTree = "<group>";
		};
		8C7126E1146751DC00C03BD2 /* asi-http-request */ = {
			isa = PBXGroup;
			children = (
				8C7126E2146751DC00C03BD2 /* ASIAuthenticationDialog.h */,
				8C7126E3146751DC00C03BD2 /* ASIAuthenticationDialog.m */,
				8C7126E4146751DC00C03BD2 /* ASICacheDelegate.h */,
				8C7126E5146751DC00C03BD2 /* ASIDataCompressor.h */,
				8C7126E6146751DC00C03BD2 /* ASIDataCompressor.m */,
				8C7126E7146751DC00C03BD2 /* ASIDataDecompressor.h */,
				8C7126E8146751DC00C03BD2 /* ASIDataDecompressor.m */,
				8C7126E9146751DC00C03BD2 /* ASIDownloadCache.h */,
				8C7126EA146751DC00C03BD2 /* ASIDownloadCache.m */,
				8C7126EB146751DC00C03BD2 /* ASIFormDataRequest.h */,
				8C7126EC146751DC00C03BD2 /* ASIFormDataRequest.m */,
				8C7126ED146751DC00C03BD2 /* ASIHTTPRequest.h */,
				8C7126EE146751DC00C03BD2 /* ASIHTTPRequest.m */,
				8C7126EF146751DC00C03BD2 /* ASIHTTPRequestConfig.h */,
				8C7126F0146751DC00C03BD2 /* ASIHTTPRequestDelegate.h */,
				8C7126F1146751DC00C03BD2 /* ASIInputStream.h */,
				8C7126F2146751DC00C03BD2 /* ASIInputStream.m */,
				8C7126F3146751DC00C03BD2 /* ASINetworkQueue.h */,
				8C7126F4146751DC00C03BD2 /* ASINetworkQueue.m */,
				8C7126F5146751DC00C03BD2 /* ASIProgressDelegate.h */,
				8C7126F6146751DC00C03BD2 /* ASIWebPageRequest */,
				8C7126F7146751DC00C03BD2 /* CloudFiles */,
				8C7126F8146751DC00C03BD2 /* LICENSE */,
				8C7126F9146751DC00C03BD2 /* S3 */,
				8C7126FA146751DC00C03BD2 /* Tests */,
			);
			path = "asi-http-request";
			sourceTree = "<group>";
		};
		8C7126F6146751DC00C03BD2 /* ASIWebPageRequest */ = {
			isa = PBXGroup;
			children = (
			);
			path = ASIWebPageRequest;
			sourceTree = "<group>";
		};
		8C7126F7146751DC00C03BD2 /* CloudFiles */ = {
			isa = PBXGroup;
			children = (
			);
			path = CloudFiles;
			sourceTree = "<group>";
		};
		8C7126F9146751DC00C03BD2 /* S3 */ = {
			isa = PBXGroup;
			children = (
			);
			path = S3;
			sourceTree = "<group>";
		};
		8C7126FA146751DC00C03BD2 /* Tests */ = {
			isa = PBXGroup;
			children = (
			);
			path = Tests;
			sourceTree = "<group>";
		};
		8C7126FB146751DC00C03BD2 /* GHUnit */ = {
			isa = PBXGroup;
			children = (
			);
			path = GHUnit;
			sourceTree = "<group>";
		};
		8C7126FC146751DC00C03BD2 /* Reachability */ = {
			isa = PBXGroup;
			children = (
				8C7126FD146751DC00C03BD2 /* Reachability.h */,
				8C7126FE146751DC00C03BD2 /* Reachability.m */,
			);
			path = Reachability;
			sourceTree = "<group>";
		};
/* End PBXGroup section */

/* Begin PBXNativeTarget section */
		8C2C559C146750E70065A877 /* ComponentsDemo */ = {
			isa = PBXNativeTarget;
			buildConfigurationList = 8C2C55B5146750E70065A877 /* Build configuration list for PBXNativeTarget "ComponentsDemo" */;
			buildPhases = (
				8C2C5599146750E70065A877 /* Sources */,
				8C2C559A146750E70065A877 /* Frameworks */,
				8C2C559B146750E70065A877 /* Resources */,
			);
			buildRules = (
			);
			dependencies = (
			);
			name = ComponentsDemo;
			productName = ComponentsDemo;
			productReference = 8C2C559D146750E70065A877 /* ComponentsDemo.app */;
			productType = "com.apple.product-type.application";
		};
/* End PBXNativeTarget section */

/* Begin PBXProject section */
		8C2C5594146750E70065A877 /* Project object */ = {
			isa = PBXProject;
			attributes = {
				LastUpgradeCheck = 0420;
				ORGANIZATIONNAME = algoritmico;
			};
			buildConfigurationList = 8C2C5597146750E70065A877 /* Build configuration list for PBXProject "ComponentsDemo" */;
			compatibilityVersion = "Xcode 3.2";
			developmentRegion = English;
			hasScannedForEncodings = 0;
			knownRegions = (
				en,
			);
			mainGroup = 8C2C5592146750E70065A877;
			productRefGroup = 8C2C559E146750E70065A877 /* Products */;
			projectDirPath = "";
			projectRoot = "";
			targets = (
				8C2C559C146750E70065A877 /* ComponentsDemo */,
			);
		};
/* End PBXProject section */

/* Begin PBXResourcesBuildPhase section */
		8C2C559B146750E70065A877 /* Resources */ = {
			isa = PBXResourcesBuildPhase;
			buildActionMask = 2147483647;
			files = (
				8C2C55AC146750E70065A877 /* InfoPlist.strings in Resources */,
				8C712707146751DC00C03BD2 /* LICENSE in Resources */,
				8C4D3D14146756170093F771 /* ViewController_iPad.xib in Resources */,
				8C4D3D15146756170093F771 /* ViewController_iPhone.xib in Resources */,
				8C4D3D16146756170093F771 /* Window_iPad.xib in Resources */,
				8C4D3D17146756170093F771 /* Window_iPhone.xib in Resources */,
			);
			runOnlyForDeploymentPostprocessing = 0;
		};
/* End PBXResourcesBuildPhase section */

/* Begin PBXSourcesBuildPhase section */
		8C2C5599146750E70065A877 /* Sources */ = {
			isa = PBXSourcesBuildPhase;
			buildActionMask = 2147483647;
			files = (
				8C2C55AE146750E70065A877 /* main.m in Sources */,
				8C2C55B2146750E70065A877 /* AppDelegate.m in Sources */,
				8C7126CB1467517100C03BD2 /* KSCheckView.m in Sources */,
				8C7126D8146751A300C03BD2 /* KSAdvancedPicker.m in Sources */,
				8C7126D9146751A300C03BD2 /* KSEditEnder.m in Sources */,
				8C7126DA146751A300C03BD2 /* KSProgressDownloader.m in Sources */,
				8C7126DB146751A300C03BD2 /* KSSheetView.m in Sources */,
				8C7126FF146751DC00C03BD2 /* ASIAuthenticationDialog.m in Sources */,
				8C712700146751DC00C03BD2 /* ASIDataCompressor.m in Sources */,
				8C712701146751DC00C03BD2 /* ASIDataDecompressor.m in Sources */,
				8C712702146751DC00C03BD2 /* ASIDownloadCache.m in Sources */,
				8C712703146751DC00C03BD2 /* ASIFormDataRequest.m in Sources */,
				8C712704146751DC00C03BD2 /* ASIHTTPRequest.m in Sources */,
				8C712705146751DC00C03BD2 /* ASIInputStream.m in Sources */,
				8C712706146751DC00C03BD2 /* ASINetworkQueue.m in Sources */,
				8C712708146751DC00C03BD2 /* Reachability.m in Sources */,
				8C4D3D0A1467549D0093F771 /* ViewController.m in Sources */,
				8C4D3D271467591A0093F771 /* VC_KSAdvancedPicker.m in Sources */,
				8C4D3D2A14675BF40093F771 /* VC_KSEditEnder.m in Sources */,
				8C4D3D2D14675C520093F771 /* VC_KSProgressDownloader.m in Sources */,
				8C4D3D3014675D930093F771 /* VC_KSSheetView.m in Sources */,
				8C4D3D3314675EEC0093F771 /* VC_KSCheckView.m in Sources */,
			);
			runOnlyForDeploymentPostprocessing = 0;
		};
/* End PBXSourcesBuildPhase section */

/* Begin PBXVariantGroup section */
		8C2C55AA146750E70065A877 /* InfoPlist.strings */ = {
			isa = PBXVariantGroup;
			children = (
				8C2C55AB146750E70065A877 /* en */,
			);
			name = InfoPlist.strings;
			sourceTree = "<group>";
		};
		8C4D3D0C146756170093F771 /* ViewController_iPad.xib */ = {
			isa = PBXVariantGroup;
			children = (
				8C4D3D0D146756170093F771 /* en */,
			);
			name = ViewController_iPad.xib;
			sourceTree = "<group>";
		};
		8C4D3D0E146756170093F771 /* ViewController_iPhone.xib */ = {
			isa = PBXVariantGroup;
			children = (
				8C4D3D0F146756170093F771 /* en */,
			);
			name = ViewController_iPhone.xib;
			sourceTree = "<group>";
		};
		8C4D3D10146756170093F771 /* Window_iPad.xib */ = {
			isa = PBXVariantGroup;
			children = (
				8C4D3D11146756170093F771 /* en */,
			);
			name = Window_iPad.xib;
			sourceTree = "<group>";
		};
		8C4D3D12146756170093F771 /* Window_iPhone.xib */ = {
			isa = PBXVariantGroup;
			children = (
				8C4D3D13146756170093F771 /* en */,
			);
			name = Window_iPhone.xib;
			sourceTree = "<group>";
		};
/* End PBXVariantGroup section */

/* Begin XCBuildConfiguration section */
		8C2C55B3146750E70065A877 /* Debug */ = {
			isa = XCBuildConfiguration;
			buildSettings = {
				ALWAYS_SEARCH_USER_PATHS = NO;
				ARCHS = "$(ARCHS_STANDARD_32_BIT)";
				"CODE_SIGN_IDENTITY[sdk=iphoneos*]" = "iPhone Developer";
				COPY_PHASE_STRIP = NO;
				GCC_C_LANGUAGE_STANDARD = gnu99;
				GCC_DYNAMIC_NO_PIC = NO;
				GCC_OPTIMIZATION_LEVEL = 0;
				GCC_PREPROCESSOR_DEFINITIONS = (
					"DEBUG=1",
					"$(inherited)",
				);
				GCC_SYMBOLS_PRIVATE_EXTERN = NO;
				GCC_VERSION = com.apple.compilers.llvm.clang.1_0;
				GCC_WARN_ABOUT_MISSING_PROTOTYPES = YES;
				GCC_WARN_ABOUT_RETURN_TYPE = YES;
				GCC_WARN_UNUSED_VARIABLE = YES;
				IPHONEOS_DEPLOYMENT_TARGET = 3.2;
				SDKROOT = iphoneos;
				TARGETED_DEVICE_FAMILY = "1,2";
			};
			name = Debug;
		};
		8C2C55B4146750E70065A877 /* Release */ = {
			isa = XCBuildConfiguration;
			buildSettings = {
				ALWAYS_SEARCH_USER_PATHS = NO;
				ARCHS = "$(ARCHS_STANDARD_32_BIT)";
				"CODE_SIGN_IDENTITY[sdk=iphoneos*]" = "iPhone Developer";
				COPY_PHASE_STRIP = YES;
				GCC_C_LANGUAGE_STANDARD = gnu99;
				GCC_VERSION = com.apple.compilers.llvm.clang.1_0;
				GCC_WARN_ABOUT_MISSING_PROTOTYPES = YES;
				GCC_WARN_ABOUT_RETURN_TYPE = YES;
				GCC_WARN_UNUSED_VARIABLE = YES;
				IPHONEOS_DEPLOYMENT_TARGET = 3.2;
				OTHER_CFLAGS = "-DNS_BLOCK_ASSERTIONS=1";
				SDKROOT = iphoneos;
				TARGETED_DEVICE_FAMILY = "1,2";
				VALIDATE_PRODUCT = YES;
			};
			name = Release;
		};
		8C2C55B6146750E70065A877 /* Debug */ = {
			isa = XCBuildConfiguration;
			buildSettings = {
				GCC_PRECOMPILE_PREFIX_HEADER = YES;
				GCC_PREFIX_HEADER = "ComponentsDemo/ComponentsDemo-Prefix.pch";
				INFOPLIST_FILE = "ComponentsDemo/ComponentsDemo-Info.plist";
				PRODUCT_NAME = "$(TARGET_NAME)";
				WRAPPER_EXTENSION = app;
			};
			name = Debug;
		};
		8C2C55B7146750E70065A877 /* Release */ = {
			isa = XCBuildConfiguration;
			buildSettings = {
				GCC_PRECOMPILE_PREFIX_HEADER = YES;
				GCC_PREFIX_HEADER = "ComponentsDemo/ComponentsDemo-Prefix.pch";
				INFOPLIST_FILE = "ComponentsDemo/ComponentsDemo-Info.plist";
				PRODUCT_NAME = "$(TARGET_NAME)";
				WRAPPER_EXTENSION = app;
			};
			name = Release;
		};
/* End XCBuildConfiguration section */

/* Begin XCConfigurationList section */
		8C2C5597146750E70065A877 /* Build configuration list for PBXProject "ComponentsDemo" */ = {
			isa = XCConfigurationList;
			buildConfigurations = (
				8C2C55B3146750E70065A877 /* Debug */,
				8C2C55B4146750E70065A877 /* Release */,
			);
			defaultConfigurationIsVisible = 0;
			defaultConfigurationName = Release;
		};
		8C2C55B5146750E70065A877 /* Build configuration list for PBXNativeTarget "ComponentsDemo" */ = {
			isa = XCConfigurationList;
			buildConfigurations = (
				8C2C55B6146750E70065A877 /* Debug */,
				8C2C55B7146750E70065A877 /* Release */,
			);
			defaultConfigurationIsVisible = 0;
			defaultConfigurationName = Release;
		};
/* End XCConfigurationList section */
	};
	rootObject = 8C2C5594146750E70065A877 /* Project object */;
}
