// !$*UTF8*$!
{
	archiveVersion = 1;
	classes = {
	};
	objectVersion = 46;
	objects = {

/* Begin PBXBuildFile section */
		0E9EE38719CC64E700229C3C /* Default-568h@2x.png in Resources */ = {isa = PBXBuildFile; fileRef = 0E9EE38619CC64E700229C3C /* Default-568h@2x.png */; };
		8C0824B518CA737300491FEE /* VC_KSAdvancedPicker.m in Sources */ = {isa = PBXBuildFile; fileRef = 8C0824B118CA737300491FEE /* VC_KSAdvancedPicker.m */; };
		8C0824B618CA737300491FEE /* VC_KSGridView.m in Sources */ = {isa = PBXBuildFile; fileRef = 8C0824B418CA737300491FEE /* VC_KSGridView.m */; };
		8C0824B818CA760300491FEE /* StoreKit.framework in Frameworks */ = {isa = PBXBuildFile; fileRef = 8C0824B718CA760300491FEE /* StoreKit.framework */; };
		8C0824BA18CA761100491FEE /* Security.framework in Frameworks */ = {isa = PBXBuildFile; fileRef = 8C0824B918CA761100491FEE /* Security.framework */; };
		8C2C55A2146750E70065A877 /* UIKit.framework in Frameworks */ = {isa = PBXBuildFile; fileRef = 8C2C55A1146750E70065A877 /* UIKit.framework */; };
		8C2C55A4146750E70065A877 /* Foundation.framework in Frameworks */ = {isa = PBXBuildFile; fileRef = 8C2C55A3146750E70065A877 /* Foundation.framework */; };
		8C2C55A6146750E70065A877 /* CoreGraphics.framework in Frameworks */ = {isa = PBXBuildFile; fileRef = 8C2C55A5146750E70065A877 /* CoreGraphics.framework */; };
		8C2C55AC146750E70065A877 /* InfoPlist.strings in Resources */ = {isa = PBXBuildFile; fileRef = 8C2C55AA146750E70065A877 /* InfoPlist.strings */; };
		8C2C55AE146750E70065A877 /* main.m in Sources */ = {isa = PBXBuildFile; fileRef = 8C2C55AD146750E70065A877 /* main.m */; };
		8C2C55B2146750E70065A877 /* AppDelegate.m in Sources */ = {isa = PBXBuildFile; fileRef = 8C2C55B1146750E70065A877 /* AppDelegate.m */; };
		8C4D3D0A1467549D0093F771 /* ViewController.m in Sources */ = {isa = PBXBuildFile; fileRef = 8C4D3D091467549D0093F771 /* ViewController.m */; };
		8C4D3D14146756170093F771 /* ViewController_iPad.xib in Resources */ = {isa = PBXBuildFile; fileRef = 8C4D3D0C146756170093F771 /* ViewController_iPad.xib */; };
		8C4D3D15146756170093F771 /* ViewController_iPhone.xib in Resources */ = {isa = PBXBuildFile; fileRef = 8C4D3D0E146756170093F771 /* ViewController_iPhone.xib */; };
		8C4D3D16146756170093F771 /* Window_iPad.xib in Resources */ = {isa = PBXBuildFile; fileRef = 8C4D3D10146756170093F771 /* Window_iPad.xib */; };
		8C4D3D17146756170093F771 /* Window_iPhone.xib in Resources */ = {isa = PBXBuildFile; fileRef = 8C4D3D12146756170093F771 /* Window_iPhone.xib */; };
		8C8AE0311967878E007787ED /* Foundation.framework in Frameworks */ = {isa = PBXBuildFile; fileRef = 8C2C55A3146750E70065A877 /* Foundation.framework */; };
		8C8AE03E1967878E007787ED /* XCTest.framework in Frameworks */ = {isa = PBXBuildFile; fileRef = 8C08245618CA6EF900491FEE /* XCTest.framework */; };
		8C8AE03F1967878E007787ED /* Foundation.framework in Frameworks */ = {isa = PBXBuildFile; fileRef = 8C2C55A3146750E70065A877 /* Foundation.framework */; };
		8C8AE0401967878E007787ED /* UIKit.framework in Frameworks */ = {isa = PBXBuildFile; fileRef = 8C2C55A1146750E70065A877 /* UIKit.framework */; };
		8C8AE0431967878E007787ED /* libComponents.a in Frameworks */ = {isa = PBXBuildFile; fileRef = 8C8AE0301967878E007787ED /* libComponents.a */; };
		8C8AE0491967878E007787ED /* InfoPlist.strings in Resources */ = {isa = PBXBuildFile; fileRef = 8C8AE0471967878E007787ED /* InfoPlist.strings */; };
		8C8AE0D4196787B3007787ED /* CALayer+Borders.m in Sources */ = {isa = PBXBuildFile; fileRef = 8C8AE056196787B3007787ED /* CALayer+Borders.m */; };
		8C8AE0D5196787B3007787ED /* MKMapView+Zoom.m in Sources */ = {isa = PBXBuildFile; fileRef = 8C8AE059196787B3007787ED /* MKMapView+Zoom.m */; };
		8C8AE0D6196787B3007787ED /* NSArray+Occurrences.m in Sources */ = {isa = PBXBuildFile; fileRef = 8C8AE05D196787B3007787ED /* NSArray+Occurrences.m */; };
		8C8AE0D7196787B3007787ED /* NSArray+Varargs.m in Sources */ = {isa = PBXBuildFile; fileRef = 8C8AE061196787B3007787ED /* NSArray+Varargs.m */; };
		8C8AE0D8196787B3007787ED /* NSFileManager+UserDirectories.m in Sources */ = {isa = PBXBuildFile; fileRef = 8C8AE065196787B3007787ED /* NSFileManager+UserDirectories.m */; };
		8C8AE0D9196787B3007787ED /* NSMutableArray+Shuffling.m in Sources */ = {isa = PBXBuildFile; fileRef = 8C8AE069196787B3007787ED /* NSMutableArray+Shuffling.m */; };
		8C8AE0DA196787B3007787ED /* NSString+DateConversion.m in Sources */ = {isa = PBXBuildFile; fileRef = 8C8AE06D196787B3007787ED /* NSString+DateConversion.m */; };
		8C8AE0DB196787B3007787ED /* NSString+Digest.m in Sources */ = {isa = PBXBuildFile; fileRef = 8C8AE071196787B3007787ED /* NSString+Digest.m */; };
		8C8AE0DC196787B3007787ED /* NSString+Numeric.m in Sources */ = {isa = PBXBuildFile; fileRef = 8C8AE075196787B3007787ED /* NSString+Numeric.m */; };
		8C8AE0DD196787B3007787ED /* NSString+Random.m in Sources */ = {isa = PBXBuildFile; fileRef = 8C8AE079196787B3007787ED /* NSString+Random.m */; };
		8C8AE0DE196787B3007787ED /* NSTimer+Pause.m in Sources */ = {isa = PBXBuildFile; fileRef = 8C8AE07D196787B3007787ED /* NSTimer+Pause.m */; };
		8C8AE0DF196787B3007787ED /* UIAcceleration+DeviceAngle.m in Sources */ = {isa = PBXBuildFile; fileRef = 8C8AE082196787B3007787ED /* UIAcceleration+DeviceAngle.m */; };
		8C8AE0E0196787B3007787ED /* UIBarButtonItem+CustomImage.m in Sources */ = {isa = PBXBuildFile; fileRef = 8C8AE086196787B3007787ED /* UIBarButtonItem+CustomImage.m */; };
		8C8AE0E1196787B3007787ED /* UIColor+Darkening.m in Sources */ = {isa = PBXBuildFile; fileRef = 8C8AE08A196787B3007787ED /* UIColor+Darkening.m */; };
		8C8AE0E2196787B3007787ED /* UIScrollView+Shortcuts.m in Sources */ = {isa = PBXBuildFile; fileRef = 8C8AE08E196787B3007787ED /* UIScrollView+Shortcuts.m */; };
		8C8AE0E3196787B3007787ED /* UIWebView+Activity.m in Sources */ = {isa = PBXBuildFile; fileRef = 8C8AE092196787B3007787ED /* UIWebView+Activity.m */; };
		8C8AE0E4196787B3007787ED /* KSActionView.m in Sources */ = {isa = PBXBuildFile; fileRef = 8C8AE096196787B3007787ED /* KSActionView.m */; };
		8C8AE0E5196787B3007787ED /* KSAdvancedPicker.m in Sources */ = {isa = PBXBuildFile; fileRef = 8C8AE09A196787B3007787ED /* KSAdvancedPicker.m */; };
		8C8AE0E6196787B3007787ED /* KSAutocomplete.m in Sources */ = {isa = PBXBuildFile; fileRef = 8C8AE0A1196787B3007787ED /* KSAutocomplete.m */; };
		8C8AE0E7196787B3007787ED /* KSBasicMapAnnotation.m in Sources */ = {isa = PBXBuildFile; fileRef = 8C8AE0A5196787B3007787ED /* KSBasicMapAnnotation.m */; };
		8C8AE0E8196787B3007787ED /* KSCheckView.m in Sources */ = {isa = PBXBuildFile; fileRef = 8C8AE0A9196787B3007787ED /* KSCheckView.m */; };
		8C8AE0E9196787B3007787ED /* KSCIDictionary.m in Sources */ = {isa = PBXBuildFile; fileRef = 8C8AE0AD196787B3007787ED /* KSCIDictionary.m */; };
		8C8AE0EA196787B3007787ED /* KSEditEnder.m in Sources */ = {isa = PBXBuildFile; fileRef = 8C8AE0B1196787B3007787ED /* KSEditEnder.m */; };
		8C8AE0EB196787B3007787ED /* KSGridView.m in Sources */ = {isa = PBXBuildFile; fileRef = 8C8AE0B5196787B3007787ED /* KSGridView.m */; };
		8C8AE0EC196787B3007787ED /* KSGridViewCell.m in Sources */ = {isa = PBXBuildFile; fileRef = 8C8AE0B7196787B3007787ED /* KSGridViewCell.m */; };
		8C8AE0ED196787B3007787ED /* KSGridViewIndex.m in Sources */ = {isa = PBXBuildFile; fileRef = 8C8AE0B9196787B3007787ED /* KSGridViewIndex.m */; };
		8C8AE0EE196787B3007787ED /* KSIAPManager.m in Sources */ = {isa = PBXBuildFile; fileRef = 8C8AE0C2196787B3007787ED /* KSIAPManager.m */; };
		8C8AE0EF196787B3007787ED /* KSKeychain.m in Sources */ = {isa = PBXBuildFile; fileRef = 8C8AE0C7196787B3007787ED /* KSKeychain.m */; };
		8C8AE0F0196787B3007787ED /* KSMacrosBlocks.m in Sources */ = {isa = PBXBuildFile; fileRef = 8C8AE0CC196787B3007787ED /* KSMacrosBlocks.m */; };
		8C8AE0F1196787B3007787ED /* KSSheetView.m in Sources */ = {isa = PBXBuildFile; fileRef = 8C8AE0D2196787B3007787ED /* KSSheetView.m */; };
		8C8AE0F919678958007787ED /* KSCIDictionaryTests.m in Sources */ = {isa = PBXBuildFile; fileRef = 8C8AE0F819678958007787ED /* KSCIDictionaryTests.m */; };
		8C8AE0FA19678BF0007787ED /* libComponents.a in Frameworks */ = {isa = PBXBuildFile; fileRef = 8C8AE0301967878E007787ED /* libComponents.a */; };
		8C8AE0FD19678D69007787ED /* LegacyViewController.m in Sources */ = {isa = PBXBuildFile; fileRef = 8C8AE0FC19678D69007787ED /* LegacyViewController.m */; };
		8CA7D641146D84810042648E /* VC_MKMapView_Zoom.m in Sources */ = {isa = PBXBuildFile; fileRef = 8CA7D640146D84810042648E /* VC_MKMapView_Zoom.m */; };
		8CA7D643146D84B60042648E /* MapKit.framework in Frameworks */ = {isa = PBXBuildFile; fileRef = 8CA7D642146D84B60042648E /* MapKit.framework */; };
		8CA7D645146D84E60042648E /* CoreLocation.framework in Frameworks */ = {isa = PBXBuildFile; fileRef = 8CA7D644146D84E60042648E /* CoreLocation.framework */; };
		8CABAF95146AC9DC0056D831 /* VC_NSString_DateConversion.m in Sources */ = {isa = PBXBuildFile; fileRef = 8CABAF91146AC9DC0056D831 /* VC_NSString_DateConversion.m */; };
		8CABAF96146AC9DC0056D831 /* VC_UIBarButtonItem_CustomImage.m in Sources */ = {isa = PBXBuildFile; fileRef = 8CABAF94146AC9DC0056D831 /* VC_UIBarButtonItem_CustomImage.m */; };
		8CABAFB0146AD26D0056D831 /* VC_KSCheckView.m in Sources */ = {isa = PBXBuildFile; fileRef = 8CABAFA5146AD26D0056D831 /* VC_KSCheckView.m */; };
		8CABAFB1146AD26D0056D831 /* VC_KSEditEnder.m in Sources */ = {isa = PBXBuildFile; fileRef = 8CABAFA8146AD26D0056D831 /* VC_KSEditEnder.m */; };
		8CABAFB3146AD26D0056D831 /* VC_KSSheetView.m in Sources */ = {isa = PBXBuildFile; fileRef = 8CABAFAE146AD26D0056D831 /* VC_KSSheetView.m */; };
		8CABAFB8146AD3120056D831 /* ItemBackgroundImage.png in Resources */ = {isa = PBXBuildFile; fileRef = 8CABAFB4146AD3120056D831 /* ItemBackgroundImage.png */; };
		8CABAFB9146AD3120056D831 /* ItemBackgroundImage@2x.png in Resources */ = {isa = PBXBuildFile; fileRef = 8CABAFB5146AD3120056D831 /* ItemBackgroundImage@2x.png */; };
		8CABAFBA146AD3120056D831 /* ItemImage.png in Resources */ = {isa = PBXBuildFile; fileRef = 8CABAFB6146AD3120056D831 /* ItemImage.png */; };
		8CABAFBB146AD3120056D831 /* ItemImage@2x.png in Resources */ = {isa = PBXBuildFile; fileRef = 8CABAFB7146AD3120056D831 /* ItemImage@2x.png */; };
		8CCC972A151FE1ED0085C7EE /* VC_NSString_Random.m in Sources */ = {isa = PBXBuildFile; fileRef = 8CCC9729151FE1ED0085C7EE /* VC_NSString_Random.m */; };
		8CD055B114730C12001A3EF5 /* VC_NSString_Digest.m in Sources */ = {isa = PBXBuildFile; fileRef = 8CD055B014730C12001A3EF5 /* VC_NSString_Digest.m */; };
		8CEA567714C7796600453958 /* VC_NSTimer_Pause.m in Sources */ = {isa = PBXBuildFile; fileRef = 8CEA567614C7796600453958 /* VC_NSTimer_Pause.m */; };
		8CFBD72714C280210041D042 /* VC_UIAcceleration_DeviceAngle.m in Sources */ = {isa = PBXBuildFile; fileRef = 8CFBD72614C280210041D042 /* VC_UIAcceleration_DeviceAngle.m */; };
		8CFBD73614C288750041D042 /* VC_NSMutableArray_Shuffling.m in Sources */ = {isa = PBXBuildFile; fileRef = 8CFBD73514C288750041D042 /* VC_NSMutableArray_Shuffling.m */; };
/* End PBXBuildFile section */

/* Begin PBXContainerItemProxy section */
		8C8AE0411967878E007787ED /* PBXContainerItemProxy */ = {
			isa = PBXContainerItemProxy;
			containerPortal = 8C2C5594146750E70065A877 /* Project object */;
			proxyType = 1;
			remoteGlobalIDString = 8C8AE02F1967878E007787ED;
			remoteInfo = Components;
		};
/* End PBXContainerItemProxy section */

/* Begin PBXCopyFilesBuildPhase section */
		8C8AE02E1967878E007787ED /* CopyFiles */ = {
			isa = PBXCopyFilesBuildPhase;
			buildActionMask = 2147483647;
			dstPath = "include/$(PRODUCT_NAME)";
			dstSubfolderSpec = 16;
			files = (
			);
			runOnlyForDeploymentPostprocessing = 0;
		};
/* End PBXCopyFilesBuildPhase section */

/* Begin PBXFileReference section */
		0E9EE38619CC64E700229C3C /* Default-568h@2x.png */ = {isa = PBXFileReference; lastKnownFileType = image.png; path = "Default-568h@2x.png"; sourceTree = "<group>"; };
		8C08245618CA6EF900491FEE /* XCTest.framework */ = {isa = PBXFileReference; lastKnownFileType = wrapper.framework; name = XCTest.framework; path = Library/Frameworks/XCTest.framework; sourceTree = DEVELOPER_DIR; };
		8C0824B018CA737300491FEE /* VC_KSAdvancedPicker.h */ = {isa = PBXFileReference; fileEncoding = 4; lastKnownFileType = sourcecode.c.h; path = VC_KSAdvancedPicker.h; sourceTree = "<group>"; };
		8C0824B118CA737300491FEE /* VC_KSAdvancedPicker.m */ = {isa = PBXFileReference; fileEncoding = 4; lastKnownFileType = sourcecode.c.objc; path = VC_KSAdvancedPicker.m; sourceTree = "<group>"; };
		8C0824B318CA737300491FEE /* VC_KSGridView.h */ = {isa = PBXFileReference; fileEncoding = 4; lastKnownFileType = sourcecode.c.h; path = VC_KSGridView.h; sourceTree = "<group>"; };
		8C0824B418CA737300491FEE /* VC_KSGridView.m */ = {isa = PBXFileReference; fileEncoding = 4; lastKnownFileType = sourcecode.c.objc; path = VC_KSGridView.m; sourceTree = "<group>"; };
		8C0824B718CA760300491FEE /* StoreKit.framework */ = {isa = PBXFileReference; lastKnownFileType = wrapper.framework; name = StoreKit.framework; path = System/Library/Frameworks/StoreKit.framework; sourceTree = SDKROOT; };
		8C0824B918CA761100491FEE /* Security.framework */ = {isa = PBXFileReference; lastKnownFileType = wrapper.framework; name = Security.framework; path = System/Library/Frameworks/Security.framework; sourceTree = SDKROOT; };
		8C2C559D146750E70065A877 /* ComponentsDemo.app */ = {isa = PBXFileReference; explicitFileType = wrapper.application; includeInIndex = 0; path = ComponentsDemo.app; sourceTree = BUILT_PRODUCTS_DIR; };
		8C2C55A1146750E70065A877 /* UIKit.framework */ = {isa = PBXFileReference; lastKnownFileType = wrapper.framework; name = UIKit.framework; path = System/Library/Frameworks/UIKit.framework; sourceTree = SDKROOT; };
		8C2C55A3146750E70065A877 /* Foundation.framework */ = {isa = PBXFileReference; lastKnownFileType = wrapper.framework; name = Foundation.framework; path = System/Library/Frameworks/Foundation.framework; sourceTree = SDKROOT; };
		8C2C55A5146750E70065A877 /* CoreGraphics.framework */ = {isa = PBXFileReference; lastKnownFileType = wrapper.framework; name = CoreGraphics.framework; path = System/Library/Frameworks/CoreGraphics.framework; sourceTree = SDKROOT; };
		8C2C55A9146750E70065A877 /* Components-Info.plist */ = {isa = PBXFileReference; lastKnownFileType = text.plist.xml; path = "Components-Info.plist"; sourceTree = "<group>"; };
		8C2C55AB146750E70065A877 /* en */ = {isa = PBXFileReference; lastKnownFileType = text.plist.strings; name = en; path = en.lproj/InfoPlist.strings; sourceTree = "<group>"; };
		8C2C55AD146750E70065A877 /* main.m */ = {isa = PBXFileReference; lastKnownFileType = sourcecode.c.objc; path = main.m; sourceTree = "<group>"; };
		8C2C55AF146750E70065A877 /* Components-Prefix.pch */ = {isa = PBXFileReference; lastKnownFileType = sourcecode.c.h; path = "Components-Prefix.pch"; sourceTree = "<group>"; };
		8C2C55B0146750E70065A877 /* AppDelegate.h */ = {isa = PBXFileReference; lastKnownFileType = sourcecode.c.h; path = AppDelegate.h; sourceTree = "<group>"; };
		8C2C55B1146750E70065A877 /* AppDelegate.m */ = {isa = PBXFileReference; lastKnownFileType = sourcecode.c.objc; path = AppDelegate.m; sourceTree = "<group>"; };
		8C4D3D081467549D0093F771 /* ViewController.h */ = {isa = PBXFileReference; fileEncoding = 4; lastKnownFileType = sourcecode.c.h; path = ViewController.h; sourceTree = "<group>"; };
		8C4D3D091467549D0093F771 /* ViewController.m */ = {isa = PBXFileReference; fileEncoding = 4; lastKnownFileType = sourcecode.c.objc; path = ViewController.m; sourceTree = "<group>"; };
		8C4D3D0D146756170093F771 /* en */ = {isa = PBXFileReference; lastKnownFileType = file.xib; name = en; path = en.lproj/ViewController_iPad.xib; sourceTree = "<group>"; };
		8C4D3D0F146756170093F771 /* en */ = {isa = PBXFileReference; lastKnownFileType = file.xib; name = en; path = en.lproj/ViewController_iPhone.xib; sourceTree = "<group>"; };
		8C4D3D11146756170093F771 /* en */ = {isa = PBXFileReference; lastKnownFileType = file.xib; name = en; path = en.lproj/Window_iPad.xib; sourceTree = "<group>"; };
		8C4D3D13146756170093F771 /* en */ = {isa = PBXFileReference; lastKnownFileType = file.xib; name = en; path = en.lproj/Window_iPhone.xib; sourceTree = "<group>"; };
		8C8AE0301967878E007787ED /* libComponents.a */ = {isa = PBXFileReference; explicitFileType = archive.ar; includeInIndex = 0; path = libComponents.a; sourceTree = BUILT_PRODUCTS_DIR; };
		8C8AE0341967878E007787ED /* Components-Prefix.pch */ = {isa = PBXFileReference; lastKnownFileType = sourcecode.c.h; path = "Components-Prefix.pch"; sourceTree = "<group>"; };
		8C8AE03D1967878E007787ED /* ComponentsTests.xctest */ = {isa = PBXFileReference; explicitFileType = wrapper.cfbundle; includeInIndex = 0; path = ComponentsTests.xctest; sourceTree = BUILT_PRODUCTS_DIR; };
		8C8AE0461967878E007787ED /* ComponentsTests-Info.plist */ = {isa = PBXFileReference; lastKnownFileType = text.plist.xml; path = "ComponentsTests-Info.plist"; sourceTree = "<group>"; };
		8C8AE0481967878E007787ED /* en */ = {isa = PBXFileReference; lastKnownFileType = text.plist.strings; name = en; path = en.lproj/InfoPlist.strings; sourceTree = "<group>"; };
		8C8AE052196787B3007787ED /* ARCHelper.h */ = {isa = PBXFileReference; fileEncoding = 4; lastKnownFileType = sourcecode.c.h; path = ARCHelper.h; sourceTree = "<group>"; };
		8C8AE055196787B3007787ED /* CALayer+Borders.h */ = {isa = PBXFileReference; fileEncoding = 4; lastKnownFileType = sourcecode.c.h; path = "CALayer+Borders.h"; sourceTree = "<group>"; };
		8C8AE056196787B3007787ED /* CALayer+Borders.m */ = {isa = PBXFileReference; fileEncoding = 4; lastKnownFileType = sourcecode.c.objc; path = "CALayer+Borders.m"; sourceTree = "<group>"; };
		8C8AE058196787B3007787ED /* MKMapView+Zoom.h */ = {isa = PBXFileReference; fileEncoding = 4; lastKnownFileType = sourcecode.c.h; path = "MKMapView+Zoom.h"; sourceTree = "<group>"; };
		8C8AE059196787B3007787ED /* MKMapView+Zoom.m */ = {isa = PBXFileReference; fileEncoding = 4; lastKnownFileType = sourcecode.c.objc; path = "MKMapView+Zoom.m"; sourceTree = "<group>"; };
		8C8AE05A196787B3007787ED /* README.md */ = {isa = PBXFileReference; fileEncoding = 4; lastKnownFileType = text; path = README.md; sourceTree = "<group>"; };
		8C8AE05C196787B3007787ED /* NSArray+Occurrences.h */ = {isa = PBXFileReference; fileEncoding = 4; lastKnownFileType = sourcecode.c.h; path = "NSArray+Occurrences.h"; sourceTree = "<group>"; };
		8C8AE05D196787B3007787ED /* NSArray+Occurrences.m */ = {isa = PBXFileReference; fileEncoding = 4; lastKnownFileType = sourcecode.c.objc; path = "NSArray+Occurrences.m"; sourceTree = "<group>"; };
		8C8AE05E196787B3007787ED /* README.md */ = {isa = PBXFileReference; fileEncoding = 4; lastKnownFileType = text; path = README.md; sourceTree = "<group>"; };
		8C8AE060196787B3007787ED /* NSArray+Varargs.h */ = {isa = PBXFileReference; fileEncoding = 4; lastKnownFileType = sourcecode.c.h; path = "NSArray+Varargs.h"; sourceTree = "<group>"; };
		8C8AE061196787B3007787ED /* NSArray+Varargs.m */ = {isa = PBXFileReference; fileEncoding = 4; lastKnownFileType = sourcecode.c.objc; path = "NSArray+Varargs.m"; sourceTree = "<group>"; };
		8C8AE062196787B3007787ED /* README.md */ = {isa = PBXFileReference; fileEncoding = 4; lastKnownFileType = text; path = README.md; sourceTree = "<group>"; };
		8C8AE064196787B3007787ED /* NSFileManager+UserDirectories.h */ = {isa = PBXFileReference; fileEncoding = 4; lastKnownFileType = sourcecode.c.h; path = "NSFileManager+UserDirectories.h"; sourceTree = "<group>"; };
		8C8AE065196787B3007787ED /* NSFileManager+UserDirectories.m */ = {isa = PBXFileReference; fileEncoding = 4; lastKnownFileType = sourcecode.c.objc; path = "NSFileManager+UserDirectories.m"; sourceTree = "<group>"; };
		8C8AE066196787B3007787ED /* README.md */ = {isa = PBXFileReference; fileEncoding = 4; lastKnownFileType = text; path = README.md; sourceTree = "<group>"; };
		8C8AE068196787B3007787ED /* NSMutableArray+Shuffling.h */ = {isa = PBXFileReference; fileEncoding = 4; lastKnownFileType = sourcecode.c.h; path = "NSMutableArray+Shuffling.h"; sourceTree = "<group>"; };
		8C8AE069196787B3007787ED /* NSMutableArray+Shuffling.m */ = {isa = PBXFileReference; fileEncoding = 4; lastKnownFileType = sourcecode.c.objc; path = "NSMutableArray+Shuffling.m"; sourceTree = "<group>"; };
		8C8AE06A196787B3007787ED /* README.md */ = {isa = PBXFileReference; fileEncoding = 4; lastKnownFileType = text; path = README.md; sourceTree = "<group>"; };
		8C8AE06C196787B3007787ED /* NSString+DateConversion.h */ = {isa = PBXFileReference; fileEncoding = 4; lastKnownFileType = sourcecode.c.h; path = "NSString+DateConversion.h"; sourceTree = "<group>"; };
		8C8AE06D196787B3007787ED /* NSString+DateConversion.m */ = {isa = PBXFileReference; fileEncoding = 4; lastKnownFileType = sourcecode.c.objc; path = "NSString+DateConversion.m"; sourceTree = "<group>"; };
		8C8AE06E196787B3007787ED /* README.md */ = {isa = PBXFileReference; fileEncoding = 4; lastKnownFileType = text; path = README.md; sourceTree = "<group>"; };
		8C8AE070196787B3007787ED /* NSString+Digest.h */ = {isa = PBXFileReference; fileEncoding = 4; lastKnownFileType = sourcecode.c.h; path = "NSString+Digest.h"; sourceTree = "<group>"; };
		8C8AE071196787B3007787ED /* NSString+Digest.m */ = {isa = PBXFileReference; fileEncoding = 4; lastKnownFileType = sourcecode.c.objc; path = "NSString+Digest.m"; sourceTree = "<group>"; };
		8C8AE072196787B3007787ED /* README.md */ = {isa = PBXFileReference; fileEncoding = 4; lastKnownFileType = text; path = README.md; sourceTree = "<group>"; };
		8C8AE074196787B3007787ED /* NSString+Numeric.h */ = {isa = PBXFileReference; fileEncoding = 4; lastKnownFileType = sourcecode.c.h; path = "NSString+Numeric.h"; sourceTree = "<group>"; };
		8C8AE075196787B3007787ED /* NSString+Numeric.m */ = {isa = PBXFileReference; fileEncoding = 4; lastKnownFileType = sourcecode.c.objc; path = "NSString+Numeric.m"; sourceTree = "<group>"; };
		8C8AE076196787B3007787ED /* README.md */ = {isa = PBXFileReference; fileEncoding = 4; lastKnownFileType = text; path = README.md; sourceTree = "<group>"; };
		8C8AE078196787B3007787ED /* NSString+Random.h */ = {isa = PBXFileReference; fileEncoding = 4; lastKnownFileType = sourcecode.c.h; path = "NSString+Random.h"; sourceTree = "<group>"; };
		8C8AE079196787B3007787ED /* NSString+Random.m */ = {isa = PBXFileReference; fileEncoding = 4; lastKnownFileType = sourcecode.c.objc; path = "NSString+Random.m"; sourceTree = "<group>"; };
		8C8AE07A196787B3007787ED /* README.md */ = {isa = PBXFileReference; fileEncoding = 4; lastKnownFileType = text; path = README.md; sourceTree = "<group>"; };
		8C8AE07C196787B3007787ED /* NSTimer+Pause.h */ = {isa = PBXFileReference; fileEncoding = 4; lastKnownFileType = sourcecode.c.h; path = "NSTimer+Pause.h"; sourceTree = "<group>"; };
		8C8AE07D196787B3007787ED /* NSTimer+Pause.m */ = {isa = PBXFileReference; fileEncoding = 4; lastKnownFileType = sourcecode.c.objc; path = "NSTimer+Pause.m"; sourceTree = "<group>"; };
		8C8AE07E196787B3007787ED /* README.md */ = {isa = PBXFileReference; fileEncoding = 4; lastKnownFileType = text; path = README.md; sourceTree = "<group>"; };
		8C8AE080196787B3007787ED /* README.md */ = {isa = PBXFileReference; fileEncoding = 4; lastKnownFileType = text; path = README.md; sourceTree = "<group>"; };
		8C8AE081196787B3007787ED /* UIAcceleration+DeviceAngle.h */ = {isa = PBXFileReference; fileEncoding = 4; lastKnownFileType = sourcecode.c.h; path = "UIAcceleration+DeviceAngle.h"; sourceTree = "<group>"; };
		8C8AE082196787B3007787ED /* UIAcceleration+DeviceAngle.m */ = {isa = PBXFileReference; fileEncoding = 4; lastKnownFileType = sourcecode.c.objc; path = "UIAcceleration+DeviceAngle.m"; sourceTree = "<group>"; };
		8C8AE084196787B3007787ED /* README.md */ = {isa = PBXFileReference; fileEncoding = 4; lastKnownFileType = text; path = README.md; sourceTree = "<group>"; };
		8C8AE085196787B3007787ED /* UIBarButtonItem+CustomImage.h */ = {isa = PBXFileReference; fileEncoding = 4; lastKnownFileType = sourcecode.c.h; path = "UIBarButtonItem+CustomImage.h"; sourceTree = "<group>"; };
		8C8AE086196787B3007787ED /* UIBarButtonItem+CustomImage.m */ = {isa = PBXFileReference; fileEncoding = 4; lastKnownFileType = sourcecode.c.objc; path = "UIBarButtonItem+CustomImage.m"; sourceTree = "<group>"; };
		8C8AE088196787B3007787ED /* README.md */ = {isa = PBXFileReference; fileEncoding = 4; lastKnownFileType = text; path = README.md; sourceTree = "<group>"; };
		8C8AE089196787B3007787ED /* UIColor+Darkening.h */ = {isa = PBXFileReference; fileEncoding = 4; lastKnownFileType = sourcecode.c.h; path = "UIColor+Darkening.h"; sourceTree = "<group>"; };
		8C8AE08A196787B3007787ED /* UIColor+Darkening.m */ = {isa = PBXFileReference; fileEncoding = 4; lastKnownFileType = sourcecode.c.objc; path = "UIColor+Darkening.m"; sourceTree = "<group>"; };
		8C8AE08C196787B3007787ED /* README.md */ = {isa = PBXFileReference; fileEncoding = 4; lastKnownFileType = text; path = README.md; sourceTree = "<group>"; };
		8C8AE08D196787B3007787ED /* UIScrollView+Shortcuts.h */ = {isa = PBXFileReference; fileEncoding = 4; lastKnownFileType = sourcecode.c.h; path = "UIScrollView+Shortcuts.h"; sourceTree = "<group>"; };
		8C8AE08E196787B3007787ED /* UIScrollView+Shortcuts.m */ = {isa = PBXFileReference; fileEncoding = 4; lastKnownFileType = sourcecode.c.objc; path = "UIScrollView+Shortcuts.m"; sourceTree = "<group>"; };
		8C8AE090196787B3007787ED /* README.md */ = {isa = PBXFileReference; fileEncoding = 4; lastKnownFileType = text; path = README.md; sourceTree = "<group>"; };
		8C8AE091196787B3007787ED /* UIWebView+Activity.h */ = {isa = PBXFileReference; fileEncoding = 4; lastKnownFileType = sourcecode.c.h; path = "UIWebView+Activity.h"; sourceTree = "<group>"; };
		8C8AE092196787B3007787ED /* UIWebView+Activity.m */ = {isa = PBXFileReference; fileEncoding = 4; lastKnownFileType = sourcecode.c.objc; path = "UIWebView+Activity.m"; sourceTree = "<group>"; };
		8C8AE095196787B3007787ED /* KSActionView.h */ = {isa = PBXFileReference; fileEncoding = 4; lastKnownFileType = sourcecode.c.h; path = KSActionView.h; sourceTree = "<group>"; };
		8C8AE096196787B3007787ED /* KSActionView.m */ = {isa = PBXFileReference; fileEncoding = 4; lastKnownFileType = sourcecode.c.objc; path = KSActionView.m; sourceTree = "<group>"; };
		8C8AE097196787B3007787ED /* README.md */ = {isa = PBXFileReference; fileEncoding = 4; lastKnownFileType = text; path = README.md; sourceTree = "<group>"; };
		8C8AE099196787B3007787ED /* KSAdvancedPicker.h */ = {isa = PBXFileReference; fileEncoding = 4; lastKnownFileType = sourcecode.c.h; path = KSAdvancedPicker.h; sourceTree = "<group>"; };
		8C8AE09A196787B3007787ED /* KSAdvancedPicker.m */ = {isa = PBXFileReference; fileEncoding = 4; lastKnownFileType = sourcecode.c.objc; path = KSAdvancedPicker.m; sourceTree = "<group>"; };
		8C8AE09B196787B3007787ED /* README.md */ = {isa = PBXFileReference; fileEncoding = 4; lastKnownFileType = text; path = README.md; sourceTree = "<group>"; };
		8C8AE09D196787B3007787ED /* 01-th.png */ = {isa = PBXFileReference; lastKnownFileType = image.png; path = "01-th.png"; sourceTree = "<group>"; };
		8C8AE09E196787B3007787ED /* 01.png */ = {isa = PBXFileReference; lastKnownFileType = image.png; path = 01.png; sourceTree = "<group>"; };
		8C8AE0A0196787B3007787ED /* KSAutocomplete.h */ = {isa = PBXFileReference; fileEncoding = 4; lastKnownFileType = sourcecode.c.h; path = KSAutocomplete.h; sourceTree = "<group>"; };
		8C8AE0A1196787B3007787ED /* KSAutocomplete.m */ = {isa = PBXFileReference; fileEncoding = 4; lastKnownFileType = sourcecode.c.objc; path = KSAutocomplete.m; sourceTree = "<group>"; };
		8C8AE0A2196787B3007787ED /* README.md */ = {isa = PBXFileReference; fileEncoding = 4; lastKnownFileType = text; path = README.md; sourceTree = "<group>"; };
		8C8AE0A4196787B3007787ED /* KSBasicMapAnnotation.h */ = {isa = PBXFileReference; fileEncoding = 4; lastKnownFileType = sourcecode.c.h; path = KSBasicMapAnnotation.h; sourceTree = "<group>"; };
		8C8AE0A5196787B3007787ED /* KSBasicMapAnnotation.m */ = {isa = PBXFileReference; fileEncoding = 4; lastKnownFileType = sourcecode.c.objc; path = KSBasicMapAnnotation.m; sourceTree = "<group>"; };
		8C8AE0A6196787B3007787ED /* README.md */ = {isa = PBXFileReference; fileEncoding = 4; lastKnownFileType = text; path = README.md; sourceTree = "<group>"; };
		8C8AE0A8196787B3007787ED /* KSCheckView.h */ = {isa = PBXFileReference; fileEncoding = 4; lastKnownFileType = sourcecode.c.h; path = KSCheckView.h; sourceTree = "<group>"; };
		8C8AE0A9196787B3007787ED /* KSCheckView.m */ = {isa = PBXFileReference; fileEncoding = 4; lastKnownFileType = sourcecode.c.objc; path = KSCheckView.m; sourceTree = "<group>"; };
		8C8AE0AA196787B3007787ED /* README.md */ = {isa = PBXFileReference; fileEncoding = 4; lastKnownFileType = text; path = README.md; sourceTree = "<group>"; };
		8C8AE0AC196787B3007787ED /* KSCIDictionary.h */ = {isa = PBXFileReference; fileEncoding = 4; lastKnownFileType = sourcecode.c.h; path = KSCIDictionary.h; sourceTree = "<group>"; };
		8C8AE0AD196787B3007787ED /* KSCIDictionary.m */ = {isa = PBXFileReference; fileEncoding = 4; lastKnownFileType = sourcecode.c.objc; path = KSCIDictionary.m; sourceTree = "<group>"; };
		8C8AE0AE196787B3007787ED /* README.md */ = {isa = PBXFileReference; fileEncoding = 4; lastKnownFileType = text; path = README.md; sourceTree = "<group>"; };
		8C8AE0B0196787B3007787ED /* KSEditEnder.h */ = {isa = PBXFileReference; fileEncoding = 4; lastKnownFileType = sourcecode.c.h; path = KSEditEnder.h; sourceTree = "<group>"; };
		8C8AE0B1196787B3007787ED /* KSEditEnder.m */ = {isa = PBXFileReference; fileEncoding = 4; lastKnownFileType = sourcecode.c.objc; path = KSEditEnder.m; sourceTree = "<group>"; };
		8C8AE0B2196787B3007787ED /* README.md */ = {isa = PBXFileReference; fileEncoding = 4; lastKnownFileType = text; path = README.md; sourceTree = "<group>"; };
		8C8AE0B4196787B3007787ED /* KSGridView.h */ = {isa = PBXFileReference; fileEncoding = 4; lastKnownFileType = sourcecode.c.h; path = KSGridView.h; sourceTree = "<group>"; };
		8C8AE0B5196787B3007787ED /* KSGridView.m */ = {isa = PBXFileReference; fileEncoding = 4; lastKnownFileType = sourcecode.c.objc; path = KSGridView.m; sourceTree = "<group>"; };
		8C8AE0B6196787B3007787ED /* KSGridViewCell.h */ = {isa = PBXFileReference; fileEncoding = 4; lastKnownFileType = sourcecode.c.h; path = KSGridViewCell.h; sourceTree = "<group>"; };
		8C8AE0B7196787B3007787ED /* KSGridViewCell.m */ = {isa = PBXFileReference; fileEncoding = 4; lastKnownFileType = sourcecode.c.objc; path = KSGridViewCell.m; sourceTree = "<group>"; };
		8C8AE0B8196787B3007787ED /* KSGridViewIndex.h */ = {isa = PBXFileReference; fileEncoding = 4; lastKnownFileType = sourcecode.c.h; path = KSGridViewIndex.h; sourceTree = "<group>"; };
		8C8AE0B9196787B3007787ED /* KSGridViewIndex.m */ = {isa = PBXFileReference; fileEncoding = 4; lastKnownFileType = sourcecode.c.objc; path = KSGridViewIndex.m; sourceTree = "<group>"; };
		8C8AE0BA196787B3007787ED /* README.md */ = {isa = PBXFileReference; fileEncoding = 4; lastKnownFileType = text; path = README.md; sourceTree = "<group>"; };
		8C8AE0BC196787B3007787ED /* 01-th.png */ = {isa = PBXFileReference; lastKnownFileType = image.png; path = "01-th.png"; sourceTree = "<group>"; };
		8C8AE0BD196787B3007787ED /* 01.png */ = {isa = PBXFileReference; lastKnownFileType = image.png; path = 01.png; sourceTree = "<group>"; };
		8C8AE0BE196787B3007787ED /* 02-th.png */ = {isa = PBXFileReference; lastKnownFileType = image.png; path = "02-th.png"; sourceTree = "<group>"; };
		8C8AE0BF196787B3007787ED /* 02.png */ = {isa = PBXFileReference; lastKnownFileType = image.png; path = 02.png; sourceTree = "<group>"; };
		8C8AE0C1196787B3007787ED /* KSIAPManager.h */ = {isa = PBXFileReference; fileEncoding = 4; lastKnownFileType = sourcecode.c.h; path = KSIAPManager.h; sourceTree = "<group>"; };
		8C8AE0C2196787B3007787ED /* KSIAPManager.m */ = {isa = PBXFileReference; fileEncoding = 4; lastKnownFileType = sourcecode.c.objc; path = KSIAPManager.m; sourceTree = "<group>"; };
		8C8AE0C3196787B3007787ED /* KSIAPManager.plist */ = {isa = PBXFileReference; fileEncoding = 4; lastKnownFileType = text.plist.xml; path = KSIAPManager.plist; sourceTree = "<group>"; };
		8C8AE0C4196787B3007787ED /* README.md */ = {isa = PBXFileReference; fileEncoding = 4; lastKnownFileType = text; path = README.md; sourceTree = "<group>"; };
		8C8AE0C6196787B3007787ED /* KSKeychain.h */ = {isa = PBXFileReference; fileEncoding = 4; lastKnownFileType = sourcecode.c.h; path = KSKeychain.h; sourceTree = "<group>"; };
		8C8AE0C7196787B3007787ED /* KSKeychain.m */ = {isa = PBXFileReference; fileEncoding = 4; lastKnownFileType = sourcecode.c.objc; path = KSKeychain.m; sourceTree = "<group>"; };
		8C8AE0C8196787B3007787ED /* README.md */ = {isa = PBXFileReference; fileEncoding = 4; lastKnownFileType = text; path = README.md; sourceTree = "<group>"; };
		8C8AE0CA196787B3007787ED /* KSMacrosApp.h */ = {isa = PBXFileReference; fileEncoding = 4; lastKnownFileType = sourcecode.c.h; path = KSMacrosApp.h; sourceTree = "<group>"; };
		8C8AE0CB196787B3007787ED /* KSMacrosBlocks.h */ = {isa = PBXFileReference; fileEncoding = 4; lastKnownFileType = sourcecode.c.h; path = KSMacrosBlocks.h; sourceTree = "<group>"; };
		8C8AE0CC196787B3007787ED /* KSMacrosBlocks.m */ = {isa = PBXFileReference; fileEncoding = 4; lastKnownFileType = sourcecode.c.objc; path = KSMacrosBlocks.m; sourceTree = "<group>"; };
		8C8AE0CD196787B3007787ED /* KSMacrosSystem.h */ = {isa = PBXFileReference; fileEncoding = 4; lastKnownFileType = sourcecode.c.h; path = KSMacrosSystem.h; sourceTree = "<group>"; };
		8C8AE0CE196787B3007787ED /* KSMacrosUI.h */ = {isa = PBXFileReference; fileEncoding = 4; lastKnownFileType = sourcecode.c.h; path = KSMacrosUI.h; sourceTree = "<group>"; };
		8C8AE0CF196787B3007787ED /* README.md */ = {isa = PBXFileReference; fileEncoding = 4; lastKnownFileType = text; path = README.md; sourceTree = "<group>"; };
		8C8AE0D1196787B3007787ED /* KSSheetView.h */ = {isa = PBXFileReference; fileEncoding = 4; lastKnownFileType = sourcecode.c.h; path = KSSheetView.h; sourceTree = "<group>"; };
		8C8AE0D2196787B3007787ED /* KSSheetView.m */ = {isa = PBXFileReference; fileEncoding = 4; lastKnownFileType = sourcecode.c.objc; path = KSSheetView.m; sourceTree = "<group>"; };
		8C8AE0D3196787B3007787ED /* README.md */ = {isa = PBXFileReference; fileEncoding = 4; lastKnownFileType = text; path = README.md; sourceTree = "<group>"; };
		8C8AE0F819678958007787ED /* KSCIDictionaryTests.m */ = {isa = PBXFileReference; fileEncoding = 4; lastKnownFileType = sourcecode.c.objc; path = KSCIDictionaryTests.m; sourceTree = "<group>"; };
		8C8AE0FB19678D69007787ED /* LegacyViewController.h */ = {isa = PBXFileReference; fileEncoding = 4; lastKnownFileType = sourcecode.c.h; path = LegacyViewController.h; sourceTree = "<group>"; };
		8C8AE0FC19678D69007787ED /* LegacyViewController.m */ = {isa = PBXFileReference; fileEncoding = 4; lastKnownFileType = sourcecode.c.objc; path = LegacyViewController.m; sourceTree = "<group>"; };
		8CA7D63F146D84810042648E /* VC_MKMapView_Zoom.h */ = {isa = PBXFileReference; fileEncoding = 4; lastKnownFileType = sourcecode.c.h; path = VC_MKMapView_Zoom.h; sourceTree = "<group>"; };
		8CA7D640146D84810042648E /* VC_MKMapView_Zoom.m */ = {isa = PBXFileReference; fileEncoding = 4; lastKnownFileType = sourcecode.c.objc; path = VC_MKMapView_Zoom.m; sourceTree = "<group>"; };
		8CA7D642146D84B60042648E /* MapKit.framework */ = {isa = PBXFileReference; lastKnownFileType = wrapper.framework; name = MapKit.framework; path = System/Library/Frameworks/MapKit.framework; sourceTree = SDKROOT; };
		8CA7D644146D84E60042648E /* CoreLocation.framework */ = {isa = PBXFileReference; lastKnownFileType = wrapper.framework; name = CoreLocation.framework; path = System/Library/Frameworks/CoreLocation.framework; sourceTree = SDKROOT; };
		8CABAF90146AC9DC0056D831 /* VC_NSString_DateConversion.h */ = {isa = PBXFileReference; fileEncoding = 4; lastKnownFileType = sourcecode.c.h; path = VC_NSString_DateConversion.h; sourceTree = "<group>"; };
		8CABAF91146AC9DC0056D831 /* VC_NSString_DateConversion.m */ = {isa = PBXFileReference; fileEncoding = 4; lastKnownFileType = sourcecode.c.objc; path = VC_NSString_DateConversion.m; sourceTree = "<group>"; };
		8CABAF93146AC9DC0056D831 /* VC_UIBarButtonItem_CustomImage.h */ = {isa = PBXFileReference; fileEncoding = 4; lastKnownFileType = sourcecode.c.h; path = VC_UIBarButtonItem_CustomImage.h; sourceTree = "<group>"; };
		8CABAF94146AC9DC0056D831 /* VC_UIBarButtonItem_CustomImage.m */ = {isa = PBXFileReference; fileEncoding = 4; lastKnownFileType = sourcecode.c.objc; path = VC_UIBarButtonItem_CustomImage.m; sourceTree = "<group>"; };
		8CABAFA4146AD26D0056D831 /* VC_KSCheckView.h */ = {isa = PBXFileReference; fileEncoding = 4; lastKnownFileType = sourcecode.c.h; path = VC_KSCheckView.h; sourceTree = "<group>"; };
		8CABAFA5146AD26D0056D831 /* VC_KSCheckView.m */ = {isa = PBXFileReference; fileEncoding = 4; lastKnownFileType = sourcecode.c.objc; path = VC_KSCheckView.m; sourceTree = "<group>"; };
		8CABAFA7146AD26D0056D831 /* VC_KSEditEnder.h */ = {isa = PBXFileReference; fileEncoding = 4; lastKnownFileType = sourcecode.c.h; path = VC_KSEditEnder.h; sourceTree = "<group>"; };
		8CABAFA8146AD26D0056D831 /* VC_KSEditEnder.m */ = {isa = PBXFileReference; fileEncoding = 4; lastKnownFileType = sourcecode.c.objc; path = VC_KSEditEnder.m; sourceTree = "<group>"; };
		8CABAFAD146AD26D0056D831 /* VC_KSSheetView.h */ = {isa = PBXFileReference; fileEncoding = 4; lastKnownFileType = sourcecode.c.h; path = VC_KSSheetView.h; sourceTree = "<group>"; };
		8CABAFAE146AD26D0056D831 /* VC_KSSheetView.m */ = {isa = PBXFileReference; fileEncoding = 4; lastKnownFileType = sourcecode.c.objc; path = VC_KSSheetView.m; sourceTree = "<group>"; };
		8CABAFB4146AD3120056D831 /* ItemBackgroundImage.png */ = {isa = PBXFileReference; lastKnownFileType = image.png; path = ItemBackgroundImage.png; sourceTree = "<group>"; };
		8CABAFB5146AD3120056D831 /* ItemBackgroundImage@2x.png */ = {isa = PBXFileReference; lastKnownFileType = image.png; path = "ItemBackgroundImage@2x.png"; sourceTree = "<group>"; };
		8CABAFB6146AD3120056D831 /* ItemImage.png */ = {isa = PBXFileReference; lastKnownFileType = image.png; path = ItemImage.png; sourceTree = "<group>"; };
		8CABAFB7146AD3120056D831 /* ItemImage@2x.png */ = {isa = PBXFileReference; lastKnownFileType = image.png; path = "ItemImage@2x.png"; sourceTree = "<group>"; };
		8CCC9728151FE1ED0085C7EE /* VC_NSString_Random.h */ = {isa = PBXFileReference; fileEncoding = 4; lastKnownFileType = sourcecode.c.h; path = VC_NSString_Random.h; sourceTree = "<group>"; };
		8CCC9729151FE1ED0085C7EE /* VC_NSString_Random.m */ = {isa = PBXFileReference; fileEncoding = 4; lastKnownFileType = sourcecode.c.objc; path = VC_NSString_Random.m; sourceTree = "<group>"; };
		8CD055AF14730C12001A3EF5 /* VC_NSString_Digest.h */ = {isa = PBXFileReference; fileEncoding = 4; lastKnownFileType = sourcecode.c.h; path = VC_NSString_Digest.h; sourceTree = "<group>"; };
		8CD055B014730C12001A3EF5 /* VC_NSString_Digest.m */ = {isa = PBXFileReference; fileEncoding = 4; lastKnownFileType = sourcecode.c.objc; path = VC_NSString_Digest.m; sourceTree = "<group>"; };
		8CEA567514C7796600453958 /* VC_NSTimer_Pause.h */ = {isa = PBXFileReference; fileEncoding = 4; lastKnownFileType = sourcecode.c.h; path = VC_NSTimer_Pause.h; sourceTree = "<group>"; };
		8CEA567614C7796600453958 /* VC_NSTimer_Pause.m */ = {isa = PBXFileReference; fileEncoding = 4; lastKnownFileType = sourcecode.c.objc; path = VC_NSTimer_Pause.m; sourceTree = "<group>"; };
		8CFBD72514C280210041D042 /* VC_UIAcceleration_DeviceAngle.h */ = {isa = PBXFileReference; fileEncoding = 4; lastKnownFileType = sourcecode.c.h; path = VC_UIAcceleration_DeviceAngle.h; sourceTree = "<group>"; };
		8CFBD72614C280210041D042 /* VC_UIAcceleration_DeviceAngle.m */ = {isa = PBXFileReference; fileEncoding = 4; lastKnownFileType = sourcecode.c.objc; path = VC_UIAcceleration_DeviceAngle.m; sourceTree = "<group>"; };
		8CFBD73414C288750041D042 /* VC_NSMutableArray_Shuffling.h */ = {isa = PBXFileReference; fileEncoding = 4; lastKnownFileType = sourcecode.c.h; path = VC_NSMutableArray_Shuffling.h; sourceTree = "<group>"; };
		8CFBD73514C288750041D042 /* VC_NSMutableArray_Shuffling.m */ = {isa = PBXFileReference; fileEncoding = 4; lastKnownFileType = sourcecode.c.objc; path = VC_NSMutableArray_Shuffling.m; sourceTree = "<group>"; };
/* End PBXFileReference section */

/* Begin PBXFrameworksBuildPhase section */
		8C2C559A146750E70065A877 /* Frameworks */ = {
			isa = PBXFrameworksBuildPhase;
			buildActionMask = 2147483647;
			files = (
				8C8AE0FA19678BF0007787ED /* libComponents.a in Frameworks */,
				8C0824BA18CA761100491FEE /* Security.framework in Frameworks */,
				8C0824B818CA760300491FEE /* StoreKit.framework in Frameworks */,
				8C2C55A2146750E70065A877 /* UIKit.framework in Frameworks */,
				8C2C55A4146750E70065A877 /* Foundation.framework in Frameworks */,
				8C2C55A6146750E70065A877 /* CoreGraphics.framework in Frameworks */,
				8CA7D645146D84E60042648E /* CoreLocation.framework in Frameworks */,
				8CA7D643146D84B60042648E /* MapKit.framework in Frameworks */,
			);
			runOnlyForDeploymentPostprocessing = 0;
		};
		8C8AE02D1967878E007787ED /* Frameworks */ = {
			isa = PBXFrameworksBuildPhase;
			buildActionMask = 2147483647;
			files = (
				8C8AE0311967878E007787ED /* Foundation.framework in Frameworks */,
			);
			runOnlyForDeploymentPostprocessing = 0;
		};
		8C8AE03A1967878E007787ED /* Frameworks */ = {
			isa = PBXFrameworksBuildPhase;
			buildActionMask = 2147483647;
			files = (
				8C8AE03E1967878E007787ED /* XCTest.framework in Frameworks */,
				8C8AE0401967878E007787ED /* UIKit.framework in Frameworks */,
				8C8AE03F1967878E007787ED /* Foundation.framework in Frameworks */,
				8C8AE0431967878E007787ED /* libComponents.a in Frameworks */,
			);
			runOnlyForDeploymentPostprocessing = 0;
		};
/* End PBXFrameworksBuildPhase section */

/* Begin PBXGroup section */
		8C0824AF18CA737300491FEE /* KSAdvancedPicker */ = {
			isa = PBXGroup;
			children = (
				8C0824B018CA737300491FEE /* VC_KSAdvancedPicker.h */,
				8C0824B118CA737300491FEE /* VC_KSAdvancedPicker.m */,
			);
			path = KSAdvancedPicker;
			sourceTree = "<group>";
		};
		8C0824B218CA737300491FEE /* KSGridView */ = {
			isa = PBXGroup;
			children = (
				8C0824B318CA737300491FEE /* VC_KSGridView.h */,
				8C0824B418CA737300491FEE /* VC_KSGridView.m */,
			);
			path = KSGridView;
			sourceTree = "<group>";
		};
		8C2C5592146750E70065A877 = {
			isa = PBXGroup;
			children = (
				0E9EE38619CC64E700229C3C /* Default-568h@2x.png */,
				8C8AE0321967878E007787ED /* Components */,
				8C8AE0441967878E007787ED /* ComponentsTests */,
				8C2C55A7146750E70065A877 /* ComponentsDemo */,
				8C2C55A0146750E70065A877 /* Frameworks */,
				8C2C559E146750E70065A877 /* Products */,
			);
			sourceTree = "<group>";
		};
		8C2C559E146750E70065A877 /* Products */ = {
			isa = PBXGroup;
			children = (
				8C2C559D146750E70065A877 /* ComponentsDemo.app */,
				8C8AE0301967878E007787ED /* libComponents.a */,
				8C8AE03D1967878E007787ED /* ComponentsTests.xctest */,
			);
			name = Products;
			sourceTree = "<group>";
		};
		8C2C55A0146750E70065A877 /* Frameworks */ = {
			isa = PBXGroup;
			children = (
				8C0824B918CA761100491FEE /* Security.framework */,
				8C0824B718CA760300491FEE /* StoreKit.framework */,
				8C2C55A1146750E70065A877 /* UIKit.framework */,
				8C2C55A3146750E70065A877 /* Foundation.framework */,
				8C2C55A5146750E70065A877 /* CoreGraphics.framework */,
				8CA7D644146D84E60042648E /* CoreLocation.framework */,
				8CA7D642146D84B60042648E /* MapKit.framework */,
				8C08245618CA6EF900491FEE /* XCTest.framework */,
			);
			name = Frameworks;
			sourceTree = "<group>";
		};
		8C2C55A7146750E70065A877 /* ComponentsDemo */ = {
			isa = PBXGroup;
			children = (
				8C4D3D06146754690093F771 /* Showcase */,
				8C2C55B0146750E70065A877 /* AppDelegate.h */,
				8C2C55B1146750E70065A877 /* AppDelegate.m */,
				8C8AE0FB19678D69007787ED /* LegacyViewController.h */,
				8C8AE0FC19678D69007787ED /* LegacyViewController.m */,
				8C4D3D081467549D0093F771 /* ViewController.h */,
				8C4D3D091467549D0093F771 /* ViewController.m */,
				8C4D3D0E146756170093F771 /* ViewController_iPhone.xib */,
				8C4D3D0C146756170093F771 /* ViewController_iPad.xib */,
				8C4D3D12146756170093F771 /* Window_iPhone.xib */,
				8C4D3D10146756170093F771 /* Window_iPad.xib */,
				8C2C55A8146750E70065A877 /* Supporting Files */,
			);
			path = ComponentsDemo;
			sourceTree = "<group>";
		};
		8C2C55A8146750E70065A877 /* Supporting Files */ = {
			isa = PBXGroup;
			children = (
				8C2C55A9146750E70065A877 /* Components-Info.plist */,
				8C2C55AA146750E70065A877 /* InfoPlist.strings */,
				8C2C55AD146750E70065A877 /* main.m */,
				8C2C55AF146750E70065A877 /* Components-Prefix.pch */,
			);
			name = "Supporting Files";
			sourceTree = "<group>";
		};
		8C4D3D06146754690093F771 /* Showcase */ = {
			isa = PBXGroup;
			children = (
				8CABAF9F146AD26D0056D831 /* Classes */,
				8CABAF8E146AC9DC0056D831 /* Categories */,
			);
			path = Showcase;
			sourceTree = "<group>";
		};
		8C8AE0321967878E007787ED /* Components */ = {
			isa = PBXGroup;
			children = (
				8C8AE053196787B3007787ED /* Categories */,
				8C8AE093196787B3007787ED /* Classes */,
				8C8AE052196787B3007787ED /* ARCHelper.h */,
				8C8AE0331967878E007787ED /* Supporting Files */,
			);
			path = Components;
			sourceTree = "<group>";
		};
		8C8AE0331967878E007787ED /* Supporting Files */ = {
			isa = PBXGroup;
			children = (
				8C8AE0341967878E007787ED /* Components-Prefix.pch */,
			);
			name = "Supporting Files";
			sourceTree = "<group>";
		};
		8C8AE0441967878E007787ED /* ComponentsTests */ = {
			isa = PBXGroup;
			children = (
				8C8AE0F219678841007787ED /* Categories */,
				8C8AE0F319678841007787ED /* Classes */,
				8C8AE0451967878E007787ED /* Supporting Files */,
			);
			path = ComponentsTests;
			sourceTree = "<group>";
		};
		8C8AE0451967878E007787ED /* Supporting Files */ = {
			isa = PBXGroup;
			children = (
				8C8AE0461967878E007787ED /* ComponentsTests-Info.plist */,
				8C8AE0471967878E007787ED /* InfoPlist.strings */,
			);
			name = "Supporting Files";
			sourceTree = "<group>";
		};
		8C8AE053196787B3007787ED /* Categories */ = {
			isa = PBXGroup;
			children = (
				8C8AE054196787B3007787ED /* CALayer+Borders */,
				8C8AE057196787B3007787ED /* MKMapView+Zoom */,
				8C8AE05B196787B3007787ED /* NSArray+Occurrences */,
				8C8AE05F196787B3007787ED /* NSArray+Varargs */,
				8C8AE063196787B3007787ED /* NSFileManager+UserDirectories */,
				8C8AE067196787B3007787ED /* NSMutableArray+Shuffling */,
				8C8AE06B196787B3007787ED /* NSString+DateConversion */,
				8C8AE06F196787B3007787ED /* NSString+Digest */,
				8C8AE073196787B3007787ED /* NSString+Numeric */,
				8C8AE077196787B3007787ED /* NSString+Random */,
				8C8AE07B196787B3007787ED /* NSTimer+Pause */,
				8C8AE07F196787B3007787ED /* UIAcceleration+DeviceAngle */,
				8C8AE083196787B3007787ED /* UIBarButtonItem+CustomImage */,
				8C8AE087196787B3007787ED /* UIColor+Darkening */,
				8C8AE08B196787B3007787ED /* UIScrollView+Shortcuts */,
				8C8AE08F196787B3007787ED /* UIWebView+Activity */,
			);
			path = Categories;
			sourceTree = "<group>";
		};
		8C8AE054196787B3007787ED /* CALayer+Borders */ = {
			isa = PBXGroup;
			children = (
				8C8AE055196787B3007787ED /* CALayer+Borders.h */,
				8C8AE056196787B3007787ED /* CALayer+Borders.m */,
			);
			path = "CALayer+Borders";
			sourceTree = "<group>";
		};
		8C8AE057196787B3007787ED /* MKMapView+Zoom */ = {
			isa = PBXGroup;
			children = (
				8C8AE058196787B3007787ED /* MKMapView+Zoom.h */,
				8C8AE059196787B3007787ED /* MKMapView+Zoom.m */,
				8C8AE05A196787B3007787ED /* README.md */,
			);
			path = "MKMapView+Zoom";
			sourceTree = "<group>";
		};
		8C8AE05B196787B3007787ED /* NSArray+Occurrences */ = {
			isa = PBXGroup;
			children = (
				8C8AE05C196787B3007787ED /* NSArray+Occurrences.h */,
				8C8AE05D196787B3007787ED /* NSArray+Occurrences.m */,
				8C8AE05E196787B3007787ED /* README.md */,
			);
			path = "NSArray+Occurrences";
			sourceTree = "<group>";
		};
		8C8AE05F196787B3007787ED /* NSArray+Varargs */ = {
			isa = PBXGroup;
			children = (
				8C8AE060196787B3007787ED /* NSArray+Varargs.h */,
				8C8AE061196787B3007787ED /* NSArray+Varargs.m */,
				8C8AE062196787B3007787ED /* README.md */,
			);
			path = "NSArray+Varargs";
			sourceTree = "<group>";
		};
		8C8AE063196787B3007787ED /* NSFileManager+UserDirectories */ = {
			isa = PBXGroup;
			children = (
				8C8AE064196787B3007787ED /* NSFileManager+UserDirectories.h */,
				8C8AE065196787B3007787ED /* NSFileManager+UserDirectories.m */,
				8C8AE066196787B3007787ED /* README.md */,
			);
			path = "NSFileManager+UserDirectories";
			sourceTree = "<group>";
		};
		8C8AE067196787B3007787ED /* NSMutableArray+Shuffling */ = {
			isa = PBXGroup;
			children = (
				8C8AE068196787B3007787ED /* NSMutableArray+Shuffling.h */,
				8C8AE069196787B3007787ED /* NSMutableArray+Shuffling.m */,
				8C8AE06A196787B3007787ED /* README.md */,
			);
			path = "NSMutableArray+Shuffling";
			sourceTree = "<group>";
		};
		8C8AE06B196787B3007787ED /* NSString+DateConversion */ = {
			isa = PBXGroup;
			children = (
				8C8AE06C196787B3007787ED /* NSString+DateConversion.h */,
				8C8AE06D196787B3007787ED /* NSString+DateConversion.m */,
				8C8AE06E196787B3007787ED /* README.md */,
			);
			path = "NSString+DateConversion";
			sourceTree = "<group>";
		};
		8C8AE06F196787B3007787ED /* NSString+Digest */ = {
			isa = PBXGroup;
			children = (
				8C8AE070196787B3007787ED /* NSString+Digest.h */,
				8C8AE071196787B3007787ED /* NSString+Digest.m */,
				8C8AE072196787B3007787ED /* README.md */,
			);
			path = "NSString+Digest";
			sourceTree = "<group>";
		};
		8C8AE073196787B3007787ED /* NSString+Numeric */ = {
			isa = PBXGroup;
			children = (
				8C8AE074196787B3007787ED /* NSString+Numeric.h */,
				8C8AE075196787B3007787ED /* NSString+Numeric.m */,
				8C8AE076196787B3007787ED /* README.md */,
			);
			path = "NSString+Numeric";
			sourceTree = "<group>";
		};
		8C8AE077196787B3007787ED /* NSString+Random */ = {
			isa = PBXGroup;
			children = (
				8C8AE078196787B3007787ED /* NSString+Random.h */,
				8C8AE079196787B3007787ED /* NSString+Random.m */,
				8C8AE07A196787B3007787ED /* README.md */,
			);
			path = "NSString+Random";
			sourceTree = "<group>";
		};
		8C8AE07B196787B3007787ED /* NSTimer+Pause */ = {
			isa = PBXGroup;
			children = (
				8C8AE07C196787B3007787ED /* NSTimer+Pause.h */,
				8C8AE07D196787B3007787ED /* NSTimer+Pause.m */,
				8C8AE07E196787B3007787ED /* README.md */,
			);
			path = "NSTimer+Pause";
			sourceTree = "<group>";
		};
		8C8AE07F196787B3007787ED /* UIAcceleration+DeviceAngle */ = {
			isa = PBXGroup;
			children = (
				8C8AE080196787B3007787ED /* README.md */,
				8C8AE081196787B3007787ED /* UIAcceleration+DeviceAngle.h */,
				8C8AE082196787B3007787ED /* UIAcceleration+DeviceAngle.m */,
			);
			path = "UIAcceleration+DeviceAngle";
			sourceTree = "<group>";
		};
		8C8AE083196787B3007787ED /* UIBarButtonItem+CustomImage */ = {
			isa = PBXGroup;
			children = (
				8C8AE084196787B3007787ED /* README.md */,
				8C8AE085196787B3007787ED /* UIBarButtonItem+CustomImage.h */,
				8C8AE086196787B3007787ED /* UIBarButtonItem+CustomImage.m */,
			);
			path = "UIBarButtonItem+CustomImage";
			sourceTree = "<group>";
		};
		8C8AE087196787B3007787ED /* UIColor+Darkening */ = {
			isa = PBXGroup;
			children = (
				8C8AE088196787B3007787ED /* README.md */,
				8C8AE089196787B3007787ED /* UIColor+Darkening.h */,
				8C8AE08A196787B3007787ED /* UIColor+Darkening.m */,
			);
			path = "UIColor+Darkening";
			sourceTree = "<group>";
		};
		8C8AE08B196787B3007787ED /* UIScrollView+Shortcuts */ = {
			isa = PBXGroup;
			children = (
				8C8AE08C196787B3007787ED /* README.md */,
				8C8AE08D196787B3007787ED /* UIScrollView+Shortcuts.h */,
				8C8AE08E196787B3007787ED /* UIScrollView+Shortcuts.m */,
			);
			path = "UIScrollView+Shortcuts";
			sourceTree = "<group>";
		};
		8C8AE08F196787B3007787ED /* UIWebView+Activity */ = {
			isa = PBXGroup;
			children = (
				8C8AE090196787B3007787ED /* README.md */,
				8C8AE091196787B3007787ED /* UIWebView+Activity.h */,
				8C8AE092196787B3007787ED /* UIWebView+Activity.m */,
			);
			path = "UIWebView+Activity";
			sourceTree = "<group>";
		};
		8C8AE093196787B3007787ED /* Classes */ = {
			isa = PBXGroup;
			children = (
				8C8AE094196787B3007787ED /* KSActionView */,
				8C8AE098196787B3007787ED /* KSAdvancedPicker */,
				8C8AE09F196787B3007787ED /* KSAutocomplete */,
				8C8AE0A3196787B3007787ED /* KSBasicMapAnnotation */,
				8C8AE0A7196787B3007787ED /* KSCheckView */,
				8C8AE0AB196787B3007787ED /* KSCIDictionary */,
				8C8AE0AF196787B3007787ED /* KSEditEnder */,
				8C8AE0B3196787B3007787ED /* KSGridView */,
				8C8AE0C0196787B3007787ED /* KSIAP */,
				8C8AE0C5196787B3007787ED /* KSKeychain */,
				8C8AE0C9196787B3007787ED /* KSMacros */,
				8C8AE0D0196787B3007787ED /* KSSheetView */,
			);
			path = Classes;
			sourceTree = "<group>";
		};
		8C8AE094196787B3007787ED /* KSActionView */ = {
			isa = PBXGroup;
			children = (
				8C8AE095196787B3007787ED /* KSActionView.h */,
				8C8AE096196787B3007787ED /* KSActionView.m */,
				8C8AE097196787B3007787ED /* README.md */,
			);
			path = KSActionView;
			sourceTree = "<group>";
		};
		8C8AE098196787B3007787ED /* KSAdvancedPicker */ = {
			isa = PBXGroup;
			children = (
				8C8AE099196787B3007787ED /* KSAdvancedPicker.h */,
				8C8AE09A196787B3007787ED /* KSAdvancedPicker.m */,
				8C8AE09B196787B3007787ED /* README.md */,
				8C8AE09C196787B3007787ED /* Screenshots */,
			);
			path = KSAdvancedPicker;
			sourceTree = "<group>";
		};
		8C8AE09C196787B3007787ED /* Screenshots */ = {
			isa = PBXGroup;
			children = (
				8C8AE09D196787B3007787ED /* 01-th.png */,
				8C8AE09E196787B3007787ED /* 01.png */,
			);
			path = Screenshots;
			sourceTree = "<group>";
		};
		8C8AE09F196787B3007787ED /* KSAutocomplete */ = {
			isa = PBXGroup;
			children = (
				8C8AE0A0196787B3007787ED /* KSAutocomplete.h */,
				8C8AE0A1196787B3007787ED /* KSAutocomplete.m */,
				8C8AE0A2196787B3007787ED /* README.md */,
			);
			path = KSAutocomplete;
			sourceTree = "<group>";
		};
		8C8AE0A3196787B3007787ED /* KSBasicMapAnnotation */ = {
			isa = PBXGroup;
			children = (
				8C8AE0A4196787B3007787ED /* KSBasicMapAnnotation.h */,
				8C8AE0A5196787B3007787ED /* KSBasicMapAnnotation.m */,
				8C8AE0A6196787B3007787ED /* README.md */,
			);
			path = KSBasicMapAnnotation;
			sourceTree = "<group>";
		};
		8C8AE0A7196787B3007787ED /* KSCheckView */ = {
			isa = PBXGroup;
			children = (
				8C8AE0A8196787B3007787ED /* KSCheckView.h */,
				8C8AE0A9196787B3007787ED /* KSCheckView.m */,
				8C8AE0AA196787B3007787ED /* README.md */,
			);
			path = KSCheckView;
			sourceTree = "<group>";
		};
		8C8AE0AB196787B3007787ED /* KSCIDictionary */ = {
			isa = PBXGroup;
			children = (
				8C8AE0AC196787B3007787ED /* KSCIDictionary.h */,
				8C8AE0AD196787B3007787ED /* KSCIDictionary.m */,
				8C8AE0AE196787B3007787ED /* README.md */,
			);
			path = KSCIDictionary;
			sourceTree = "<group>";
		};
		8C8AE0AF196787B3007787ED /* KSEditEnder */ = {
			isa = PBXGroup;
			children = (
				8C8AE0B0196787B3007787ED /* KSEditEnder.h */,
				8C8AE0B1196787B3007787ED /* KSEditEnder.m */,
				8C8AE0B2196787B3007787ED /* README.md */,
			);
			path = KSEditEnder;
			sourceTree = "<group>";
		};
		8C8AE0B3196787B3007787ED /* KSGridView */ = {
			isa = PBXGroup;
			children = (
				8C8AE0B4196787B3007787ED /* KSGridView.h */,
				8C8AE0B5196787B3007787ED /* KSGridView.m */,
				8C8AE0B6196787B3007787ED /* KSGridViewCell.h */,
				8C8AE0B7196787B3007787ED /* KSGridViewCell.m */,
				8C8AE0B8196787B3007787ED /* KSGridViewIndex.h */,
				8C8AE0B9196787B3007787ED /* KSGridViewIndex.m */,
				8C8AE0BA196787B3007787ED /* README.md */,
				8C8AE0BB196787B3007787ED /* Screenshots */,
			);
			path = KSGridView;
			sourceTree = "<group>";
		};
		8C8AE0BB196787B3007787ED /* Screenshots */ = {
			isa = PBXGroup;
			children = (
				8C8AE0BC196787B3007787ED /* 01-th.png */,
				8C8AE0BD196787B3007787ED /* 01.png */,
				8C8AE0BE196787B3007787ED /* 02-th.png */,
				8C8AE0BF196787B3007787ED /* 02.png */,
			);
			path = Screenshots;
			sourceTree = "<group>";
		};
		8C8AE0C0196787B3007787ED /* KSIAP */ = {
			isa = PBXGroup;
			children = (
				8C8AE0C1196787B3007787ED /* KSIAPManager.h */,
				8C8AE0C2196787B3007787ED /* KSIAPManager.m */,
				8C8AE0C3196787B3007787ED /* KSIAPManager.plist */,
				8C8AE0C4196787B3007787ED /* README.md */,
			);
			path = KSIAP;
			sourceTree = "<group>";
		};
		8C8AE0C5196787B3007787ED /* KSKeychain */ = {
			isa = PBXGroup;
			children = (
				8C8AE0C6196787B3007787ED /* KSKeychain.h */,
				8C8AE0C7196787B3007787ED /* KSKeychain.m */,
				8C8AE0C8196787B3007787ED /* README.md */,
			);
			path = KSKeychain;
			sourceTree = "<group>";
		};
		8C8AE0C9196787B3007787ED /* KSMacros */ = {
			isa = PBXGroup;
			children = (
				8C8AE0CA196787B3007787ED /* KSMacrosApp.h */,
				8C8AE0CB196787B3007787ED /* KSMacrosBlocks.h */,
				8C8AE0CC196787B3007787ED /* KSMacrosBlocks.m */,
				8C8AE0CD196787B3007787ED /* KSMacrosSystem.h */,
				8C8AE0CE196787B3007787ED /* KSMacrosUI.h */,
				8C8AE0CF196787B3007787ED /* README.md */,
			);
			path = KSMacros;
			sourceTree = "<group>";
		};
		8C8AE0D0196787B3007787ED /* KSSheetView */ = {
			isa = PBXGroup;
			children = (
				8C8AE0D1196787B3007787ED /* KSSheetView.h */,
				8C8AE0D2196787B3007787ED /* KSSheetView.m */,
				8C8AE0D3196787B3007787ED /* README.md */,
			);
			path = KSSheetView;
			sourceTree = "<group>";
		};
		8C8AE0F219678841007787ED /* Categories */ = {
			isa = PBXGroup;
			children = (
			);
			path = Categories;
			sourceTree = "<group>";
		};
		8C8AE0F319678841007787ED /* Classes */ = {
			isa = PBXGroup;
			children = (
				8C8AE0F819678958007787ED /* KSCIDictionaryTests.m */,
			);
			path = Classes;
			sourceTree = "<group>";
		};
		8CA7D63E146D83DB0042648E /* MKMapView+Zoom */ = {
			isa = PBXGroup;
			children = (
				8CA7D63F146D84810042648E /* VC_MKMapView_Zoom.h */,
				8CA7D640146D84810042648E /* VC_MKMapView_Zoom.m */,
			);
			path = "MKMapView+Zoom";
			sourceTree = "<group>";
		};
		8CABAF8E146AC9DC0056D831 /* Categories */ = {
			isa = PBXGroup;
			children = (
				8CA7D63E146D83DB0042648E /* MKMapView+Zoom */,
				8CFBD73014C2885C0041D042 /* NSMutableArray+Shuffling */,
				8CABAF8F146AC9DC0056D831 /* NSString+DateConversion */,
				8CD055AE14730BFA001A3EF5 /* NSString+Digest */,
				8CCC9727151FE1C20085C7EE /* NSString+Random */,
				8CEA567414C7795700453958 /* NSTimer+Pause */,
				8CFBD72414C27FEC0041D042 /* UIAcceleration+DeviceAngle */,
				8CABAF92146AC9DC0056D831 /* UIBarButtonItem+CustomImage */,
			);
			path = Categories;
			sourceTree = "<group>";
		};
		8CABAF8F146AC9DC0056D831 /* NSString+DateConversion */ = {
			isa = PBXGroup;
			children = (
				8CABAF90146AC9DC0056D831 /* VC_NSString_DateConversion.h */,
				8CABAF91146AC9DC0056D831 /* VC_NSString_DateConversion.m */,
			);
			path = "NSString+DateConversion";
			sourceTree = "<group>";
		};
		8CABAF92146AC9DC0056D831 /* UIBarButtonItem+CustomImage */ = {
			isa = PBXGroup;
			children = (
				8CABAF93146AC9DC0056D831 /* VC_UIBarButtonItem_CustomImage.h */,
				8CABAF94146AC9DC0056D831 /* VC_UIBarButtonItem_CustomImage.m */,
				8CABAFB4146AD3120056D831 /* ItemBackgroundImage.png */,
				8CABAFB5146AD3120056D831 /* ItemBackgroundImage@2x.png */,
				8CABAFB6146AD3120056D831 /* ItemImage.png */,
				8CABAFB7146AD3120056D831 /* ItemImage@2x.png */,
			);
			path = "UIBarButtonItem+CustomImage";
			sourceTree = "<group>";
		};
		8CABAF9F146AD26D0056D831 /* Classes */ = {
			isa = PBXGroup;
			children = (
				8C0824AF18CA737300491FEE /* KSAdvancedPicker */,
				8C0824B218CA737300491FEE /* KSGridView */,
				8CABAFA3146AD26D0056D831 /* KSCheckView */,
				8CABAFA6146AD26D0056D831 /* KSEditEnder */,
				8CABAFAC146AD26D0056D831 /* KSSheetView */,
			);
			path = Classes;
			sourceTree = "<group>";
		};
		8CABAFA3146AD26D0056D831 /* KSCheckView */ = {
			isa = PBXGroup;
			children = (
				8CABAFA4146AD26D0056D831 /* VC_KSCheckView.h */,
				8CABAFA5146AD26D0056D831 /* VC_KSCheckView.m */,
			);
			path = KSCheckView;
			sourceTree = "<group>";
		};
		8CABAFA6146AD26D0056D831 /* KSEditEnder */ = {
			isa = PBXGroup;
			children = (
				8CABAFA7146AD26D0056D831 /* VC_KSEditEnder.h */,
				8CABAFA8146AD26D0056D831 /* VC_KSEditEnder.m */,
			);
			path = KSEditEnder;
			sourceTree = "<group>";
		};
		8CABAFAC146AD26D0056D831 /* KSSheetView */ = {
			isa = PBXGroup;
			children = (
				8CABAFAD146AD26D0056D831 /* VC_KSSheetView.h */,
				8CABAFAE146AD26D0056D831 /* VC_KSSheetView.m */,
			);
			path = KSSheetView;
			sourceTree = "<group>";
		};
		8CCC9727151FE1C20085C7EE /* NSString+Random */ = {
			isa = PBXGroup;
			children = (
				8CCC9728151FE1ED0085C7EE /* VC_NSString_Random.h */,
				8CCC9729151FE1ED0085C7EE /* VC_NSString_Random.m */,
			);
			path = "NSString+Random";
			sourceTree = "<group>";
		};
		8CD055AE14730BFA001A3EF5 /* NSString+Digest */ = {
			isa = PBXGroup;
			children = (
				8CD055AF14730C12001A3EF5 /* VC_NSString_Digest.h */,
				8CD055B014730C12001A3EF5 /* VC_NSString_Digest.m */,
			);
			path = "NSString+Digest";
			sourceTree = "<group>";
		};
		8CEA567414C7795700453958 /* NSTimer+Pause */ = {
			isa = PBXGroup;
			children = (
				8CEA567514C7796600453958 /* VC_NSTimer_Pause.h */,
				8CEA567614C7796600453958 /* VC_NSTimer_Pause.m */,
			);
			path = "NSTimer+Pause";
			sourceTree = "<group>";
		};
		8CFBD72414C27FEC0041D042 /* UIAcceleration+DeviceAngle */ = {
			isa = PBXGroup;
			children = (
				8CFBD72514C280210041D042 /* VC_UIAcceleration_DeviceAngle.h */,
				8CFBD72614C280210041D042 /* VC_UIAcceleration_DeviceAngle.m */,
			);
			path = "UIAcceleration+DeviceAngle";
			sourceTree = "<group>";
		};
		8CFBD73014C2885C0041D042 /* NSMutableArray+Shuffling */ = {
			isa = PBXGroup;
			children = (
				8CFBD73414C288750041D042 /* VC_NSMutableArray_Shuffling.h */,
				8CFBD73514C288750041D042 /* VC_NSMutableArray_Shuffling.m */,
			);
			path = "NSMutableArray+Shuffling";
			sourceTree = "<group>";
		};
/* End PBXGroup section */

/* Begin PBXNativeTarget section */
		8C2C559C146750E70065A877 /* ComponentsDemo */ = {
			isa = PBXNativeTarget;
			buildConfigurationList = 8C2C55B5146750E70065A877 /* Build configuration list for PBXNativeTarget "ComponentsDemo" */;
			buildPhases = (
				8C2C5599146750E70065A877 /* Sources */,
				8C2C559A146750E70065A877 /* Frameworks */,
				8C2C559B146750E70065A877 /* Resources */,
			);
			buildRules = (
			);
			dependencies = (
			);
			name = ComponentsDemo;
			productName = ComponentsDemo;
			productReference = 8C2C559D146750E70065A877 /* ComponentsDemo.app */;
			productType = "com.apple.product-type.application";
		};
		8C8AE02F1967878E007787ED /* Components */ = {
			isa = PBXNativeTarget;
			buildConfigurationList = 8C8AE04C1967878E007787ED /* Build configuration list for PBXNativeTarget "Components" */;
			buildPhases = (
				8C8AE02C1967878E007787ED /* Sources */,
				8C8AE02D1967878E007787ED /* Frameworks */,
				8C8AE02E1967878E007787ED /* CopyFiles */,
			);
			buildRules = (
			);
			dependencies = (
			);
			name = Components;
			productName = Components;
			productReference = 8C8AE0301967878E007787ED /* libComponents.a */;
			productType = "com.apple.product-type.library.static";
		};
		8C8AE03C1967878E007787ED /* ComponentsTests */ = {
			isa = PBXNativeTarget;
			buildConfigurationList = 8C8AE04F1967878E007787ED /* Build configuration list for PBXNativeTarget "ComponentsTests" */;
			buildPhases = (
				8C8AE0391967878E007787ED /* Sources */,
				8C8AE03A1967878E007787ED /* Frameworks */,
				8C8AE03B1967878E007787ED /* Resources */,
			);
			buildRules = (
			);
			dependencies = (
				8C8AE0421967878E007787ED /* PBXTargetDependency */,
			);
			name = ComponentsTests;
			productName = ComponentsTests;
			productReference = 8C8AE03D1967878E007787ED /* ComponentsTests.xctest */;
			productType = "com.apple.product-type.bundle.unit-test";
		};
/* End PBXNativeTarget section */

/* Begin PBXProject section */
		8C2C5594146750E70065A877 /* Project object */ = {
			isa = PBXProject;
			attributes = {
				LastUpgradeCheck = 0600;
				ORGANIZATIONNAME = algoritmico;
				TargetAttributes = {
					8C8AE03C1967878E007787ED = {
						TestTargetID = 8C8AE02F1967878E007787ED;
					};
				};
			};
			buildConfigurationList = 8C2C5597146750E70065A877 /* Build configuration list for PBXProject "Components" */;
			compatibilityVersion = "Xcode 3.2";
			developmentRegion = English;
			hasScannedForEncodings = 0;
			knownRegions = (
				en,
			);
			mainGroup = 8C2C5592146750E70065A877;
			productRefGroup = 8C2C559E146750E70065A877 /* Products */;
			projectDirPath = "";
			projectRoot = "";
			targets = (
				8C8AE02F1967878E007787ED /* Components */,
				8C8AE03C1967878E007787ED /* ComponentsTests */,
				8C2C559C146750E70065A877 /* ComponentsDemo */,
			);
		};
/* End PBXProject section */

/* Begin PBXResourcesBuildPhase section */
		8C2C559B146750E70065A877 /* Resources */ = {
			isa = PBXResourcesBuildPhase;
			buildActionMask = 2147483647;
			files = (
				8C2C55AC146750E70065A877 /* InfoPlist.strings in Resources */,
				8C4D3D14146756170093F771 /* ViewController_iPad.xib in Resources */,
				8C4D3D15146756170093F771 /* ViewController_iPhone.xib in Resources */,
				0E9EE38719CC64E700229C3C /* Default-568h@2x.png in Resources */,
				8C4D3D16146756170093F771 /* Window_iPad.xib in Resources */,
				8C4D3D17146756170093F771 /* Window_iPhone.xib in Resources */,
				8CABAFB8146AD3120056D831 /* ItemBackgroundImage.png in Resources */,
				8CABAFB9146AD3120056D831 /* ItemBackgroundImage@2x.png in Resources */,
				8CABAFBA146AD3120056D831 /* ItemImage.png in Resources */,
				8CABAFBB146AD3120056D831 /* ItemImage@2x.png in Resources */,
			);
			runOnlyForDeploymentPostprocessing = 0;
		};
		8C8AE03B1967878E007787ED /* Resources */ = {
			isa = PBXResourcesBuildPhase;
			buildActionMask = 2147483647;
			files = (
				8C8AE0491967878E007787ED /* InfoPlist.strings in Resources */,
			);
			runOnlyForDeploymentPostprocessing = 0;
		};
/* End PBXResourcesBuildPhase section */

/* Begin PBXSourcesBuildPhase section */
		8C2C5599146750E70065A877 /* Sources */ = {
			isa = PBXSourcesBuildPhase;
			buildActionMask = 2147483647;
			files = (
				8C8AE0FD19678D69007787ED /* LegacyViewController.m in Sources */,
				8C2C55AE146750E70065A877 /* main.m in Sources */,
				8C2C55B2146750E70065A877 /* AppDelegate.m in Sources */,
				8C4D3D0A1467549D0093F771 /* ViewController.m in Sources */,
				8CABAF95146AC9DC0056D831 /* VC_NSString_DateConversion.m in Sources */,
				8C0824B618CA737300491FEE /* VC_KSGridView.m in Sources */,
				8CABAF96146AC9DC0056D831 /* VC_UIBarButtonItem_CustomImage.m in Sources */,
				8CABAFB0146AD26D0056D831 /* VC_KSCheckView.m in Sources */,
				8CABAFB1146AD26D0056D831 /* VC_KSEditEnder.m in Sources */,
				8CABAFB3146AD26D0056D831 /* VC_KSSheetView.m in Sources */,
				8CA7D641146D84810042648E /* VC_MKMapView_Zoom.m in Sources */,
				8CD055B114730C12001A3EF5 /* VC_NSString_Digest.m in Sources */,
				8CFBD72714C280210041D042 /* VC_UIAcceleration_DeviceAngle.m in Sources */,
				8CFBD73614C288750041D042 /* VC_NSMutableArray_Shuffling.m in Sources */,
				8CEA567714C7796600453958 /* VC_NSTimer_Pause.m in Sources */,
				8CCC972A151FE1ED0085C7EE /* VC_NSString_Random.m in Sources */,
				8C0824B518CA737300491FEE /* VC_KSAdvancedPicker.m in Sources */,
			);
			runOnlyForDeploymentPostprocessing = 0;
		};
		8C8AE02C1967878E007787ED /* Sources */ = {
			isa = PBXSourcesBuildPhase;
			buildActionMask = 2147483647;
			files = (
				8C8AE0ED196787B3007787ED /* KSGridViewIndex.m in Sources */,
				8C8AE0D7196787B3007787ED /* NSArray+Varargs.m in Sources */,
				8C8AE0F1196787B3007787ED /* KSSheetView.m in Sources */,
				8C8AE0E8196787B3007787ED /* KSCheckView.m in Sources */,
				8C8AE0D8196787B3007787ED /* NSFileManager+UserDirectories.m in Sources */,
				8C8AE0EF196787B3007787ED /* KSKeychain.m in Sources */,
				8C8AE0E7196787B3007787ED /* KSBasicMapAnnotation.m in Sources */,
				8C8AE0E1196787B3007787ED /* UIColor+Darkening.m in Sources */,
				8C8AE0DA196787B3007787ED /* NSString+DateConversion.m in Sources */,
				8C8AE0E2196787B3007787ED /* UIScrollView+Shortcuts.m in Sources */,
				8C8AE0D5196787B3007787ED /* MKMapView+Zoom.m in Sources */,
				8C8AE0E6196787B3007787ED /* KSAutocomplete.m in Sources */,
				8C8AE0DD196787B3007787ED /* NSString+Random.m in Sources */,
				8C8AE0EE196787B3007787ED /* KSIAPManager.m in Sources */,
				8C8AE0F0196787B3007787ED /* KSMacrosBlocks.m in Sources */,
				8C8AE0E4196787B3007787ED /* KSActionView.m in Sources */,
				8C8AE0DF196787B3007787ED /* UIAcceleration+DeviceAngle.m in Sources */,
				8C8AE0E0196787B3007787ED /* UIBarButtonItem+CustomImage.m in Sources */,
				8C8AE0DC196787B3007787ED /* NSString+Numeric.m in Sources */,
				8C8AE0DB196787B3007787ED /* NSString+Digest.m in Sources */,
				8C8AE0E3196787B3007787ED /* UIWebView+Activity.m in Sources */,
				8C8AE0E9196787B3007787ED /* KSCIDictionary.m in Sources */,
				8C8AE0EA196787B3007787ED /* KSEditEnder.m in Sources */,
				8C8AE0D4196787B3007787ED /* CALayer+Borders.m in Sources */,
				8C8AE0EC196787B3007787ED /* KSGridViewCell.m in Sources */,
				8C8AE0EB196787B3007787ED /* KSGridView.m in Sources */,
				8C8AE0DE196787B3007787ED /* NSTimer+Pause.m in Sources */,
				8C8AE0D9196787B3007787ED /* NSMutableArray+Shuffling.m in Sources */,
				8C8AE0D6196787B3007787ED /* NSArray+Occurrences.m in Sources */,
				8C8AE0E5196787B3007787ED /* KSAdvancedPicker.m in Sources */,
			);
			runOnlyForDeploymentPostprocessing = 0;
		};
		8C8AE0391967878E007787ED /* Sources */ = {
			isa = PBXSourcesBuildPhase;
			buildActionMask = 2147483647;
			files = (
				8C8AE0F919678958007787ED /* KSCIDictionaryTests.m in Sources */,
			);
			runOnlyForDeploymentPostprocessing = 0;
		};
/* End PBXSourcesBuildPhase section */

/* Begin PBXTargetDependency section */
		8C8AE0421967878E007787ED /* PBXTargetDependency */ = {
			isa = PBXTargetDependency;
			target = 8C8AE02F1967878E007787ED /* Components */;
			targetProxy = 8C8AE0411967878E007787ED /* PBXContainerItemProxy */;
		};
/* End PBXTargetDependency section */

/* Begin PBXVariantGroup section */
		8C2C55AA146750E70065A877 /* InfoPlist.strings */ = {
			isa = PBXVariantGroup;
			children = (
				8C2C55AB146750E70065A877 /* en */,
			);
			name = InfoPlist.strings;
			sourceTree = "<group>";
		};
		8C4D3D0C146756170093F771 /* ViewController_iPad.xib */ = {
			isa = PBXVariantGroup;
			children = (
				8C4D3D0D146756170093F771 /* en */,
			);
			name = ViewController_iPad.xib;
			sourceTree = "<group>";
		};
		8C4D3D0E146756170093F771 /* ViewController_iPhone.xib */ = {
			isa = PBXVariantGroup;
			children = (
				8C4D3D0F146756170093F771 /* en */,
			);
			name = ViewController_iPhone.xib;
			sourceTree = "<group>";
		};
		8C4D3D10146756170093F771 /* Window_iPad.xib */ = {
			isa = PBXVariantGroup;
			children = (
				8C4D3D11146756170093F771 /* en */,
			);
			name = Window_iPad.xib;
			sourceTree = "<group>";
		};
		8C4D3D12146756170093F771 /* Window_iPhone.xib */ = {
			isa = PBXVariantGroup;
			children = (
				8C4D3D13146756170093F771 /* en */,
			);
			name = Window_iPhone.xib;
			sourceTree = "<group>";
		};
		8C8AE0471967878E007787ED /* InfoPlist.strings */ = {
			isa = PBXVariantGroup;
			children = (
				8C8AE0481967878E007787ED /* en */,
			);
			name = InfoPlist.strings;
			sourceTree = "<group>";
		};
/* End PBXVariantGroup section */

/* Begin XCBuildConfiguration section */
		8C2C55B3146750E70065A877 /* Debug */ = {
			isa = XCBuildConfiguration;
			buildSettings = {
				ALWAYS_SEARCH_USER_PATHS = NO;
				CLANG_ENABLE_OBJC_ARC = YES;
				CLANG_WARN_BOOL_CONVERSION = YES;
				CLANG_WARN_CONSTANT_CONVERSION = YES;
				CLANG_WARN_EMPTY_BODY = YES;
				CLANG_WARN_ENUM_CONVERSION = YES;
				CLANG_WARN_INT_CONVERSION = YES;
				CLANG_WARN_UNREACHABLE_CODE = YES;
				CLANG_WARN__DUPLICATE_METHOD_MATCH = YES;
				CODE_SIGN_IDENTITY = "iPhone Developer";
				COPY_PHASE_STRIP = NO;
				ENABLE_STRICT_OBJC_MSGSEND = YES;
				GCC_C_LANGUAGE_STANDARD = gnu99;
				GCC_DYNAMIC_NO_PIC = NO;
				GCC_OPTIMIZATION_LEVEL = 0;
				GCC_PREPROCESSOR_DEFINITIONS = (
					"DEBUG=1",
					"$(inherited)",
				);
				GCC_SYMBOLS_PRIVATE_EXTERN = NO;
				GCC_VERSION = com.apple.compilers.llvm.clang.1_0;
				GCC_WARN_64_TO_32_BIT_CONVERSION = YES;
				GCC_WARN_ABOUT_MISSING_PROTOTYPES = YES;
				GCC_WARN_ABOUT_RETURN_TYPE = YES;
				GCC_WARN_UNDECLARED_SELECTOR = YES;
				GCC_WARN_UNINITIALIZED_AUTOS = YES;
				GCC_WARN_UNUSED_FUNCTION = YES;
				GCC_WARN_UNUSED_VARIABLE = YES;
				IPHONEOS_DEPLOYMENT_TARGET = 4.3;
				ONLY_ACTIVE_ARCH = YES;
				PROVISIONING_PROFILE = "";
				SDKROOT = iphoneos;
				TARGETED_DEVICE_FAMILY = "1,2";
			};
			name = Debug;
		};
		8C2C55B4146750E70065A877 /* Release */ = {
			isa = XCBuildConfiguration;
			buildSettings = {
				ALWAYS_SEARCH_USER_PATHS = NO;
				CLANG_ENABLE_OBJC_ARC = YES;
				CLANG_WARN_BOOL_CONVERSION = YES;
				CLANG_WARN_CONSTANT_CONVERSION = YES;
				CLANG_WARN_EMPTY_BODY = YES;
				CLANG_WARN_ENUM_CONVERSION = YES;
				CLANG_WARN_INT_CONVERSION = YES;
				CLANG_WARN_UNREACHABLE_CODE = YES;
				CLANG_WARN__DUPLICATE_METHOD_MATCH = YES;
				CODE_SIGN_IDENTITY = "iPhone Developer";
				COPY_PHASE_STRIP = YES;
				ENABLE_STRICT_OBJC_MSGSEND = YES;
				GCC_C_LANGUAGE_STANDARD = gnu99;
				GCC_VERSION = com.apple.compilers.llvm.clang.1_0;
				GCC_WARN_64_TO_32_BIT_CONVERSION = YES;
				GCC_WARN_ABOUT_MISSING_PROTOTYPES = YES;
				GCC_WARN_ABOUT_RETURN_TYPE = YES;
				GCC_WARN_UNDECLARED_SELECTOR = YES;
				GCC_WARN_UNINITIALIZED_AUTOS = YES;
				GCC_WARN_UNUSED_FUNCTION = YES;
				GCC_WARN_UNUSED_VARIABLE = YES;
				IPHONEOS_DEPLOYMENT_TARGET = 4.3;
				OTHER_CFLAGS = "-DNS_BLOCK_ASSERTIONS=1";
				PROVISIONING_PROFILE = "";
				SDKROOT = iphoneos;
				TARGETED_DEVICE_FAMILY = "1,2";
				VALIDATE_PRODUCT = YES;
			};
			name = Release;
		};
		8C2C55B6146750E70065A877 /* Debug */ = {
			isa = XCBuildConfiguration;
			buildSettings = {
				GCC_PRECOMPILE_PREFIX_HEADER = YES;
				GCC_PREFIX_HEADER = "ComponentsDemo/Components-Prefix.pch";
				INFOPLIST_FILE = "ComponentsDemo/Components-Info.plist";
				OTHER_LDFLAGS = "-ObjC";
				PRODUCT_NAME = ComponentsDemo;
				WRAPPER_EXTENSION = app;
			};
			name = Debug;
		};
		8C2C55B7146750E70065A877 /* Release */ = {
			isa = XCBuildConfiguration;
			buildSettings = {
				GCC_PRECOMPILE_PREFIX_HEADER = YES;
				GCC_PREFIX_HEADER = "ComponentsDemo/Components-Prefix.pch";
				INFOPLIST_FILE = "ComponentsDemo/Components-Info.plist";
				OTHER_LDFLAGS = "-ObjC";
				PRODUCT_NAME = ComponentsDemo;
				WRAPPER_EXTENSION = app;
			};
			name = Release;
		};
		8C8AE04D1967878E007787ED /* Debug */ = {
			isa = XCBuildConfiguration;
			buildSettings = {
				CLANG_CXX_LANGUAGE_STANDARD = "gnu++0x";
				CLANG_CXX_LIBRARY = "libc++";
				CLANG_ENABLE_MODULES = YES;
				CLANG_WARN_BOOL_CONVERSION = YES;
				CLANG_WARN_CONSTANT_CONVERSION = YES;
				CLANG_WARN_DIRECT_OBJC_ISA_USAGE = YES_ERROR;
				CLANG_WARN_EMPTY_BODY = YES;
				CLANG_WARN_ENUM_CONVERSION = YES;
				CLANG_WARN_INT_CONVERSION = YES;
				CLANG_WARN_OBJC_ROOT_CLASS = YES_ERROR;
				CLANG_WARN__DUPLICATE_METHOD_MATCH = YES;
				DSTROOT = /tmp/Components.dst;
				GCC_PRECOMPILE_PREFIX_HEADER = YES;
				GCC_PREFIX_HEADER = "Components/Components-Prefix.pch";
				GCC_PREPROCESSOR_DEFINITIONS = (
					"DEBUG=1",
					"$(inherited)",
				);
				GCC_WARN_64_TO_32_BIT_CONVERSION = YES;
				GCC_WARN_ABOUT_RETURN_TYPE = YES_ERROR;
				GCC_WARN_UNDECLARED_SELECTOR = YES;
				GCC_WARN_UNINITIALIZED_AUTOS = YES_AGGRESSIVE;
				GCC_WARN_UNUSED_FUNCTION = YES;
				IPHONEOS_DEPLOYMENT_TARGET = 7.1;
				ONLY_ACTIVE_ARCH = YES;
				OTHER_LDFLAGS = "-ObjC";
				PRODUCT_NAME = "$(TARGET_NAME)";
				SKIP_INSTALL = YES;
			};
			name = Debug;
		};
		8C8AE04E1967878E007787ED /* Release */ = {
			isa = XCBuildConfiguration;
			buildSettings = {
				CLANG_CXX_LANGUAGE_STANDARD = "gnu++0x";
				CLANG_CXX_LIBRARY = "libc++";
				CLANG_ENABLE_MODULES = YES;
				CLANG_WARN_BOOL_CONVERSION = YES;
				CLANG_WARN_CONSTANT_CONVERSION = YES;
				CLANG_WARN_DIRECT_OBJC_ISA_USAGE = YES_ERROR;
				CLANG_WARN_EMPTY_BODY = YES;
				CLANG_WARN_ENUM_CONVERSION = YES;
				CLANG_WARN_INT_CONVERSION = YES;
				CLANG_WARN_OBJC_ROOT_CLASS = YES_ERROR;
				CLANG_WARN__DUPLICATE_METHOD_MATCH = YES;
				DSTROOT = /tmp/Components.dst;
				ENABLE_NS_ASSERTIONS = NO;
				GCC_PRECOMPILE_PREFIX_HEADER = YES;
				GCC_PREFIX_HEADER = "Components/Components-Prefix.pch";
				GCC_WARN_64_TO_32_BIT_CONVERSION = YES;
				GCC_WARN_ABOUT_RETURN_TYPE = YES_ERROR;
				GCC_WARN_UNDECLARED_SELECTOR = YES;
				GCC_WARN_UNINITIALIZED_AUTOS = YES_AGGRESSIVE;
				GCC_WARN_UNUSED_FUNCTION = YES;
				IPHONEOS_DEPLOYMENT_TARGET = 7.1;
				OTHER_LDFLAGS = "-ObjC";
				PRODUCT_NAME = "$(TARGET_NAME)";
				SKIP_INSTALL = YES;
			};
			name = Release;
		};
		8C8AE0501967878E007787ED /* Debug */ = {
			isa = XCBuildConfiguration;
			buildSettings = {
				CLANG_CXX_LANGUAGE_STANDARD = "gnu++0x";
				CLANG_CXX_LIBRARY = "libc++";
				CLANG_ENABLE_MODULES = YES;
				CLANG_WARN_BOOL_CONVERSION = YES;
				CLANG_WARN_CONSTANT_CONVERSION = YES;
				CLANG_WARN_DIRECT_OBJC_ISA_USAGE = YES_ERROR;
				CLANG_WARN_EMPTY_BODY = YES;
				CLANG_WARN_ENUM_CONVERSION = YES;
				CLANG_WARN_INT_CONVERSION = YES;
				CLANG_WARN_OBJC_ROOT_CLASS = YES_ERROR;
				CLANG_WARN__DUPLICATE_METHOD_MATCH = YES;
				FRAMEWORK_SEARCH_PATHS = (
					"$(SDKROOT)/Developer/Library/Frameworks",
					"$(inherited)",
					"$(DEVELOPER_FRAMEWORKS_DIR)",
				);
				GCC_PRECOMPILE_PREFIX_HEADER = YES;
				GCC_PREFIX_HEADER = "Components/Components-Prefix.pch";
				GCC_PREPROCESSOR_DEFINITIONS = (
					"DEBUG=1",
					"$(inherited)",
				);
				GCC_WARN_64_TO_32_BIT_CONVERSION = YES;
				GCC_WARN_ABOUT_RETURN_TYPE = YES_ERROR;
				GCC_WARN_UNDECLARED_SELECTOR = YES;
				GCC_WARN_UNINITIALIZED_AUTOS = YES_AGGRESSIVE;
				GCC_WARN_UNUSED_FUNCTION = YES;
				INFOPLIST_FILE = "ComponentsTests/ComponentsTests-Info.plist";
				IPHONEOS_DEPLOYMENT_TARGET = 7.1;
				ONLY_ACTIVE_ARCH = YES;
				PRODUCT_NAME = "$(TARGET_NAME)";
				WRAPPER_EXTENSION = xctest;
			};
			name = Debug;
		};
		8C8AE0511967878E007787ED /* Release */ = {
			isa = XCBuildConfiguration;
			buildSettings = {
				CLANG_CXX_LANGUAGE_STANDARD = "gnu++0x";
				CLANG_CXX_LIBRARY = "libc++";
				CLANG_ENABLE_MODULES = YES;
				CLANG_WARN_BOOL_CONVERSION = YES;
				CLANG_WARN_CONSTANT_CONVERSION = YES;
				CLANG_WARN_DIRECT_OBJC_ISA_USAGE = YES_ERROR;
				CLANG_WARN_EMPTY_BODY = YES;
				CLANG_WARN_ENUM_CONVERSION = YES;
				CLANG_WARN_INT_CONVERSION = YES;
				CLANG_WARN_OBJC_ROOT_CLASS = YES_ERROR;
				CLANG_WARN__DUPLICATE_METHOD_MATCH = YES;
				ENABLE_NS_ASSERTIONS = NO;
				FRAMEWORK_SEARCH_PATHS = (
					"$(SDKROOT)/Developer/Library/Frameworks",
					"$(inherited)",
					"$(DEVELOPER_FRAMEWORKS_DIR)",
				);
				GCC_PRECOMPILE_PREFIX_HEADER = YES;
				GCC_PREFIX_HEADER = "Components/Components-Prefix.pch";
				GCC_WARN_64_TO_32_BIT_CONVERSION = YES;
				GCC_WARN_ABOUT_RETURN_TYPE = YES_ERROR;
				GCC_WARN_UNDECLARED_SELECTOR = YES;
				GCC_WARN_UNINITIALIZED_AUTOS = YES_AGGRESSIVE;
				GCC_WARN_UNUSED_FUNCTION = YES;
				INFOPLIST_FILE = "ComponentsTests/ComponentsTests-Info.plist";
				IPHONEOS_DEPLOYMENT_TARGET = 7.1;
				PRODUCT_NAME = "$(TARGET_NAME)";
				WRAPPER_EXTENSION = xctest;
			};
			name = Release;
		};
/* End XCBuildConfiguration section */

/* Begin XCConfigurationList section */
		8C2C5597146750E70065A877 /* Build configuration list for PBXProject "Components" */ = {
			isa = XCConfigurationList;
			buildConfigurations = (
				8C2C55B3146750E70065A877 /* Debug */,
				8C2C55B4146750E70065A877 /* Release */,
			);
			defaultConfigurationIsVisible = 0;
			defaultConfigurationName = Release;
		};
		8C2C55B5146750E70065A877 /* Build configuration list for PBXNativeTarget "ComponentsDemo" */ = {
			isa = XCConfigurationList;
			buildConfigurations = (
				8C2C55B6146750E70065A877 /* Debug */,
				8C2C55B7146750E70065A877 /* Release */,
			);
			defaultConfigurationIsVisible = 0;
			defaultConfigurationName = Release;
		};
		8C8AE04C1967878E007787ED /* Build configuration list for PBXNativeTarget "Components" */ = {
			isa = XCConfigurationList;
			buildConfigurations = (
				8C8AE04D1967878E007787ED /* Debug */,
				8C8AE04E1967878E007787ED /* Release */,
			);
			defaultConfigurationIsVisible = 0;
			defaultConfigurationName = Release;
		};
		8C8AE04F1967878E007787ED /* Build configuration list for PBXNativeTarget "ComponentsTests" */ = {
			isa = XCConfigurationList;
			buildConfigurations = (
				8C8AE0501967878E007787ED /* Debug */,
				8C8AE0511967878E007787ED /* Release */,
			);
			defaultConfigurationIsVisible = 0;
			defaultConfigurationName = Release;
		};
/* End XCConfigurationList section */
	};
	rootObject = 8C2C5594146750E70065A877 /* Project object */;
}
